{
  "version": 4,
  "terraform_version": "1.14.0",
  "serial": 107,
  "lineage": "84e2e3da-bc54-d05f-eb28-d807935af5af",
  "outputs": {},
  "resources": [
    {
      "mode": "data",
      "type": "aws_ami",
      "name": "ubuntu",
      "provider": "provider[\"registry.terraform.io/hashicorp/aws\"]",
      "instances": [
        {
          "schema_version": 0,
          "attributes": {
            "allow_unsafe_filter": null,
            "architecture": "x86_64",
            "arn": "arn:aws:ec2:us-east-1::image/ami-0030e4319cbf4dbf2",
            "block_device_mappings": [
              {
                "device_name": "/dev/sda1",
                "ebs": {
                  "delete_on_termination": "true",
                  "encrypted": "false",
                  "iops": "0",
                  "snapshot_id": "snap-010008dab571f972a",
                  "throughput": "0",
                  "volume_initialization_rate": "0",
                  "volume_size": "8",
                  "volume_type": "gp2"
                },
                "no_device": "",
                "virtual_name": ""
              },
              {
                "device_name": "/dev/sdb",
                "ebs": {},
                "no_device": "",
                "virtual_name": "ephemeral0"
              },
              {
                "device_name": "/dev/sdc",
                "ebs": {},
                "no_device": "",
                "virtual_name": "ephemeral1"
              }
            ],
            "boot_mode": "uefi-preferred",
            "creation_date": "2025-12-12T06:54:36.000Z",
            "deprecation_time": "2027-12-12T06:54:36.000Z",
            "description": "Canonical, Ubuntu, 22.04, amd64 jammy image",
            "ena_support": true,
            "executable_users": null,
            "filter": [
              {
                "name": "name",
                "values": [
                  "ubuntu/images/hvm-ssd/ubuntu-jammy-22.04-amd64-server-*"
                ]
              },
              {
                "name": "virtualization-type",
                "values": [
                  "hvm"
                ]
              }
            ],
            "hypervisor": "xen",
            "id": "ami-0030e4319cbf4dbf2",
            "image_id": "ami-0030e4319cbf4dbf2",
            "image_location": "amazon/ubuntu/images/hvm-ssd/ubuntu-jammy-22.04-amd64-server-20251212",
            "image_owner_alias": "amazon",
            "image_type": "machine",
            "imds_support": "",
            "include_deprecated": false,
            "kernel_id": "",
            "last_launched_time": "",
            "most_recent": true,
            "name": "ubuntu/images/hvm-ssd/ubuntu-jammy-22.04-amd64-server-20251212",
            "name_regex": null,
            "owner_id": "099720109477",
            "owners": [
              "099720109477"
            ],
            "platform": "",
            "platform_details": "Linux/UNIX",
            "product_codes": [],
            "public": true,
            "ramdisk_id": "",
            "region": "us-east-1",
            "root_device_name": "/dev/sda1",
            "root_device_type": "ebs",
            "root_snapshot_id": "snap-010008dab571f972a",
            "sriov_net_support": "simple",
            "state": "available",
            "state_reason": {
              "code": "UNSET",
              "message": "UNSET"
            },
            "tags": {},
            "timeouts": null,
            "tpm_support": "",
            "uefi_data": null,
            "usage_operation": "RunInstances",
            "virtualization_type": "hvm"
          },
          "sensitive_attributes": [],
          "identity_schema_version": 0
        }
      ]
    },
    {
      "mode": "data",
      "type": "aws_availability_zones",
      "name": "available",
      "provider": "provider[\"registry.terraform.io/hashicorp/aws\"]",
      "instances": [
        {
          "schema_version": 0,
          "attributes": {
            "all_availability_zones": null,
            "exclude_names": null,
            "exclude_zone_ids": null,
            "filter": null,
            "group_names": [
              "us-east-1-zg-1"
            ],
            "id": "us-east-1",
            "names": [
              "us-east-1a",
              "us-east-1b",
              "us-east-1c",
              "us-east-1d",
              "us-east-1e",
              "us-east-1f"
            ],
            "region": "us-east-1",
            "state": "available",
            "timeouts": null,
            "zone_ids": [
              "use1-az6",
              "use1-az1",
              "use1-az2",
              "use1-az4",
              "use1-az3",
              "use1-az5"
            ]
          },
          "sensitive_attributes": [],
          "identity_schema_version": 0
        }
      ]
    },
    {
      "module": "module.alb",
      "mode": "managed",
      "type": "aws_lb_target_group",
      "name": "ms",
      "provider": "provider[\"registry.terraform.io/hashicorp/aws\"]",
      "instances": [
        {
          "index_key": "svc1",
          "schema_version": 0,
          "attributes": {
            "arn": "arn:aws:elasticloadbalancing:us-east-1:512411987939:targetgroup/pi-infra-development-user-svc1-t/be9e65c1ad5ecd4d",
            "arn_suffix": "targetgroup/pi-infra-development-user-svc1-t/be9e65c1ad5ecd4d",
            "connection_termination": null,
            "deregistration_delay": "300",
            "health_check": [
              {
                "enabled": true,
                "healthy_threshold": 2,
                "interval": 15,
                "matcher": "200-399",
                "path": "/health",
                "port": "traffic-port",
                "protocol": "HTTP",
                "timeout": 5,
                "unhealthy_threshold": 2
              }
            ],
            "id": "arn:aws:elasticloadbalancing:us-east-1:512411987939:targetgroup/pi-infra-development-user-svc1-t/be9e65c1ad5ecd4d",
            "ip_address_type": "ipv4",
            "lambda_multi_value_headers_enabled": false,
            "load_balancer_arns": [
              "arn:aws:elasticloadbalancing:us-east-1:512411987939:loadbalancer/app/pi-infra-development-user-alb/d25cc88e1a3de43c"
            ],
            "load_balancing_algorithm_type": "round_robin",
            "load_balancing_anomaly_mitigation": "off",
            "load_balancing_cross_zone_enabled": "use_load_balancer_configuration",
            "name": "pi-infra-development-user-svc1-t",
            "name_prefix": "",
            "port": 8081,
            "preserve_client_ip": null,
            "protocol": "HTTP",
            "protocol_version": "HTTP1",
            "proxy_protocol_v2": false,
            "region": "us-east-1",
            "slow_start": 0,
            "stickiness": [
              {
                "cookie_duration": 86400,
                "cookie_name": "",
                "enabled": false,
                "type": "lb_cookie"
              }
            ],
            "tags": {
              "Name": "pi-infra-development-user-svc1-tg"
            },
            "tags_all": {
              "Environment": "development",
              "ManagedBy": "terraform",
              "Name": "pi-infra-development-user-svc1-tg",
              "Project": "pi-infra",
              "Team": "MACC"
            },
            "target_control_port": 0,
            "target_failover": [
              {
                "on_deregistration": null,
                "on_unhealthy": null
              }
            ],
            "target_group_health": [
              {
                "dns_failover": [
                  {
                    "minimum_healthy_targets_count": "1",
                    "minimum_healthy_targets_percentage": "off"
                  }
                ],
                "unhealthy_state_routing": [
                  {
                    "minimum_healthy_targets_count": 1,
                    "minimum_healthy_targets_percentage": "off"
                  }
                ]
              }
            ],
            "target_health_state": [
              {
                "enable_unhealthy_connection_termination": null,
                "unhealthy_draining_interval": null
              }
            ],
            "target_type": "instance",
            "vpc_id": "vpc-031eb93780473fa5c"
          },
          "sensitive_attributes": [],
          "identity_schema_version": 0,
          "identity": {
            "arn": "arn:aws:elasticloadbalancing:us-east-1:512411987939:targetgroup/pi-infra-development-user-svc1-t/be9e65c1ad5ecd4d"
          },
          "private": "bnVsbA==",
          "dependencies": [
            "module.network.aws_vpc.main"
          ]
        },
        {
          "index_key": "svc2",
          "schema_version": 0,
          "attributes": {
            "arn": "arn:aws:elasticloadbalancing:us-east-1:512411987939:targetgroup/pi-infra-development-user-svc2-t/6bbd47c0f6da60e0",
            "arn_suffix": "targetgroup/pi-infra-development-user-svc2-t/6bbd47c0f6da60e0",
            "connection_termination": null,
            "deregistration_delay": "300",
            "health_check": [
              {
                "enabled": true,
                "healthy_threshold": 2,
                "interval": 15,
                "matcher": "200-399",
                "path": "/health",
                "port": "traffic-port",
                "protocol": "HTTP",
                "timeout": 5,
                "unhealthy_threshold": 2
              }
            ],
            "id": "arn:aws:elasticloadbalancing:us-east-1:512411987939:targetgroup/pi-infra-development-user-svc2-t/6bbd47c0f6da60e0",
            "ip_address_type": "ipv4",
            "lambda_multi_value_headers_enabled": false,
            "load_balancer_arns": [
              "arn:aws:elasticloadbalancing:us-east-1:512411987939:loadbalancer/app/pi-infra-development-user-alb/d25cc88e1a3de43c"
            ],
            "load_balancing_algorithm_type": "round_robin",
            "load_balancing_anomaly_mitigation": "off",
            "load_balancing_cross_zone_enabled": "use_load_balancer_configuration",
            "name": "pi-infra-development-user-svc2-t",
            "name_prefix": "",
            "port": 8082,
            "preserve_client_ip": null,
            "protocol": "HTTP",
            "protocol_version": "HTTP1",
            "proxy_protocol_v2": false,
            "region": "us-east-1",
            "slow_start": 0,
            "stickiness": [
              {
                "cookie_duration": 86400,
                "cookie_name": "",
                "enabled": false,
                "type": "lb_cookie"
              }
            ],
            "tags": {
              "Name": "pi-infra-development-user-svc2-tg"
            },
            "tags_all": {
              "Environment": "development",
              "ManagedBy": "terraform",
              "Name": "pi-infra-development-user-svc2-tg",
              "Project": "pi-infra",
              "Team": "MACC"
            },
            "target_control_port": 0,
            "target_failover": [
              {
                "on_deregistration": null,
                "on_unhealthy": null
              }
            ],
            "target_group_health": [
              {
                "dns_failover": [
                  {
                    "minimum_healthy_targets_count": "1",
                    "minimum_healthy_targets_percentage": "off"
                  }
                ],
                "unhealthy_state_routing": [
                  {
                    "minimum_healthy_targets_count": 1,
                    "minimum_healthy_targets_percentage": "off"
                  }
                ]
              }
            ],
            "target_health_state": [
              {
                "enable_unhealthy_connection_termination": null,
                "unhealthy_draining_interval": null
              }
            ],
            "target_type": "instance",
            "vpc_id": "vpc-031eb93780473fa5c"
          },
          "sensitive_attributes": [],
          "identity_schema_version": 0,
          "identity": {
            "arn": "arn:aws:elasticloadbalancing:us-east-1:512411987939:targetgroup/pi-infra-development-user-svc2-t/6bbd47c0f6da60e0"
          },
          "private": "bnVsbA==",
          "dependencies": [
            "module.network.aws_vpc.main"
          ]
        },
        {
          "index_key": "svc3",
          "schema_version": 0,
          "attributes": {
            "arn": "arn:aws:elasticloadbalancing:us-east-1:512411987939:targetgroup/pi-infra-development-user-svc3-t/4f7fe1af49013738",
            "arn_suffix": "targetgroup/pi-infra-development-user-svc3-t/4f7fe1af49013738",
            "connection_termination": null,
            "deregistration_delay": "300",
            "health_check": [
              {
                "enabled": true,
                "healthy_threshold": 2,
                "interval": 15,
                "matcher": "200-399",
                "path": "/health",
                "port": "traffic-port",
                "protocol": "HTTP",
                "timeout": 5,
                "unhealthy_threshold": 2
              }
            ],
            "id": "arn:aws:elasticloadbalancing:us-east-1:512411987939:targetgroup/pi-infra-development-user-svc3-t/4f7fe1af49013738",
            "ip_address_type": "ipv4",
            "lambda_multi_value_headers_enabled": false,
            "load_balancer_arns": [
              "arn:aws:elasticloadbalancing:us-east-1:512411987939:loadbalancer/app/pi-infra-development-user-alb/d25cc88e1a3de43c"
            ],
            "load_balancing_algorithm_type": "round_robin",
            "load_balancing_anomaly_mitigation": "off",
            "load_balancing_cross_zone_enabled": "use_load_balancer_configuration",
            "name": "pi-infra-development-user-svc3-t",
            "name_prefix": "",
            "port": 8083,
            "preserve_client_ip": null,
            "protocol": "HTTP",
            "protocol_version": "HTTP1",
            "proxy_protocol_v2": false,
            "region": "us-east-1",
            "slow_start": 0,
            "stickiness": [
              {
                "cookie_duration": 86400,
                "cookie_name": "",
                "enabled": false,
                "type": "lb_cookie"
              }
            ],
            "tags": {
              "Name": "pi-infra-development-user-svc3-tg"
            },
            "tags_all": {
              "Environment": "development",
              "ManagedBy": "terraform",
              "Name": "pi-infra-development-user-svc3-tg",
              "Project": "pi-infra",
              "Team": "MACC"
            },
            "target_control_port": 0,
            "target_failover": [
              {
                "on_deregistration": null,
                "on_unhealthy": null
              }
            ],
            "target_group_health": [
              {
                "dns_failover": [
                  {
                    "minimum_healthy_targets_count": "1",
                    "minimum_healthy_targets_percentage": "off"
                  }
                ],
                "unhealthy_state_routing": [
                  {
                    "minimum_healthy_targets_count": 1,
                    "minimum_healthy_targets_percentage": "off"
                  }
                ]
              }
            ],
            "target_health_state": [
              {
                "enable_unhealthy_connection_termination": null,
                "unhealthy_draining_interval": null
              }
            ],
            "target_type": "instance",
            "vpc_id": "vpc-031eb93780473fa5c"
          },
          "sensitive_attributes": [],
          "identity_schema_version": 0,
          "identity": {
            "arn": "arn:aws:elasticloadbalancing:us-east-1:512411987939:targetgroup/pi-infra-development-user-svc3-t/4f7fe1af49013738"
          },
          "private": "bnVsbA==",
          "dependencies": [
            "module.network.aws_vpc.main"
          ]
        }
      ]
    },
    {
      "module": "module.microservices",
      "mode": "managed",
      "type": "aws_autoscaling_group",
      "name": "ms",
      "provider": "provider[\"registry.terraform.io/hashicorp/aws\"]",
      "instances": [
        {
          "index_key": "svc1",
          "schema_version": 1,
          "attributes": {
            "arn": "arn:aws:autoscaling:us-east-1:512411987939:autoScalingGroup:5721678d-38a1-4101-a0f7-dfdd3fef9aca:autoScalingGroupName/pi-infra-development-user-svc1-asg",
            "availability_zone_distribution": [
              {
                "capacity_distribution_strategy": "balanced-best-effort"
              }
            ],
            "availability_zones": [
              "us-east-1a",
              "us-east-1b"
            ],
            "capacity_rebalance": false,
            "capacity_reservation_specification": [
              {
                "capacity_reservation_preference": "default",
                "capacity_reservation_target": []
              }
            ],
            "context": "",
            "default_cooldown": 300,
            "default_instance_warmup": 0,
            "desired_capacity": 2,
            "desired_capacity_type": "",
            "enabled_metrics": [],
            "force_delete": false,
            "force_delete_warm_pool": false,
            "health_check_grace_period": 60,
            "health_check_type": "ELB",
            "id": "pi-infra-development-user-svc1-asg",
            "ignore_failed_scaling_activities": false,
            "initial_lifecycle_hook": [],
            "instance_maintenance_policy": [],
            "instance_refresh": [],
            "launch_configuration": "",
            "launch_template": [
              {
                "id": "lt-0b1b97bccc3e79f7a",
                "name": "pi-infra-development-user-svc1-lt-2026010612585488350000000b",
                "version": "$Latest"
              }
            ],
            "load_balancers": [],
            "max_instance_lifetime": 0,
            "max_size": 4,
            "metrics_granularity": "1Minute",
            "min_elb_capacity": null,
            "min_size": 2,
            "mixed_instances_policy": [],
            "name": "pi-infra-development-user-svc1-asg",
            "name_prefix": "",
            "placement_group": "",
            "predicted_capacity": 0,
            "protect_from_scale_in": false,
            "region": "us-east-1",
            "service_linked_role_arn": "arn:aws:iam::512411987939:role/aws-service-role/autoscaling.amazonaws.com/AWSServiceRoleForAutoScaling",
            "suspended_processes": [],
            "tag": [
              {
                "key": "Name",
                "propagate_at_launch": true,
                "value": "pi-infra-development-user-svc1"
              }
            ],
            "target_group_arns": [
              "arn:aws:elasticloadbalancing:us-east-1:512411987939:targetgroup/pi-infra-development-user-svc1-t/be9e65c1ad5ecd4d"
            ],
            "termination_policies": [],
            "timeouts": null,
            "traffic_source": [
              {
                "identifier": "arn:aws:elasticloadbalancing:us-east-1:512411987939:targetgroup/pi-infra-development-user-svc1-t/be9e65c1ad5ecd4d",
                "type": "elbv2"
              }
            ],
            "vpc_zone_identifier": [
              "subnet-0f9e9d649171944d6",
              "subnet-0fa71f72e6e7bfc25"
            ],
            "wait_for_capacity_timeout": "10m",
            "wait_for_elb_capacity": null,
            "warm_pool": [],
            "warm_pool_size": 0
          },
          "sensitive_attributes": [],
          "identity_schema_version": 0,
          "private": "eyJlMmJmYjczMC1lY2FhLTExZTYtOGY4OC0zNDM2M2JjN2M0YzAiOnsiZGVsZXRlIjo2MDAwMDAwMDAwMDAsInVwZGF0ZSI6NjAwMDAwMDAwMDAwfSwic2NoZW1hX3ZlcnNpb24iOiIxIn0=",
          "dependencies": [
            "data.aws_ami.ubuntu",
            "data.aws_availability_zones.available",
            "module.alb.aws_lb_target_group.ms",
            "module.microservices.aws_launch_template.ms",
            "module.network.aws_subnet.private_az1",
            "module.network.aws_subnet.private_az2",
            "module.network.aws_vpc.main",
            "module.security_groups.aws_security_group.microservices"
          ]
        },
        {
          "index_key": "svc2",
          "schema_version": 1,
          "attributes": {
            "arn": "arn:aws:autoscaling:us-east-1:512411987939:autoScalingGroup:b8149300-1b15-474a-9360-3de339b98d1a:autoScalingGroupName/pi-infra-development-user-svc2-asg",
            "availability_zone_distribution": [
              {
                "capacity_distribution_strategy": "balanced-best-effort"
              }
            ],
            "availability_zones": [
              "us-east-1a",
              "us-east-1b"
            ],
            "capacity_rebalance": false,
            "capacity_reservation_specification": [
              {
                "capacity_reservation_preference": "default",
                "capacity_reservation_target": []
              }
            ],
            "context": "",
            "default_cooldown": 300,
            "default_instance_warmup": 0,
            "desired_capacity": 2,
            "desired_capacity_type": "",
            "enabled_metrics": [],
            "force_delete": false,
            "force_delete_warm_pool": false,
            "health_check_grace_period": 60,
            "health_check_type": "ELB",
            "id": "pi-infra-development-user-svc2-asg",
            "ignore_failed_scaling_activities": false,
            "initial_lifecycle_hook": [],
            "instance_maintenance_policy": [],
            "instance_refresh": [],
            "launch_configuration": "",
            "launch_template": [
              {
                "id": "lt-0e123947e63ed84b7",
                "name": "pi-infra-development-user-svc2-lt-20260106125854822000000009",
                "version": "$Latest"
              }
            ],
            "load_balancers": [],
            "max_instance_lifetime": 0,
            "max_size": 4,
            "metrics_granularity": "1Minute",
            "min_elb_capacity": null,
            "min_size": 2,
            "mixed_instances_policy": [],
            "name": "pi-infra-development-user-svc2-asg",
            "name_prefix": "",
            "placement_group": "",
            "predicted_capacity": 0,
            "protect_from_scale_in": false,
            "region": "us-east-1",
            "service_linked_role_arn": "arn:aws:iam::512411987939:role/aws-service-role/autoscaling.amazonaws.com/AWSServiceRoleForAutoScaling",
            "suspended_processes": [],
            "tag": [
              {
                "key": "Name",
                "propagate_at_launch": true,
                "value": "pi-infra-development-user-svc2"
              }
            ],
            "target_group_arns": [
              "arn:aws:elasticloadbalancing:us-east-1:512411987939:targetgroup/pi-infra-development-user-svc2-t/6bbd47c0f6da60e0"
            ],
            "termination_policies": [],
            "timeouts": null,
            "traffic_source": [
              {
                "identifier": "arn:aws:elasticloadbalancing:us-east-1:512411987939:targetgroup/pi-infra-development-user-svc2-t/6bbd47c0f6da60e0",
                "type": "elbv2"
              }
            ],
            "vpc_zone_identifier": [
              "subnet-0f9e9d649171944d6",
              "subnet-0fa71f72e6e7bfc25"
            ],
            "wait_for_capacity_timeout": "10m",
            "wait_for_elb_capacity": null,
            "warm_pool": [],
            "warm_pool_size": 0
          },
          "sensitive_attributes": [],
          "identity_schema_version": 0,
          "private": "eyJlMmJmYjczMC1lY2FhLTExZTYtOGY4OC0zNDM2M2JjN2M0YzAiOnsiZGVsZXRlIjo2MDAwMDAwMDAwMDAsInVwZGF0ZSI6NjAwMDAwMDAwMDAwfSwic2NoZW1hX3ZlcnNpb24iOiIxIn0=",
          "dependencies": [
            "data.aws_ami.ubuntu",
            "data.aws_availability_zones.available",
            "module.alb.aws_lb_target_group.ms",
            "module.microservices.aws_launch_template.ms",
            "module.network.aws_subnet.private_az1",
            "module.network.aws_subnet.private_az2",
            "module.network.aws_vpc.main",
            "module.security_groups.aws_security_group.microservices"
          ]
        },
        {
          "index_key": "svc3",
          "schema_version": 1,
          "attributes": {
            "arn": "arn:aws:autoscaling:us-east-1:512411987939:autoScalingGroup:45ba0148-fefa-48d4-9b2b-0ae72603a96d:autoScalingGroupName/pi-infra-development-user-svc3-asg",
            "availability_zone_distribution": [
              {
                "capacity_distribution_strategy": "balanced-best-effort"
              }
            ],
            "availability_zones": [
              "us-east-1a",
              "us-east-1b"
            ],
            "capacity_rebalance": false,
            "capacity_reservation_specification": [
              {
                "capacity_reservation_preference": "default",
                "capacity_reservation_target": []
              }
            ],
            "context": "",
            "default_cooldown": 300,
            "default_instance_warmup": 0,
            "desired_capacity": 2,
            "desired_capacity_type": "",
            "enabled_metrics": [],
            "force_delete": false,
            "force_delete_warm_pool": false,
            "health_check_grace_period": 60,
            "health_check_type": "ELB",
            "id": "pi-infra-development-user-svc3-asg",
            "ignore_failed_scaling_activities": false,
            "initial_lifecycle_hook": [],
            "instance_maintenance_policy": [],
            "instance_refresh": [],
            "launch_configuration": "",
            "launch_template": [
              {
                "id": "lt-0d63ad0d1f53b6ef1",
                "name": "pi-infra-development-user-svc3-lt-20260106125854808200000007",
                "version": "$Latest"
              }
            ],
            "load_balancers": [],
            "max_instance_lifetime": 0,
            "max_size": 4,
            "metrics_granularity": "1Minute",
            "min_elb_capacity": null,
            "min_size": 2,
            "mixed_instances_policy": [],
            "name": "pi-infra-development-user-svc3-asg",
            "name_prefix": "",
            "placement_group": "",
            "predicted_capacity": 0,
            "protect_from_scale_in": false,
            "region": "us-east-1",
            "service_linked_role_arn": "arn:aws:iam::512411987939:role/aws-service-role/autoscaling.amazonaws.com/AWSServiceRoleForAutoScaling",
            "suspended_processes": [],
            "tag": [
              {
                "key": "Name",
                "propagate_at_launch": true,
                "value": "pi-infra-development-user-svc3"
              }
            ],
            "target_group_arns": [
              "arn:aws:elasticloadbalancing:us-east-1:512411987939:targetgroup/pi-infra-development-user-svc3-t/4f7fe1af49013738"
            ],
            "termination_policies": [],
            "timeouts": null,
            "traffic_source": [
              {
                "identifier": "arn:aws:elasticloadbalancing:us-east-1:512411987939:targetgroup/pi-infra-development-user-svc3-t/4f7fe1af49013738",
                "type": "elbv2"
              }
            ],
            "vpc_zone_identifier": [
              "subnet-0f9e9d649171944d6",
              "subnet-0fa71f72e6e7bfc25"
            ],
            "wait_for_capacity_timeout": "10m",
            "wait_for_elb_capacity": null,
            "warm_pool": [],
            "warm_pool_size": 0
          },
          "sensitive_attributes": [],
          "identity_schema_version": 0,
          "private": "eyJlMmJmYjczMC1lY2FhLTExZTYtOGY4OC0zNDM2M2JjN2M0YzAiOnsiZGVsZXRlIjo2MDAwMDAwMDAwMDAsInVwZGF0ZSI6NjAwMDAwMDAwMDAwfSwic2NoZW1hX3ZlcnNpb24iOiIxIn0=",
          "dependencies": [
            "data.aws_ami.ubuntu",
            "data.aws_availability_zones.available",
            "module.alb.aws_lb_target_group.ms",
            "module.microservices.aws_launch_template.ms",
            "module.network.aws_subnet.private_az1",
            "module.network.aws_subnet.private_az2",
            "module.network.aws_vpc.main",
            "module.security_groups.aws_security_group.microservices"
          ]
        }
      ]
    },
    {
      "module": "module.microservices",
      "mode": "managed",
      "type": "aws_launch_template",
      "name": "ms",
      "provider": "provider[\"registry.terraform.io/hashicorp/aws\"]",
      "instances": [
        {
          "index_key": "svc1",
          "schema_version": 1,
          "attributes": {
            "arn": "arn:aws:ec2:us-east-1:512411987939:launch-template/lt-0b1b97bccc3e79f7a",
            "block_device_mappings": [],
            "capacity_reservation_specification": [],
            "cpu_options": [],
            "credit_specification": [],
            "default_version": 1,
            "description": "",
            "disable_api_stop": false,
            "disable_api_termination": false,
            "ebs_optimized": "",
            "enclave_options": [],
            "hibernation_options": [],
            "iam_instance_profile": [],
            "id": "lt-0b1b97bccc3e79f7a",
            "image_id": "ami-0030e4319cbf4dbf2",
            "instance_initiated_shutdown_behavior": "",
            "instance_market_options": [],
            "instance_requirements": [],
            "instance_type": "t2.micro",
            "kernel_id": "",
            "key_name": "vockey",
            "latest_version": 1,
            "license_specification": [],
            "maintenance_options": [],
            "metadata_options": [],
            "monitoring": [],
            "name": "pi-infra-development-user-svc1-lt-2026010612585488350000000b",
            "name_prefix": "pi-infra-development-user-svc1-lt-",
            "network_interfaces": [],
            "placement": [],
            "private_dns_name_options": [],
            "ram_disk_id": "",
            "region": "us-east-1",
            "security_group_names": [],
            "tag_specifications": [
              {
                "resource_type": "instance",
                "tags": {
                  "Name": "pi-infra-development-user-svc1",
                  "Role": "microservice",
                  "Svc": "svc1"
                }
              }
            ],
            "tags": {},
            "tags_all": {
              "Environment": "development",
              "ManagedBy": "terraform",
              "Project": "pi-infra",
              "Team": "MACC"
            },
            "update_default_version": null,
            "user_data": "IyEvYmluL2Jhc2gNCnNldCAtZQ0KDQphcHQtZ2V0IHVwZGF0ZSAteQ0KYXB0LWdldCBpbnN0YWxsIC15IHB5dGhvbjMNCg0KY2F0ID4vdXNyL2xvY2FsL2Jpbi9zdmMxLnB5IDw8J1BZJw0KZnJvbSBodHRwLnNlcnZlciBpbXBvcnQgQmFzZUhUVFBSZXF1ZXN0SGFuZGxlciwgSFRUUFNlcnZlcg0KaW1wb3J0IG9zDQppbXBvcnQgc29ja2V0DQoNCk5BTUUgPSBvcy5lbnZpcm9uLmdldCgiU1ZDX05BTUUiLCAic3ZjIikNClBPUlQgPSBpbnQob3MuZW52aXJvbi5nZXQoIlNWQ19QT1JUIiwgIjgwODAiKSkNCkhPU1ROQU1FID0gc29ja2V0LmdldGhvc3RuYW1lKCkNCklQID0gc29ja2V0LmdldGhvc3RieW5hbWUoSE9TVE5BTUUpDQoNCmNsYXNzIEgoQmFzZUhUVFBSZXF1ZXN0SGFuZGxlcik6DQogICAgZGVmIGRvX0dFVChzZWxmKToNCiAgICAgICAgc2VsZi5zZW5kX3Jlc3BvbnNlKDIwMCkNCiAgICAgICAgc2VsZi5zZW5kX2hlYWRlcigiQ29udGVudC1UeXBlIiwgInRleHQvcGxhaW4iKQ0KICAgICAgICBzZWxmLmVuZF9oZWFkZXJzKCkNCg0KICAgICAgICBib2R5ID0gZiIiIg0Kc2VydmljZT17TkFNRX0NCmhvc3RuYW1lPXtIT1NUTkFNRX0NCmlwPXtJUH0NCnBvcnQ9e1BPUlR9DQpwYXRoPXtzZWxmLnBhdGh9DQoiIiINCiAgICAgICAgc2VsZi53ZmlsZS53cml0ZShib2R5LmVuY29kZSgpKQ0KDQogICAgZGVmIGxvZ19tZXNzYWdlKHNlbGYsIGZvcm1hdCwgKmFyZ3MpOg0KICAgICAgICByZXR1cm4NCg0KaWYgX19uYW1lX18gPT0gIl9fbWFpbl9fIjoNCiAgICBodHRwZCA9IEhUVFBTZXJ2ZXIoKCIwLjAuMC4wIiwgUE9SVCksIEgpDQogICAgaHR0cGQuc2VydmVfZm9yZXZlcigpDQpQWQ0KDQpjYXQgPi9ldGMvc3lzdGVtZC9zeXN0ZW0vc3ZjMS5zZXJ2aWNlIDw8U0VSVklDRQ0KW1VuaXRdDQpEZXNjcmlwdGlvbj1zdmMxIHNpbXBsZSBzZXJ2aWNlDQpBZnRlcj1uZXR3b3JrLnRhcmdldA0KDQpbU2VydmljZV0NCkVudmlyb25tZW50PVNWQ19OQU1FPXN2YzENCkVudmlyb25tZW50PVNWQ19QT1JUPTgwODENCkV4ZWNTdGFydD0vdXNyL2Jpbi9weXRob24zIC91c3IvbG9jYWwvYmluL3N2YzEucHkNClJlc3RhcnQ9YWx3YXlzDQoNCltJbnN0YWxsXQ0KV2FudGVkQnk9bXVsdGktdXNlci50YXJnZXQNClNFUlZJQ0UNCg0Kc3lzdGVtY3RsIGRhZW1vbi1yZWxvYWQNCnN5c3RlbWN0bCBlbmFibGUgc3ZjMQ0Kc3lzdGVtY3RsIHN0YXJ0IHN2YzENCg==",
            "vpc_security_group_ids": [
              "sg-0912bcd7ea6faff7c"
            ]
          },
          "sensitive_attributes": [],
          "identity_schema_version": 0,
          "private": "eyJzY2hlbWFfdmVyc2lvbiI6IjEifQ==",
          "dependencies": [
            "data.aws_ami.ubuntu",
            "module.network.aws_vpc.main",
            "module.security_groups.aws_security_group.microservices"
          ]
        },
        {
          "index_key": "svc2",
          "schema_version": 1,
          "attributes": {
            "arn": "arn:aws:ec2:us-east-1:512411987939:launch-template/lt-0e123947e63ed84b7",
            "block_device_mappings": [],
            "capacity_reservation_specification": [],
            "cpu_options": [],
            "credit_specification": [],
            "default_version": 1,
            "description": "",
            "disable_api_stop": false,
            "disable_api_termination": false,
            "ebs_optimized": "",
            "enclave_options": [],
            "hibernation_options": [],
            "iam_instance_profile": [],
            "id": "lt-0e123947e63ed84b7",
            "image_id": "ami-0030e4319cbf4dbf2",
            "instance_initiated_shutdown_behavior": "",
            "instance_market_options": [],
            "instance_requirements": [],
            "instance_type": "t2.micro",
            "kernel_id": "",
            "key_name": "vockey",
            "latest_version": 1,
            "license_specification": [],
            "maintenance_options": [],
            "metadata_options": [],
            "monitoring": [],
            "name": "pi-infra-development-user-svc2-lt-20260106125854822000000009",
            "name_prefix": "pi-infra-development-user-svc2-lt-",
            "network_interfaces": [],
            "placement": [],
            "private_dns_name_options": [],
            "ram_disk_id": "",
            "region": "us-east-1",
            "security_group_names": [],
            "tag_specifications": [
              {
                "resource_type": "instance",
                "tags": {
                  "Name": "pi-infra-development-user-svc2",
                  "Role": "microservice",
                  "Svc": "svc2"
                }
              }
            ],
            "tags": {},
            "tags_all": {
              "Environment": "development",
              "ManagedBy": "terraform",
              "Project": "pi-infra",
              "Team": "MACC"
            },
            "update_default_version": null,
            "user_data": "IyEvYmluL2Jhc2gNCnNldCAtZQ0KDQphcHQtZ2V0IHVwZGF0ZSAteQ0KYXB0LWdldCBpbnN0YWxsIC15IHB5dGhvbjMNCg0KY2F0ID4vdXNyL2xvY2FsL2Jpbi9zdmMyLnB5IDw8J1BZJw0KZnJvbSBodHRwLnNlcnZlciBpbXBvcnQgQmFzZUhUVFBSZXF1ZXN0SGFuZGxlciwgSFRUUFNlcnZlcg0KaW1wb3J0IG9zDQppbXBvcnQgc29ja2V0DQoNCk5BTUUgPSBvcy5lbnZpcm9uLmdldCgiU1ZDX05BTUUiLCAic3ZjIikNClBPUlQgPSBpbnQob3MuZW52aXJvbi5nZXQoIlNWQ19QT1JUIiwgIjgwODAiKSkNCkhPU1ROQU1FID0gc29ja2V0LmdldGhvc3RuYW1lKCkNCklQID0gc29ja2V0LmdldGhvc3RieW5hbWUoSE9TVE5BTUUpDQoNCmNsYXNzIEgoQmFzZUhUVFBSZXF1ZXN0SGFuZGxlcik6DQogICAgZGVmIGRvX0dFVChzZWxmKToNCiAgICAgICAgc2VsZi5zZW5kX3Jlc3BvbnNlKDIwMCkNCiAgICAgICAgc2VsZi5zZW5kX2hlYWRlcigiQ29udGVudC1UeXBlIiwgInRleHQvcGxhaW4iKQ0KICAgICAgICBzZWxmLmVuZF9oZWFkZXJzKCkNCg0KICAgICAgICBib2R5ID0gZiIiIg0Kc2VydmljZT17TkFNRX0NCmhvc3RuYW1lPXtIT1NUTkFNRX0NCmlwPXtJUH0NCnBvcnQ9e1BPUlR9DQpwYXRoPXtzZWxmLnBhdGh9DQoiIiINCiAgICAgICAgc2VsZi53ZmlsZS53cml0ZShib2R5LmVuY29kZSgpKQ0KDQogICAgZGVmIGxvZ19tZXNzYWdlKHNlbGYsIGZvcm1hdCwgKmFyZ3MpOg0KICAgICAgICByZXR1cm4NCg0KaWYgX19uYW1lX18gPT0gIl9fbWFpbl9fIjoNCiAgICBodHRwZCA9IEhUVFBTZXJ2ZXIoKCIwLjAuMC4wIiwgUE9SVCksIEgpDQogICAgaHR0cGQuc2VydmVfZm9yZXZlcigpDQpQWQ0KDQpjYXQgPi9ldGMvc3lzdGVtZC9zeXN0ZW0vc3ZjMi5zZXJ2aWNlIDw8U0VSVklDRQ0KW1VuaXRdDQpEZXNjcmlwdGlvbj1zdmMyIHNpbXBsZSBzZXJ2aWNlDQpBZnRlcj1uZXR3b3JrLnRhcmdldA0KDQpbU2VydmljZV0NCkVudmlyb25tZW50PVNWQ19OQU1FPXN2YzINCkVudmlyb25tZW50PVNWQ19QT1JUPTgwODINCkV4ZWNTdGFydD0vdXNyL2Jpbi9weXRob24zIC91c3IvbG9jYWwvYmluL3N2YzIucHkNClJlc3RhcnQ9YWx3YXlzDQoNCltJbnN0YWxsXQ0KV2FudGVkQnk9bXVsdGktdXNlci50YXJnZXQNClNFUlZJQ0UNCg0Kc3lzdGVtY3RsIGRhZW1vbi1yZWxvYWQNCnN5c3RlbWN0bCBlbmFibGUgc3ZjMg0Kc3lzdGVtY3RsIHN0YXJ0IHN2YzINCg==",
            "vpc_security_group_ids": [
              "sg-0912bcd7ea6faff7c"
            ]
          },
          "sensitive_attributes": [],
          "identity_schema_version": 0,
          "private": "eyJzY2hlbWFfdmVyc2lvbiI6IjEifQ==",
          "dependencies": [
            "data.aws_ami.ubuntu",
            "module.network.aws_vpc.main",
            "module.security_groups.aws_security_group.microservices"
          ]
        },
        {
          "index_key": "svc3",
          "schema_version": 1,
          "attributes": {
            "arn": "arn:aws:ec2:us-east-1:512411987939:launch-template/lt-0d63ad0d1f53b6ef1",
            "block_device_mappings": [],
            "capacity_reservation_specification": [],
            "cpu_options": [],
            "credit_specification": [],
            "default_version": 1,
            "description": "",
            "disable_api_stop": false,
            "disable_api_termination": false,
            "ebs_optimized": "",
            "enclave_options": [],
            "hibernation_options": [],
            "iam_instance_profile": [],
            "id": "lt-0d63ad0d1f53b6ef1",
            "image_id": "ami-0030e4319cbf4dbf2",
            "instance_initiated_shutdown_behavior": "",
            "instance_market_options": [],
            "instance_requirements": [],
            "instance_type": "t2.micro",
            "kernel_id": "",
            "key_name": "vockey",
            "latest_version": 1,
            "license_specification": [],
            "maintenance_options": [],
            "metadata_options": [],
            "monitoring": [],
            "name": "pi-infra-development-user-svc3-lt-20260106125854808200000007",
            "name_prefix": "pi-infra-development-user-svc3-lt-",
            "network_interfaces": [],
            "placement": [],
            "private_dns_name_options": [],
            "ram_disk_id": "",
            "region": "us-east-1",
            "security_group_names": [],
            "tag_specifications": [
              {
                "resource_type": "instance",
                "tags": {
                  "Name": "pi-infra-development-user-svc3",
                  "Role": "microservice",
                  "Svc": "svc3"
                }
              }
            ],
            "tags": {},
            "tags_all": {
              "Environment": "development",
              "ManagedBy": "terraform",
              "Project": "pi-infra",
              "Team": "MACC"
            },
            "update_default_version": null,
            "user_data": "IyEvYmluL2Jhc2gNCnNldCAtZQ0KDQphcHQtZ2V0IHVwZGF0ZSAteQ0KYXB0LWdldCBpbnN0YWxsIC15IHB5dGhvbjMNCg0KY2F0ID4vdXNyL2xvY2FsL2Jpbi9zdmMzLnB5IDw8J1BZJw0KZnJvbSBodHRwLnNlcnZlciBpbXBvcnQgQmFzZUhUVFBSZXF1ZXN0SGFuZGxlciwgSFRUUFNlcnZlcg0KaW1wb3J0IG9zDQppbXBvcnQgc29ja2V0DQoNCk5BTUUgPSBvcy5lbnZpcm9uLmdldCgiU1ZDX05BTUUiLCAic3ZjIikNClBPUlQgPSBpbnQob3MuZW52aXJvbi5nZXQoIlNWQ19QT1JUIiwgIjgwODAiKSkNCkhPU1ROQU1FID0gc29ja2V0LmdldGhvc3RuYW1lKCkNCklQID0gc29ja2V0LmdldGhvc3RieW5hbWUoSE9TVE5BTUUpDQoNCmNsYXNzIEgoQmFzZUhUVFBSZXF1ZXN0SGFuZGxlcik6DQogICAgZGVmIGRvX0dFVChzZWxmKToNCiAgICAgICAgc2VsZi5zZW5kX3Jlc3BvbnNlKDIwMCkNCiAgICAgICAgc2VsZi5zZW5kX2hlYWRlcigiQ29udGVudC1UeXBlIiwgInRleHQvcGxhaW4iKQ0KICAgICAgICBzZWxmLmVuZF9oZWFkZXJzKCkNCg0KICAgICAgICBib2R5ID0gZiIiIg0Kc2VydmljZT17TkFNRX0NCmhvc3RuYW1lPXtIT1NUTkFNRX0NCmlwPXtJUH0NCnBvcnQ9e1BPUlR9DQpwYXRoPXtzZWxmLnBhdGh9DQoiIiINCiAgICAgICAgc2VsZi53ZmlsZS53cml0ZShib2R5LmVuY29kZSgpKQ0KDQogICAgZGVmIGxvZ19tZXNzYWdlKHNlbGYsIGZvcm1hdCwgKmFyZ3MpOg0KICAgICAgICByZXR1cm4NCg0KaWYgX19uYW1lX18gPT0gIl9fbWFpbl9fIjoNCiAgICBodHRwZCA9IEhUVFBTZXJ2ZXIoKCIwLjAuMC4wIiwgUE9SVCksIEgpDQogICAgaHR0cGQuc2VydmVfZm9yZXZlcigpDQpQWQ0KDQpjYXQgPi9ldGMvc3lzdGVtZC9zeXN0ZW0vc3ZjMy5zZXJ2aWNlIDw8U0VSVklDRQ0KW1VuaXRdDQpEZXNjcmlwdGlvbj1zdmMzIHNpbXBsZSBzZXJ2aWNlDQpBZnRlcj1uZXR3b3JrLnRhcmdldA0KDQpbU2VydmljZV0NCkVudmlyb25tZW50PVNWQ19OQU1FPXN2YzMNCkVudmlyb25tZW50PVNWQ19QT1JUPTgwODMNCkV4ZWNTdGFydD0vdXNyL2Jpbi9weXRob24zIC91c3IvbG9jYWwvYmluL3N2YzMucHkNClJlc3RhcnQ9YWx3YXlzDQoNCltJbnN0YWxsXQ0KV2FudGVkQnk9bXVsdGktdXNlci50YXJnZXQNClNFUlZJQ0UNCg0Kc3lzdGVtY3RsIGRhZW1vbi1yZWxvYWQNCnN5c3RlbWN0bCBlbmFibGUgc3ZjMw0Kc3lzdGVtY3RsIHN0YXJ0IHN2YzMNCg==",
            "vpc_security_group_ids": [
              "sg-0912bcd7ea6faff7c"
            ]
          },
          "sensitive_attributes": [],
          "identity_schema_version": 0,
          "private": "eyJzY2hlbWFfdmVyc2lvbiI6IjEifQ==",
          "dependencies": [
            "data.aws_ami.ubuntu",
            "module.network.aws_vpc.main",
            "module.security_groups.aws_security_group.microservices"
          ]
        }
      ]
    },
    {
      "module": "module.network",
      "mode": "managed",
      "type": "aws_subnet",
      "name": "private_az1",
      "provider": "provider[\"registry.terraform.io/hashicorp/aws\"]",
      "instances": [
        {
          "schema_version": 1,
          "attributes": {
            "arn": "arn:aws:ec2:us-east-1:512411987939:subnet/subnet-0fa71f72e6e7bfc25",
            "assign_ipv6_address_on_creation": false,
            "availability_zone": "us-east-1a",
            "availability_zone_id": "use1-az6",
            "cidr_block": "10.0.10.0/24",
            "customer_owned_ipv4_pool": "",
            "enable_dns64": false,
            "enable_lni_at_device_index": 0,
            "enable_resource_name_dns_a_record_on_launch": false,
            "enable_resource_name_dns_aaaa_record_on_launch": false,
            "id": "subnet-0fa71f72e6e7bfc25",
            "ipv6_cidr_block": "",
            "ipv6_cidr_block_association_id": "",
            "ipv6_native": false,
            "map_customer_owned_ip_on_launch": false,
            "map_public_ip_on_launch": false,
            "outpost_arn": "",
            "owner_id": "512411987939",
            "private_dns_hostname_type_on_launch": "ip-name",
            "region": "us-east-1",
            "tags": {
              "Name": "pi-infra-development-user-private-az1",
              "Tier": "private"
            },
            "tags_all": {
              "Environment": "development",
              "ManagedBy": "terraform",
              "Name": "pi-infra-development-user-private-az1",
              "Project": "pi-infra",
              "Team": "MACC",
              "Tier": "private"
            },
            "timeouts": null,
            "vpc_id": "vpc-031eb93780473fa5c"
          },
          "sensitive_attributes": [],
          "identity_schema_version": 0,
          "identity": {
            "account_id": "512411987939",
            "id": "subnet-0fa71f72e6e7bfc25",
            "region": "us-east-1"
          },
          "private": "eyJlMmJmYjczMC1lY2FhLTExZTYtOGY4OC0zNDM2M2JjN2M0YzAiOnsiY3JlYXRlIjo2MDAwMDAwMDAwMDAsImRlbGV0ZSI6MTIwMDAwMDAwMDAwMH0sInNjaGVtYV92ZXJzaW9uIjoiMSJ9",
          "dependencies": [
            "data.aws_availability_zones.available",
            "module.network.aws_vpc.main"
          ]
        }
      ]
    },
    {
      "module": "module.network",
      "mode": "managed",
      "type": "aws_subnet",
      "name": "private_az2",
      "provider": "provider[\"registry.terraform.io/hashicorp/aws\"]",
      "instances": [
        {
          "schema_version": 1,
          "attributes": {
            "arn": "arn:aws:ec2:us-east-1:512411987939:subnet/subnet-0f9e9d649171944d6",
            "assign_ipv6_address_on_creation": false,
            "availability_zone": "us-east-1b",
            "availability_zone_id": "use1-az1",
            "cidr_block": "10.0.11.0/24",
            "customer_owned_ipv4_pool": "",
            "enable_dns64": false,
            "enable_lni_at_device_index": 0,
            "enable_resource_name_dns_a_record_on_launch": false,
            "enable_resource_name_dns_aaaa_record_on_launch": false,
            "id": "subnet-0f9e9d649171944d6",
            "ipv6_cidr_block": "",
            "ipv6_cidr_block_association_id": "",
            "ipv6_native": false,
            "map_customer_owned_ip_on_launch": false,
            "map_public_ip_on_launch": false,
            "outpost_arn": "",
            "owner_id": "512411987939",
            "private_dns_hostname_type_on_launch": "ip-name",
            "region": "us-east-1",
            "tags": {
              "Name": "pi-infra-development-user-private-az2",
              "Tier": "private"
            },
            "tags_all": {
              "Environment": "development",
              "ManagedBy": "terraform",
              "Name": "pi-infra-development-user-private-az2",
              "Project": "pi-infra",
              "Team": "MACC",
              "Tier": "private"
            },
            "timeouts": null,
            "vpc_id": "vpc-031eb93780473fa5c"
          },
          "sensitive_attributes": [],
          "identity_schema_version": 0,
          "identity": {
            "account_id": "512411987939",
            "id": "subnet-0f9e9d649171944d6",
            "region": "us-east-1"
          },
          "private": "eyJlMmJmYjczMC1lY2FhLTExZTYtOGY4OC0zNDM2M2JjN2M0YzAiOnsiY3JlYXRlIjo2MDAwMDAwMDAwMDAsImRlbGV0ZSI6MTIwMDAwMDAwMDAwMH0sInNjaGVtYV92ZXJzaW9uIjoiMSJ9",
          "dependencies": [
            "data.aws_availability_zones.available",
            "module.network.aws_vpc.main"
          ]
        }
      ]
    },
    {
      "module": "module.network",
      "mode": "managed",
      "type": "aws_vpc",
      "name": "main",
      "provider": "provider[\"registry.terraform.io/hashicorp/aws\"]",
      "instances": [
        {
          "schema_version": 1,
          "attributes": {
            "arn": "arn:aws:ec2:us-east-1:512411987939:vpc/vpc-031eb93780473fa5c",
            "assign_generated_ipv6_cidr_block": false,
            "cidr_block": "10.0.0.0/16",
            "default_network_acl_id": "acl-0d042908cb925c80c",
            "default_route_table_id": "rtb-00c09e47ab26fb190",
            "default_security_group_id": "sg-0ef5722cab3889aa0",
            "dhcp_options_id": "dopt-0070c6c47f80ee899",
            "enable_dns_hostnames": true,
            "enable_dns_support": true,
            "enable_network_address_usage_metrics": false,
            "id": "vpc-031eb93780473fa5c",
            "instance_tenancy": "default",
            "ipv4_ipam_pool_id": null,
            "ipv4_netmask_length": null,
            "ipv6_association_id": "",
            "ipv6_cidr_block": "",
            "ipv6_cidr_block_network_border_group": "",
            "ipv6_ipam_pool_id": "",
            "ipv6_netmask_length": 0,
            "main_route_table_id": "rtb-00c09e47ab26fb190",
            "owner_id": "512411987939",
            "region": "us-east-1",
            "tags": {
              "Name": "pi-infra-development-user-vpc"
            },
            "tags_all": {
              "Environment": "development",
              "ManagedBy": "terraform",
              "Name": "pi-infra-development-user-vpc",
              "Project": "pi-infra",
              "Team": "MACC"
            }
          },
          "sensitive_attributes": [],
          "identity_schema_version": 0,
          "identity": {
            "account_id": "512411987939",
            "id": "vpc-031eb93780473fa5c",
            "region": "us-east-1"
          },
          "private": "eyJzY2hlbWFfdmVyc2lvbiI6IjEifQ=="
        }
      ]
    },
    {
      "module": "module.rds",
      "mode": "managed",
      "type": "aws_db_subnet_group",
      "name": "rds",
      "provider": "provider[\"registry.terraform.io/hashicorp/aws\"]",
      "instances": [
        {
          "schema_version": 0,
          "attributes": {
            "arn": "arn:aws:rds:us-east-1:512411987939:subgrp:pi-infra-development-user-rds-subnets",
            "description": "Managed by Terraform",
            "id": "pi-infra-development-user-rds-subnets",
            "name": "pi-infra-development-user-rds-subnets",
            "name_prefix": "",
            "region": "us-east-1",
            "subnet_ids": [
              "subnet-0f9e9d649171944d6",
              "subnet-0fa71f72e6e7bfc25"
            ],
            "supported_network_types": [
              "IPV4"
            ],
            "tags": {
              "Name": "pi-infra-development-user-rds-subnets"
            },
            "tags_all": {
              "Environment": "development",
              "ManagedBy": "terraform",
              "Name": "pi-infra-development-user-rds-subnets",
              "Project": "pi-infra",
              "Team": "MACC"
            },
            "vpc_id": "vpc-031eb93780473fa5c"
          },
          "sensitive_attributes": [],
          "identity_schema_version": 0,
          "private": "bnVsbA==",
          "dependencies": [
            "data.aws_availability_zones.available",
            "module.network.aws_subnet.private_az1",
            "module.network.aws_subnet.private_az2",
            "module.network.aws_vpc.main"
          ]
        }
      ]
    },
    {
      "module": "module.rds",
      "mode": "managed",
      "type": "aws_rds_cluster",
      "name": "aurora",
      "provider": "provider[\"registry.terraform.io/hashicorp/aws\"]",
      "instances": [
        {
          "schema_version": 1,
          "attributes": {
            "allocated_storage": 1,
            "allow_major_version_upgrade": null,
            "apply_immediately": null,
            "arn": "arn:aws:rds:us-east-1:512411987939:cluster:pi-infra-development-user-aurora",
            "availability_zones": [
              "us-east-1a",
              "us-east-1b",
              "us-east-1c"
            ],
            "backtrack_window": 0,
            "backup_retention_period": 1,
            "ca_certificate_identifier": null,
            "ca_certificate_valid_till": null,
            "cluster_identifier": "pi-infra-development-user-aurora",
            "cluster_identifier_prefix": "",
            "cluster_members": [
              "pi-infra-development-user-aurora-0",
              "pi-infra-development-user-aurora-1",
              "pi-infra-development-user-aurora-2"
            ],
            "cluster_resource_id": "cluster-H5TOS7BHI4KMAXPK5TPAWCUT3Y",
            "cluster_scalability_type": "",
            "copy_tags_to_snapshot": false,
            "database_insights_mode": "standard",
            "database_name": "appdb",
            "db_cluster_instance_class": "",
            "db_cluster_parameter_group_name": "default.aurora-mysql8.0",
            "db_instance_parameter_group_name": null,
            "db_subnet_group_name": "pi-infra-development-user-rds-subnets",
            "db_system_id": "",
            "delete_automated_backups": true,
            "deletion_protection": false,
            "domain": "",
            "domain_iam_role_name": "",
            "enable_global_write_forwarding": false,
            "enable_http_endpoint": false,
            "enable_local_write_forwarding": false,
            "enabled_cloudwatch_logs_exports": [],
            "endpoint": "pi-infra-development-user-aurora.cluster-czzma5cly3ut.us-east-1.rds.amazonaws.com",
            "engine": "aurora-mysql",
            "engine_lifecycle_support": "open-source-rds-extended-support",
            "engine_mode": "provisioned",
            "engine_version": "8.0.mysql_aurora.3.08.2",
            "engine_version_actual": "8.0.mysql_aurora.3.08.2",
            "final_snapshot_identifier": null,
            "global_cluster_identifier": "",
            "hosted_zone_id": "Z2R2ITUGPM61AM",
            "iam_database_authentication_enabled": false,
            "iam_roles": [],
            "id": "pi-infra-development-user-aurora",
            "iops": 0,
            "kms_key_id": "",
            "manage_master_user_password": null,
            "master_password": "wpenat23",
            "master_password_wo": null,
            "master_password_wo_version": null,
            "master_user_secret": [],
            "master_user_secret_kms_key_id": null,
            "master_username": "admin",
            "monitoring_interval": 0,
            "monitoring_role_arn": "",
            "network_type": "IPV4",
            "performance_insights_enabled": false,
            "performance_insights_kms_key_id": "",
            "performance_insights_retention_period": 0,
            "port": 3306,
            "preferred_backup_window": "07:45-08:15",
            "preferred_maintenance_window": "sun:06:59-sun:07:29",
            "reader_endpoint": "pi-infra-development-user-aurora.cluster-ro-czzma5cly3ut.us-east-1.rds.amazonaws.com",
            "region": "us-east-1",
            "replication_source_identifier": "",
            "restore_to_point_in_time": [],
            "s3_import": [],
            "scaling_configuration": [],
            "serverlessv2_scaling_configuration": [],
            "skip_final_snapshot": true,
            "snapshot_identifier": null,
            "source_region": null,
            "storage_encrypted": false,
            "storage_type": "",
            "tags": {
              "Name": "pi-infra-development-user-aurora"
            },
            "tags_all": {
              "Environment": "development",
              "ManagedBy": "terraform",
              "Name": "pi-infra-development-user-aurora",
              "Project": "pi-infra",
              "Team": "MACC"
            },
            "timeouts": null,
            "upgrade_rollout_order": "second",
            "vpc_security_group_ids": [
              "sg-0d8ec550c71fa6640"
            ]
          },
          "sensitive_attributes": [
            [
              {
                "type": "get_attr",
                "value": "master_password"
              }
            ],
            [
              {
                "type": "get_attr",
                "value": "master_password_wo"
              }
            ]
          ],
          "identity_schema_version": 0,
          "private": "eyJlMmJmYjczMC1lY2FhLTExZTYtOGY4OC0zNDM2M2JjN2M0YzAiOnsiY3JlYXRlIjo3MjAwMDAwMDAwMDAwLCJkZWxldGUiOjcyMDAwMDAwMDAwMDAsInVwZGF0ZSI6NzIwMDAwMDAwMDAwMH0sInNjaGVtYV92ZXJzaW9uIjoiMSJ9",
          "dependencies": [
            "data.aws_availability_zones.available",
            "module.network.aws_subnet.private_az1",
            "module.network.aws_subnet.private_az2",
            "module.network.aws_vpc.main",
            "module.rds.aws_db_subnet_group.rds",
            "module.security_groups.aws_security_group.rds"
          ]
        }
      ]
    },
    {
      "module": "module.rds",
      "mode": "managed",
      "type": "aws_rds_cluster_instance",
      "name": "aurora_instances",
      "provider": "provider[\"registry.terraform.io/hashicorp/aws\"]",
      "instances": [
        {
          "index_key": 0,
          "schema_version": 0,
          "attributes": {
            "apply_immediately": null,
            "arn": "arn:aws:rds:us-east-1:512411987939:db:pi-infra-development-user-aurora-0",
            "auto_minor_version_upgrade": true,
            "availability_zone": "us-east-1a",
            "ca_cert_identifier": "rds-ca-rsa2048-g1",
            "cluster_identifier": "pi-infra-development-user-aurora",
            "copy_tags_to_snapshot": false,
            "custom_iam_instance_profile": "",
            "db_parameter_group_name": "default.aurora-mysql8.0",
            "db_subnet_group_name": "pi-infra-development-user-rds-subnets",
            "dbi_resource_id": "db-ISXON5FP3YCLCQSC6IVPZ7VX6U",
            "endpoint": "pi-infra-development-user-aurora-0.czzma5cly3ut.us-east-1.rds.amazonaws.com",
            "engine": "aurora-mysql",
            "engine_version": "8.0.mysql_aurora.3.08.2",
            "engine_version_actual": "8.0.mysql_aurora.3.08.2",
            "force_destroy": false,
            "id": "pi-infra-development-user-aurora-0",
            "identifier": "pi-infra-development-user-aurora-0",
            "identifier_prefix": "",
            "instance_class": "db.t3.medium",
            "kms_key_id": "",
            "monitoring_interval": 0,
            "monitoring_role_arn": "",
            "network_type": "IPV4",
            "performance_insights_enabled": false,
            "performance_insights_kms_key_id": "",
            "performance_insights_retention_period": 0,
            "port": 3306,
            "preferred_backup_window": "07:45-08:15",
            "preferred_maintenance_window": "sun:03:02-sun:03:32",
            "promotion_tier": 0,
            "publicly_accessible": false,
            "region": "us-east-1",
            "storage_encrypted": false,
            "tags": {
              "Name": "pi-infra-development-user-aurora-0"
            },
            "tags_all": {
              "Environment": "development",
              "ManagedBy": "terraform",
              "Name": "pi-infra-development-user-aurora-0",
              "Project": "pi-infra",
              "Team": "MACC"
            },
            "timeouts": null,
            "writer": true
          },
          "sensitive_attributes": [],
          "identity_schema_version": 0,
          "private": "eyJlMmJmYjczMC1lY2FhLTExZTYtOGY4OC0zNDM2M2JjN2M0YzAiOnsiY3JlYXRlIjo1NDAwMDAwMDAwMDAwLCJkZWxldGUiOjU0MDAwMDAwMDAwMDAsInVwZGF0ZSI6NTQwMDAwMDAwMDAwMH19",
          "dependencies": [
            "data.aws_availability_zones.available",
            "module.network.aws_subnet.private_az1",
            "module.network.aws_subnet.private_az2",
            "module.network.aws_vpc.main",
            "module.rds.aws_db_subnet_group.rds",
            "module.rds.aws_rds_cluster.aurora",
            "module.security_groups.aws_security_group.rds"
          ]
        },
        {
          "index_key": 1,
          "schema_version": 0,
          "attributes": {
            "apply_immediately": null,
            "arn": "arn:aws:rds:us-east-1:512411987939:db:pi-infra-development-user-aurora-1",
            "auto_minor_version_upgrade": true,
            "availability_zone": "us-east-1b",
            "ca_cert_identifier": "rds-ca-rsa2048-g1",
            "cluster_identifier": "pi-infra-development-user-aurora",
            "copy_tags_to_snapshot": false,
            "custom_iam_instance_profile": "",
            "db_parameter_group_name": "default.aurora-mysql8.0",
            "db_subnet_group_name": "pi-infra-development-user-rds-subnets",
            "dbi_resource_id": "db-5KSTVDPYUZU4FDPNCMGHN2B6HE",
            "endpoint": "pi-infra-development-user-aurora-1.czzma5cly3ut.us-east-1.rds.amazonaws.com",
            "engine": "aurora-mysql",
            "engine_version": "8.0.mysql_aurora.3.08.2",
            "engine_version_actual": "8.0.mysql_aurora.3.08.2",
            "force_destroy": false,
            "id": "pi-infra-development-user-aurora-1",
            "identifier": "pi-infra-development-user-aurora-1",
            "identifier_prefix": "",
            "instance_class": "db.t3.medium",
            "kms_key_id": "",
            "monitoring_interval": 0,
            "monitoring_role_arn": "",
            "network_type": "IPV4",
            "performance_insights_enabled": false,
            "performance_insights_kms_key_id": "",
            "performance_insights_retention_period": 0,
            "port": 3306,
            "preferred_backup_window": "07:45-08:15",
            "preferred_maintenance_window": "wed:09:27-wed:09:57",
            "promotion_tier": 0,
            "publicly_accessible": false,
            "region": "us-east-1",
            "storage_encrypted": false,
            "tags": {
              "Name": "pi-infra-development-user-aurora-1"
            },
            "tags_all": {
              "Environment": "development",
              "ManagedBy": "terraform",
              "Name": "pi-infra-development-user-aurora-1",
              "Project": "pi-infra",
              "Team": "MACC"
            },
            "timeouts": null,
            "writer": false
          },
          "sensitive_attributes": [],
          "identity_schema_version": 0,
          "private": "eyJlMmJmYjczMC1lY2FhLTExZTYtOGY4OC0zNDM2M2JjN2M0YzAiOnsiY3JlYXRlIjo1NDAwMDAwMDAwMDAwLCJkZWxldGUiOjU0MDAwMDAwMDAwMDAsInVwZGF0ZSI6NTQwMDAwMDAwMDAwMH19",
          "dependencies": [
            "data.aws_availability_zones.available",
            "module.network.aws_subnet.private_az1",
            "module.network.aws_subnet.private_az2",
            "module.network.aws_vpc.main",
            "module.rds.aws_db_subnet_group.rds",
            "module.rds.aws_rds_cluster.aurora",
            "module.security_groups.aws_security_group.rds"
          ]
        },
        {
          "index_key": 2,
          "schema_version": 0,
          "attributes": {
            "apply_immediately": null,
            "arn": "arn:aws:rds:us-east-1:512411987939:db:pi-infra-development-user-aurora-2",
            "auto_minor_version_upgrade": true,
            "availability_zone": "us-east-1a",
            "ca_cert_identifier": "rds-ca-rsa2048-g1",
            "cluster_identifier": "pi-infra-development-user-aurora",
            "copy_tags_to_snapshot": false,
            "custom_iam_instance_profile": "",
            "db_parameter_group_name": "default.aurora-mysql8.0",
            "db_subnet_group_name": "pi-infra-development-user-rds-subnets",
            "dbi_resource_id": "db-Z3XEJG3F5EZW2QRAIQCIKR4B54",
            "endpoint": "pi-infra-development-user-aurora-2.czzma5cly3ut.us-east-1.rds.amazonaws.com",
            "engine": "aurora-mysql",
            "engine_version": "8.0.mysql_aurora.3.08.2",
            "engine_version_actual": "8.0.mysql_aurora.3.08.2",
            "force_destroy": false,
            "id": "pi-infra-development-user-aurora-2",
            "identifier": "pi-infra-development-user-aurora-2",
            "identifier_prefix": "",
            "instance_class": "db.t3.medium",
            "kms_key_id": "",
            "monitoring_interval": 0,
            "monitoring_role_arn": "",
            "network_type": "IPV4",
            "performance_insights_enabled": false,
            "performance_insights_kms_key_id": "",
            "performance_insights_retention_period": 0,
            "port": 3306,
            "preferred_backup_window": "07:45-08:15",
            "preferred_maintenance_window": "wed:06:29-wed:06:59",
            "promotion_tier": 0,
            "publicly_accessible": false,
            "region": "us-east-1",
            "storage_encrypted": false,
            "tags": {
              "Name": "pi-infra-development-user-aurora-2"
            },
            "tags_all": {
              "Environment": "development",
              "ManagedBy": "terraform",
              "Name": "pi-infra-development-user-aurora-2",
              "Project": "pi-infra",
              "Team": "MACC"
            },
            "timeouts": null,
            "writer": false
          },
          "sensitive_attributes": [],
          "identity_schema_version": 0,
          "private": "eyJlMmJmYjczMC1lY2FhLTExZTYtOGY4OC0zNDM2M2JjN2M0YzAiOnsiY3JlYXRlIjo1NDAwMDAwMDAwMDAwLCJkZWxldGUiOjU0MDAwMDAwMDAwMDAsInVwZGF0ZSI6NTQwMDAwMDAwMDAwMH19",
          "dependencies": [
            "data.aws_availability_zones.available",
            "module.network.aws_subnet.private_az1",
            "module.network.aws_subnet.private_az2",
            "module.network.aws_vpc.main",
            "module.rds.aws_db_subnet_group.rds",
            "module.rds.aws_rds_cluster.aurora",
            "module.security_groups.aws_security_group.rds"
          ]
        }
      ]
    },
    {
      "module": "module.security_groups",
      "mode": "managed",
      "type": "aws_security_group",
      "name": "microservices",
      "provider": "provider[\"registry.terraform.io/hashicorp/aws\"]",
      "instances": [
        {
          "schema_version": 1,
          "attributes": {
            "arn": "arn:aws:ec2:us-east-1:512411987939:security-group/sg-0912bcd7ea6faff7c",
            "description": "Security group for microservices instances",
            "egress": [
              {
                "cidr_blocks": [
                  "0.0.0.0/0"
                ],
                "description": "Allow all outbound",
                "from_port": 0,
                "ipv6_cidr_blocks": [],
                "prefix_list_ids": [],
                "protocol": "-1",
                "security_groups": [],
                "self": false,
                "to_port": 0
              }
            ],
            "id": "sg-0912bcd7ea6faff7c",
            "ingress": [
              {
                "cidr_blocks": [],
                "description": "App port svc1 from ALB",
                "from_port": 8081,
                "ipv6_cidr_blocks": [],
                "prefix_list_ids": [],
                "protocol": "tcp",
                "security_groups": [
                  "sg-0ab865321af0aa6ce"
                ],
                "self": false,
                "to_port": 8081
              },
              {
                "cidr_blocks": [],
                "description": "App port svc2 from ALB",
                "from_port": 8082,
                "ipv6_cidr_blocks": [],
                "prefix_list_ids": [],
                "protocol": "tcp",
                "security_groups": [
                  "sg-0ab865321af0aa6ce"
                ],
                "self": false,
                "to_port": 8082
              },
              {
                "cidr_blocks": [],
                "description": "App port svc3 from ALB",
                "from_port": 8083,
                "ipv6_cidr_blocks": [],
                "prefix_list_ids": [],
                "protocol": "tcp",
                "security_groups": [
                  "sg-0ab865321af0aa6ce"
                ],
                "self": false,
                "to_port": 8083
              },
              {
                "cidr_blocks": [],
                "description": "SSH from NAT/Bastion",
                "from_port": 22,
                "ipv6_cidr_blocks": [],
                "prefix_list_ids": [],
                "protocol": "tcp",
                "security_groups": [
                  "sg-09c85a9ad0d602038"
                ],
                "self": false,
                "to_port": 22
              }
            ],
            "name": "pi-infra-development-user-ms-20260106125850709200000005",
            "name_prefix": "pi-infra-development-user-ms-",
            "owner_id": "512411987939",
            "region": "us-east-1",
            "revoke_rules_on_delete": false,
            "tags": {
              "Name": "pi-infra-development-user-microservices-sg"
            },
            "tags_all": {
              "Environment": "development",
              "ManagedBy": "terraform",
              "Name": "pi-infra-development-user-microservices-sg",
              "Project": "pi-infra",
              "Team": "MACC"
            },
            "timeouts": null,
            "vpc_id": "vpc-031eb93780473fa5c"
          },
          "sensitive_attributes": [],
          "identity_schema_version": 0,
          "identity": {
            "account_id": "512411987939",
            "id": "sg-0912bcd7ea6faff7c",
            "region": "us-east-1"
          },
          "private": "eyJlMmJmYjczMC1lY2FhLTExZTYtOGY4OC0zNDM2M2JjN2M0YzAiOnsiY3JlYXRlIjo2MDAwMDAwMDAwMDAsImRlbGV0ZSI6OTAwMDAwMDAwMDAwfSwic2NoZW1hX3ZlcnNpb24iOiIxIn0=",
          "dependencies": [
            "module.network.aws_vpc.main"
          ]
        }
      ]
    },
    {
      "module": "module.security_groups",
      "mode": "managed",
      "type": "aws_security_group",
      "name": "rds",
      "provider": "provider[\"registry.terraform.io/hashicorp/aws\"]",
      "instances": [
        {
          "schema_version": 1,
          "attributes": {
            "arn": "arn:aws:ec2:us-east-1:512411987939:security-group/sg-0d8ec550c71fa6640",
            "description": "Security group for Aurora cluster",
            "egress": [
              {
                "cidr_blocks": [
                  "0.0.0.0/0"
                ],
                "description": "Allow all outbound",
                "from_port": 0,
                "ipv6_cidr_blocks": [],
                "prefix_list_ids": [],
                "protocol": "-1",
                "security_groups": [],
                "self": false,
                "to_port": 0
              }
            ],
            "id": "sg-0d8ec550c71fa6640",
            "ingress": [
              {
                "cidr_blocks": [],
                "description": "MySQL from microservices",
                "from_port": 3306,
                "ipv6_cidr_blocks": [],
                "prefix_list_ids": [],
                "protocol": "tcp",
                "security_groups": [
                  "sg-0912bcd7ea6faff7c"
                ],
                "self": false,
                "to_port": 3306
              }
            ],
            "name": "pi-infra-development-user-rds-20260106125850708300000002",
            "name_prefix": "pi-infra-development-user-rds-",
            "owner_id": "512411987939",
            "region": "us-east-1",
            "revoke_rules_on_delete": false,
            "tags": {
              "Name": "pi-infra-development-user-rds-sg"
            },
            "tags_all": {
              "Environment": "development",
              "ManagedBy": "terraform",
              "Name": "pi-infra-development-user-rds-sg",
              "Project": "pi-infra",
              "Team": "MACC"
            },
            "timeouts": null,
            "vpc_id": "vpc-031eb93780473fa5c"
          },
          "sensitive_attributes": [],
          "identity_schema_version": 0,
          "identity": {
            "account_id": "512411987939",
            "id": "sg-0d8ec550c71fa6640",
            "region": "us-east-1"
          },
          "private": "eyJlMmJmYjczMC1lY2FhLTExZTYtOGY4OC0zNDM2M2JjN2M0YzAiOnsiY3JlYXRlIjo2MDAwMDAwMDAwMDAsImRlbGV0ZSI6OTAwMDAwMDAwMDAwfSwic2NoZW1hX3ZlcnNpb24iOiIxIn0=",
          "dependencies": [
            "module.network.aws_vpc.main"
          ]
        }
      ]
    }
  ],
  "check_results": null
}
