{
  "version": 4,
  "terraform_version": "1.14.0",
  "serial": 63,
  "lineage": "84e2e3da-bc54-d05f-eb28-d807935af5af",
  "outputs": {
    "alb_dns_name": {
      "value": "internal-pi-infra-development-user-alb-1230210696.us-east-1.elb.amazonaws.com",
      "type": "string"
    },
    "api_gateway_url": {
      "value": "https://scdm2lwhh5.execute-api.us-east-1.amazonaws.com",
      "type": "string"
    },
    "aurora_reader_endpoint": {
      "value": "pi-infra-development-user-aurora.cluster-ro-czzma5cly3ut.us-east-1.rds.amazonaws.com",
      "type": "string"
    },
    "aurora_writer_endpoint": {
      "value": "pi-infra-development-user-aurora.cluster-czzma5cly3ut.us-east-1.rds.amazonaws.com",
      "type": "string"
    },
    "nat_bastion_public_ip": {
      "value": "18.205.93.0",
      "type": "string"
    }
  },
  "resources": [
    {
      "mode": "data",
      "type": "aws_ami",
      "name": "debian_12",
      "provider": "provider[\"registry.terraform.io/hashicorp/aws\"]",
      "instances": [
        {
          "schema_version": 0,
          "attributes": {
            "allow_unsafe_filter": null,
            "architecture": "x86_64",
            "arn": "arn:aws:ec2:us-east-1::image/ami-0c526ffa455aee359",
            "block_device_mappings": [
              {
                "device_name": "/dev/xvda",
                "ebs": {
                  "delete_on_termination": "true",
                  "encrypted": "false",
                  "iops": "3000",
                  "snapshot_id": "snap-084654a382c97634c",
                  "throughput": "125",
                  "volume_initialization_rate": "0",
                  "volume_size": "8",
                  "volume_type": "gp3"
                },
                "no_device": "",
                "virtual_name": ""
              }
            ],
            "boot_mode": "",
            "creation_date": "2025-11-12T15:33:22.000Z",
            "deprecation_time": "2027-11-12T15:33:22.000Z",
            "description": "Debian 12 (20251112-2294)",
            "ena_support": true,
            "executable_users": null,
            "filter": [
              {
                "name": "name",
                "values": [
                  "debian-12-amd64-*"
                ]
              },
              {
                "name": "virtualization-type",
                "values": [
                  "hvm"
                ]
              }
            ],
            "hypervisor": "xen",
            "id": "ami-0c526ffa455aee359",
            "image_id": "ami-0c526ffa455aee359",
            "image_location": "amazon/debian-12-amd64-20251112-2294",
            "image_owner_alias": "amazon",
            "image_type": "machine",
            "imds_support": "",
            "include_deprecated": false,
            "kernel_id": "",
            "last_launched_time": "",
            "most_recent": true,
            "name": "debian-12-amd64-20251112-2294",
            "name_regex": null,
            "owner_id": "136693071363",
            "owners": [
              "136693071363"
            ],
            "platform": "",
            "platform_details": "Linux/UNIX",
            "product_codes": [],
            "public": true,
            "ramdisk_id": "",
            "region": "us-east-1",
            "root_device_name": "/dev/xvda",
            "root_device_type": "ebs",
            "root_snapshot_id": "snap-084654a382c97634c",
            "sriov_net_support": "simple",
            "state": "available",
            "state_reason": {
              "code": "UNSET",
              "message": "UNSET"
            },
            "tags": {},
            "timeouts": null,
            "tpm_support": "",
            "uefi_data": null,
            "usage_operation": "RunInstances",
            "virtualization_type": "hvm"
          },
          "sensitive_attributes": [],
          "identity_schema_version": 0
        }
      ]
    },
    {
      "mode": "data",
      "type": "aws_ami",
      "name": "ubuntu",
      "provider": "provider[\"registry.terraform.io/hashicorp/aws\"]",
      "instances": [
        {
          "schema_version": 0,
          "attributes": {
            "allow_unsafe_filter": null,
            "architecture": "x86_64",
            "arn": "arn:aws:ec2:us-east-1::image/ami-0030e4319cbf4dbf2",
            "block_device_mappings": [
              {
                "device_name": "/dev/sda1",
                "ebs": {
                  "delete_on_termination": "true",
                  "encrypted": "false",
                  "iops": "0",
                  "snapshot_id": "snap-010008dab571f972a",
                  "throughput": "0",
                  "volume_initialization_rate": "0",
                  "volume_size": "8",
                  "volume_type": "gp2"
                },
                "no_device": "",
                "virtual_name": ""
              },
              {
                "device_name": "/dev/sdb",
                "ebs": {},
                "no_device": "",
                "virtual_name": "ephemeral0"
              },
              {
                "device_name": "/dev/sdc",
                "ebs": {},
                "no_device": "",
                "virtual_name": "ephemeral1"
              }
            ],
            "boot_mode": "uefi-preferred",
            "creation_date": "2025-12-12T06:54:36.000Z",
            "deprecation_time": "2027-12-12T06:54:36.000Z",
            "description": "Canonical, Ubuntu, 22.04, amd64 jammy image",
            "ena_support": true,
            "executable_users": null,
            "filter": [
              {
                "name": "name",
                "values": [
                  "ubuntu/images/hvm-ssd/ubuntu-jammy-22.04-amd64-server-*"
                ]
              },
              {
                "name": "virtualization-type",
                "values": [
                  "hvm"
                ]
              }
            ],
            "hypervisor": "xen",
            "id": "ami-0030e4319cbf4dbf2",
            "image_id": "ami-0030e4319cbf4dbf2",
            "image_location": "amazon/ubuntu/images/hvm-ssd/ubuntu-jammy-22.04-amd64-server-20251212",
            "image_owner_alias": "amazon",
            "image_type": "machine",
            "imds_support": "",
            "include_deprecated": false,
            "kernel_id": "",
            "last_launched_time": "",
            "most_recent": true,
            "name": "ubuntu/images/hvm-ssd/ubuntu-jammy-22.04-amd64-server-20251212",
            "name_regex": null,
            "owner_id": "099720109477",
            "owners": [
              "099720109477"
            ],
            "platform": "",
            "platform_details": "Linux/UNIX",
            "product_codes": [],
            "public": true,
            "ramdisk_id": "",
            "region": "us-east-1",
            "root_device_name": "/dev/sda1",
            "root_device_type": "ebs",
            "root_snapshot_id": "snap-010008dab571f972a",
            "sriov_net_support": "simple",
            "state": "available",
            "state_reason": {
              "code": "UNSET",
              "message": "UNSET"
            },
            "tags": {},
            "timeouts": null,
            "tpm_support": "",
            "uefi_data": null,
            "usage_operation": "RunInstances",
            "virtualization_type": "hvm"
          },
          "sensitive_attributes": [],
          "identity_schema_version": 0
        }
      ]
    },
    {
      "mode": "data",
      "type": "aws_availability_zones",
      "name": "available",
      "provider": "provider[\"registry.terraform.io/hashicorp/aws\"]",
      "instances": [
        {
          "schema_version": 0,
          "attributes": {
            "all_availability_zones": null,
            "exclude_names": null,
            "exclude_zone_ids": null,
            "filter": null,
            "group_names": [
              "us-east-1-zg-1"
            ],
            "id": "us-east-1",
            "names": [
              "us-east-1a",
              "us-east-1b",
              "us-east-1c",
              "us-east-1d",
              "us-east-1e",
              "us-east-1f"
            ],
            "region": "us-east-1",
            "state": "available",
            "timeouts": null,
            "zone_ids": [
              "use1-az6",
              "use1-az1",
              "use1-az2",
              "use1-az4",
              "use1-az3",
              "use1-az5"
            ]
          },
          "sensitive_attributes": [],
          "identity_schema_version": 0
        }
      ]
    },
    {
      "mode": "managed",
      "type": "local_file",
      "name": "ansible_inventory_nat",
      "provider": "provider[\"registry.terraform.io/hashicorp/local\"]",
      "instances": [
        {
          "schema_version": 0,
          "attributes": {
            "content": "[nat_bastion]\r\n18.205.93.0 ansible_user=admin ansible_ssh_private_key_file=~/.ssh/labsuser.pem\r\n",
            "content_base64": null,
            "content_base64sha256": "lzo29r3/xYgtLYwBLJIk1SgxkLa+rivclGsjzYiXXig=",
            "content_base64sha512": "Rt3ayd98ybwIfsAN1kjKdJ+lssfm36/sB7Hbjct1/MW3WV7axPoiS7NOsHPamzCcoc2HHC7gmLGfFsadqHZT0g==",
            "content_md5": "3464816448693ce641161b5715ac8e26",
            "content_sha1": "aa7217a4c80856d4a12ac74aec2b6e48764ff83f",
            "content_sha256": "973a36f6bdffc5882d2d8c012c9224d5283190b6beae2bdc946b23cd88975e28",
            "content_sha512": "46dddac9df7cc9bc087ec00dd648ca749fa5b2c7e6dfafec07b1db8dcb75fcc5b7595edac4fa224bb34eb073da9b309ca1cd871c2ee098b19f16c69da87653d2",
            "directory_permission": "0777",
            "file_permission": "0777",
            "filename": "./../../../ansible/inventory/dev/hosts.ini",
            "id": "aa7217a4c80856d4a12ac74aec2b6e48764ff83f",
            "sensitive_content": null,
            "source": null
          },
          "sensitive_attributes": [
            [
              {
                "type": "get_attr",
                "value": "sensitive_content"
              }
            ]
          ],
          "identity_schema_version": 0,
          "dependencies": [
            "module.nat_bastion.aws_eip.nat_bastion"
          ]
        }
      ]
    },
    {
      "module": "module.alb",
      "mode": "managed",
      "type": "aws_lb",
      "name": "internal",
      "provider": "provider[\"registry.terraform.io/hashicorp/aws\"]",
      "instances": [
        {
          "schema_version": 0,
          "attributes": {
            "access_logs": [
              {
                "bucket": "",
                "enabled": false,
                "prefix": ""
              }
            ],
            "arn": "arn:aws:elasticloadbalancing:us-east-1:512411987939:loadbalancer/app/pi-infra-development-user-alb/d25cc88e1a3de43c",
            "arn_suffix": "app/pi-infra-development-user-alb/d25cc88e1a3de43c",
            "client_keep_alive": 3600,
            "connection_logs": [
              {
                "bucket": "",
                "enabled": false,
                "prefix": ""
              }
            ],
            "customer_owned_ipv4_pool": "",
            "desync_mitigation_mode": "defensive",
            "dns_name": "internal-pi-infra-development-user-alb-1230210696.us-east-1.elb.amazonaws.com",
            "dns_record_client_routing_policy": null,
            "drop_invalid_header_fields": false,
            "enable_cross_zone_load_balancing": true,
            "enable_deletion_protection": false,
            "enable_http2": true,
            "enable_tls_version_and_cipher_suite_headers": false,
            "enable_waf_fail_open": false,
            "enable_xff_client_port": false,
            "enable_zonal_shift": false,
            "enforce_security_group_inbound_rules_on_private_link_traffic": "",
            "health_check_logs": [
              {
                "bucket": "",
                "enabled": false,
                "prefix": ""
              }
            ],
            "id": "arn:aws:elasticloadbalancing:us-east-1:512411987939:loadbalancer/app/pi-infra-development-user-alb/d25cc88e1a3de43c",
            "idle_timeout": 60,
            "internal": true,
            "ip_address_type": "ipv4",
            "ipam_pools": [],
            "load_balancer_type": "application",
            "minimum_load_balancer_capacity": [],
            "name": "pi-infra-development-user-alb",
            "name_prefix": "",
            "preserve_host_header": false,
            "region": "us-east-1",
            "secondary_ips_auto_assigned_per_subnet": null,
            "security_groups": [
              "sg-0ab865321af0aa6ce"
            ],
            "subnet_mapping": [
              {
                "allocation_id": "",
                "ipv6_address": "",
                "outpost_id": "",
                "private_ipv4_address": "",
                "subnet_id": "subnet-0f9e9d649171944d6"
              },
              {
                "allocation_id": "",
                "ipv6_address": "",
                "outpost_id": "",
                "private_ipv4_address": "",
                "subnet_id": "subnet-0fa71f72e6e7bfc25"
              }
            ],
            "subnets": [
              "subnet-0f9e9d649171944d6",
              "subnet-0fa71f72e6e7bfc25"
            ],
            "tags": {
              "Name": "pi-infra-development-user-alb"
            },
            "tags_all": {
              "Environment": "development",
              "ManagedBy": "terraform",
              "Name": "pi-infra-development-user-alb",
              "Project": "pi-infra",
              "Team": "MACC"
            },
            "timeouts": null,
            "vpc_id": "vpc-031eb93780473fa5c",
            "xff_header_processing_mode": "append",
            "zone_id": "Z35SXDOTRQ7X7K"
          },
          "sensitive_attributes": [],
          "identity_schema_version": 0,
          "identity": {
            "arn": "arn:aws:elasticloadbalancing:us-east-1:512411987939:loadbalancer/app/pi-infra-development-user-alb/d25cc88e1a3de43c"
          },
          "private": "eyJlMmJmYjczMC1lY2FhLTExZTYtOGY4OC0zNDM2M2JjN2M0YzAiOnsiY3JlYXRlIjo2MDAwMDAwMDAwMDAsImRlbGV0ZSI6NjAwMDAwMDAwMDAwLCJ1cGRhdGUiOjYwMDAwMDAwMDAwMH19",
          "dependencies": [
            "data.aws_availability_zones.available",
            "module.network.aws_subnet.private_az1",
            "module.network.aws_subnet.private_az2",
            "module.network.aws_vpc.main",
            "module.security_groups.aws_security_group.alb"
          ]
        }
      ]
    },
    {
      "module": "module.alb",
      "mode": "managed",
      "type": "aws_lb_listener",
      "name": "http",
      "provider": "provider[\"registry.terraform.io/hashicorp/aws\"]",
      "instances": [
        {
          "schema_version": 0,
          "attributes": {
            "alpn_policy": null,
            "arn": "arn:aws:elasticloadbalancing:us-east-1:512411987939:listener/app/pi-infra-development-user-alb/d25cc88e1a3de43c/cb791609881fde00",
            "certificate_arn": null,
            "default_action": [
              {
                "authenticate_cognito": [],
                "authenticate_oidc": [],
                "fixed_response": [
                  {
                    "content_type": "text/plain",
                    "message_body": "OK - ALB default",
                    "status_code": "200"
                  }
                ],
                "forward": [],
                "jwt_validation": [],
                "order": 1,
                "redirect": [],
                "target_group_arn": "",
                "type": "fixed-response"
              }
            ],
            "id": "arn:aws:elasticloadbalancing:us-east-1:512411987939:listener/app/pi-infra-development-user-alb/d25cc88e1a3de43c/cb791609881fde00",
            "load_balancer_arn": "arn:aws:elasticloadbalancing:us-east-1:512411987939:loadbalancer/app/pi-infra-development-user-alb/d25cc88e1a3de43c",
            "mutual_authentication": [],
            "port": 80,
            "protocol": "HTTP",
            "region": "us-east-1",
            "routing_http_request_x_amzn_mtls_clientcert_header_name": null,
            "routing_http_request_x_amzn_mtls_clientcert_issuer_header_name": null,
            "routing_http_request_x_amzn_mtls_clientcert_leaf_header_name": null,
            "routing_http_request_x_amzn_mtls_clientcert_serial_number_header_name": null,
            "routing_http_request_x_amzn_mtls_clientcert_subject_header_name": null,
            "routing_http_request_x_amzn_mtls_clientcert_validity_header_name": null,
            "routing_http_request_x_amzn_tls_cipher_suite_header_name": null,
            "routing_http_request_x_amzn_tls_version_header_name": null,
            "routing_http_response_access_control_allow_credentials_header_value": "",
            "routing_http_response_access_control_allow_headers_header_value": "",
            "routing_http_response_access_control_allow_methods_header_value": "",
            "routing_http_response_access_control_allow_origin_header_value": "",
            "routing_http_response_access_control_expose_headers_header_value": "",
            "routing_http_response_access_control_max_age_header_value": "",
            "routing_http_response_content_security_policy_header_value": "",
            "routing_http_response_server_enabled": true,
            "routing_http_response_strict_transport_security_header_value": "",
            "routing_http_response_x_content_type_options_header_value": "",
            "routing_http_response_x_frame_options_header_value": "",
            "ssl_policy": "",
            "tags": null,
            "tags_all": {
              "Environment": "development",
              "ManagedBy": "terraform",
              "Project": "pi-infra",
              "Team": "MACC"
            },
            "tcp_idle_timeout_seconds": null,
            "timeouts": null
          },
          "sensitive_attributes": [],
          "identity_schema_version": 0,
          "identity": {
            "arn": "arn:aws:elasticloadbalancing:us-east-1:512411987939:listener/app/pi-infra-development-user-alb/d25cc88e1a3de43c/cb791609881fde00"
          },
          "private": "eyJlMmJmYjczMC1lY2FhLTExZTYtOGY4OC0zNDM2M2JjN2M0YzAiOnsiY3JlYXRlIjozMDAwMDAwMDAwMDAsInVwZGF0ZSI6MzAwMDAwMDAwMDAwfX0=",
          "dependencies": [
            "data.aws_availability_zones.available",
            "module.alb.aws_lb.internal",
            "module.network.aws_subnet.private_az1",
            "module.network.aws_subnet.private_az2",
            "module.network.aws_vpc.main",
            "module.security_groups.aws_security_group.alb"
          ]
        }
      ]
    },
    {
      "module": "module.alb",
      "mode": "managed",
      "type": "aws_lb_listener_rule",
      "name": "ms",
      "provider": "provider[\"registry.terraform.io/hashicorp/aws\"]",
      "instances": [
        {
          "index_key": "svc1",
          "schema_version": 0,
          "attributes": {
            "action": [
              {
                "authenticate_cognito": [],
                "authenticate_oidc": [],
                "fixed_response": [],
                "forward": [],
                "jwt_validation": [],
                "order": 1,
                "redirect": [],
                "target_group_arn": "arn:aws:elasticloadbalancing:us-east-1:512411987939:targetgroup/pi-infra-development-user-svc1-t/be9e65c1ad5ecd4d",
                "type": "forward"
              }
            ],
            "arn": "arn:aws:elasticloadbalancing:us-east-1:512411987939:listener-rule/app/pi-infra-development-user-alb/d25cc88e1a3de43c/cb791609881fde00/6835d9fa9f5f353f",
            "condition": [
              {
                "host_header": [],
                "http_header": [],
                "http_request_method": [],
                "path_pattern": [
                  {
                    "regex_values": [],
                    "values": [
                      "/svc1/*"
                    ]
                  }
                ],
                "query_string": [],
                "source_ip": []
              }
            ],
            "id": "arn:aws:elasticloadbalancing:us-east-1:512411987939:listener-rule/app/pi-infra-development-user-alb/d25cc88e1a3de43c/cb791609881fde00/6835d9fa9f5f353f",
            "listener_arn": "arn:aws:elasticloadbalancing:us-east-1:512411987939:listener/app/pi-infra-development-user-alb/d25cc88e1a3de43c/cb791609881fde00",
            "priority": 10,
            "region": "us-east-1",
            "tags": null,
            "tags_all": {
              "Environment": "development",
              "ManagedBy": "terraform",
              "Project": "pi-infra",
              "Team": "MACC"
            },
            "transform": []
          },
          "sensitive_attributes": [],
          "identity_schema_version": 0,
          "identity": {
            "arn": "arn:aws:elasticloadbalancing:us-east-1:512411987939:listener-rule/app/pi-infra-development-user-alb/d25cc88e1a3de43c/cb791609881fde00/6835d9fa9f5f353f"
          },
          "private": "bnVsbA==",
          "dependencies": [
            "data.aws_availability_zones.available",
            "module.alb.aws_lb.internal",
            "module.alb.aws_lb_listener.http",
            "module.alb.aws_lb_target_group.ms",
            "module.network.aws_subnet.private_az1",
            "module.network.aws_subnet.private_az2",
            "module.network.aws_vpc.main",
            "module.security_groups.aws_security_group.alb"
          ]
        },
        {
          "index_key": "svc2",
          "schema_version": 0,
          "attributes": {
            "action": [
              {
                "authenticate_cognito": [],
                "authenticate_oidc": [],
                "fixed_response": [],
                "forward": [],
                "jwt_validation": [],
                "order": 1,
                "redirect": [],
                "target_group_arn": "arn:aws:elasticloadbalancing:us-east-1:512411987939:targetgroup/pi-infra-development-user-svc2-t/6bbd47c0f6da60e0",
                "type": "forward"
              }
            ],
            "arn": "arn:aws:elasticloadbalancing:us-east-1:512411987939:listener-rule/app/pi-infra-development-user-alb/d25cc88e1a3de43c/cb791609881fde00/61082bd66d2f93fa",
            "condition": [
              {
                "host_header": [],
                "http_header": [],
                "http_request_method": [],
                "path_pattern": [
                  {
                    "regex_values": [],
                    "values": [
                      "/svc2/*"
                    ]
                  }
                ],
                "query_string": [],
                "source_ip": []
              }
            ],
            "id": "arn:aws:elasticloadbalancing:us-east-1:512411987939:listener-rule/app/pi-infra-development-user-alb/d25cc88e1a3de43c/cb791609881fde00/61082bd66d2f93fa",
            "listener_arn": "arn:aws:elasticloadbalancing:us-east-1:512411987939:listener/app/pi-infra-development-user-alb/d25cc88e1a3de43c/cb791609881fde00",
            "priority": 11,
            "region": "us-east-1",
            "tags": null,
            "tags_all": {
              "Environment": "development",
              "ManagedBy": "terraform",
              "Project": "pi-infra",
              "Team": "MACC"
            },
            "transform": []
          },
          "sensitive_attributes": [],
          "identity_schema_version": 0,
          "identity": {
            "arn": "arn:aws:elasticloadbalancing:us-east-1:512411987939:listener-rule/app/pi-infra-development-user-alb/d25cc88e1a3de43c/cb791609881fde00/61082bd66d2f93fa"
          },
          "private": "bnVsbA==",
          "dependencies": [
            "data.aws_availability_zones.available",
            "module.alb.aws_lb.internal",
            "module.alb.aws_lb_listener.http",
            "module.alb.aws_lb_target_group.ms",
            "module.network.aws_subnet.private_az1",
            "module.network.aws_subnet.private_az2",
            "module.network.aws_vpc.main",
            "module.security_groups.aws_security_group.alb"
          ]
        },
        {
          "index_key": "svc3",
          "schema_version": 0,
          "attributes": {
            "action": [
              {
                "authenticate_cognito": [],
                "authenticate_oidc": [],
                "fixed_response": [],
                "forward": [],
                "jwt_validation": [],
                "order": 1,
                "redirect": [],
                "target_group_arn": "arn:aws:elasticloadbalancing:us-east-1:512411987939:targetgroup/pi-infra-development-user-svc3-t/4f7fe1af49013738",
                "type": "forward"
              }
            ],
            "arn": "arn:aws:elasticloadbalancing:us-east-1:512411987939:listener-rule/app/pi-infra-development-user-alb/d25cc88e1a3de43c/cb791609881fde00/281a800c288bb119",
            "condition": [
              {
                "host_header": [],
                "http_header": [],
                "http_request_method": [],
                "path_pattern": [
                  {
                    "regex_values": [],
                    "values": [
                      "/svc3/*"
                    ]
                  }
                ],
                "query_string": [],
                "source_ip": []
              }
            ],
            "id": "arn:aws:elasticloadbalancing:us-east-1:512411987939:listener-rule/app/pi-infra-development-user-alb/d25cc88e1a3de43c/cb791609881fde00/281a800c288bb119",
            "listener_arn": "arn:aws:elasticloadbalancing:us-east-1:512411987939:listener/app/pi-infra-development-user-alb/d25cc88e1a3de43c/cb791609881fde00",
            "priority": 12,
            "region": "us-east-1",
            "tags": null,
            "tags_all": {
              "Environment": "development",
              "ManagedBy": "terraform",
              "Project": "pi-infra",
              "Team": "MACC"
            },
            "transform": []
          },
          "sensitive_attributes": [],
          "identity_schema_version": 0,
          "identity": {
            "arn": "arn:aws:elasticloadbalancing:us-east-1:512411987939:listener-rule/app/pi-infra-development-user-alb/d25cc88e1a3de43c/cb791609881fde00/281a800c288bb119"
          },
          "private": "bnVsbA==",
          "dependencies": [
            "data.aws_availability_zones.available",
            "module.alb.aws_lb.internal",
            "module.alb.aws_lb_listener.http",
            "module.alb.aws_lb_target_group.ms",
            "module.network.aws_subnet.private_az1",
            "module.network.aws_subnet.private_az2",
            "module.network.aws_vpc.main",
            "module.security_groups.aws_security_group.alb"
          ]
        }
      ]
    },
    {
      "module": "module.alb",
      "mode": "managed",
      "type": "aws_lb_target_group",
      "name": "ms",
      "provider": "provider[\"registry.terraform.io/hashicorp/aws\"]",
      "instances": [
        {
          "index_key": "svc1",
          "schema_version": 0,
          "attributes": {
            "arn": "arn:aws:elasticloadbalancing:us-east-1:512411987939:targetgroup/pi-infra-development-user-svc1-t/be9e65c1ad5ecd4d",
            "arn_suffix": "targetgroup/pi-infra-development-user-svc1-t/be9e65c1ad5ecd4d",
            "connection_termination": null,
            "deregistration_delay": "300",
            "health_check": [
              {
                "enabled": true,
                "healthy_threshold": 2,
                "interval": 15,
                "matcher": "200-399",
                "path": "/health",
                "port": "traffic-port",
                "protocol": "HTTP",
                "timeout": 5,
                "unhealthy_threshold": 2
              }
            ],
            "id": "arn:aws:elasticloadbalancing:us-east-1:512411987939:targetgroup/pi-infra-development-user-svc1-t/be9e65c1ad5ecd4d",
            "ip_address_type": "ipv4",
            "lambda_multi_value_headers_enabled": false,
            "load_balancer_arns": [],
            "load_balancing_algorithm_type": "round_robin",
            "load_balancing_anomaly_mitigation": "off",
            "load_balancing_cross_zone_enabled": "use_load_balancer_configuration",
            "name": "pi-infra-development-user-svc1-t",
            "name_prefix": "",
            "port": 8081,
            "preserve_client_ip": null,
            "protocol": "HTTP",
            "protocol_version": "HTTP1",
            "proxy_protocol_v2": false,
            "region": "us-east-1",
            "slow_start": 0,
            "stickiness": [
              {
                "cookie_duration": 86400,
                "cookie_name": "",
                "enabled": false,
                "type": "lb_cookie"
              }
            ],
            "tags": {
              "Name": "pi-infra-development-user-svc1-tg"
            },
            "tags_all": {
              "Environment": "development",
              "ManagedBy": "terraform",
              "Name": "pi-infra-development-user-svc1-tg",
              "Project": "pi-infra",
              "Team": "MACC"
            },
            "target_control_port": 0,
            "target_failover": [
              {
                "on_deregistration": null,
                "on_unhealthy": null
              }
            ],
            "target_group_health": [
              {
                "dns_failover": [
                  {
                    "minimum_healthy_targets_count": "1",
                    "minimum_healthy_targets_percentage": "off"
                  }
                ],
                "unhealthy_state_routing": [
                  {
                    "minimum_healthy_targets_count": 1,
                    "minimum_healthy_targets_percentage": "off"
                  }
                ]
              }
            ],
            "target_health_state": [
              {
                "enable_unhealthy_connection_termination": null,
                "unhealthy_draining_interval": null
              }
            ],
            "target_type": "instance",
            "vpc_id": "vpc-031eb93780473fa5c"
          },
          "sensitive_attributes": [],
          "identity_schema_version": 0,
          "identity": {
            "arn": "arn:aws:elasticloadbalancing:us-east-1:512411987939:targetgroup/pi-infra-development-user-svc1-t/be9e65c1ad5ecd4d"
          },
          "private": "bnVsbA==",
          "dependencies": [
            "module.network.aws_vpc.main"
          ]
        },
        {
          "index_key": "svc2",
          "schema_version": 0,
          "attributes": {
            "arn": "arn:aws:elasticloadbalancing:us-east-1:512411987939:targetgroup/pi-infra-development-user-svc2-t/6bbd47c0f6da60e0",
            "arn_suffix": "targetgroup/pi-infra-development-user-svc2-t/6bbd47c0f6da60e0",
            "connection_termination": null,
            "deregistration_delay": "300",
            "health_check": [
              {
                "enabled": true,
                "healthy_threshold": 2,
                "interval": 15,
                "matcher": "200-399",
                "path": "/health",
                "port": "traffic-port",
                "protocol": "HTTP",
                "timeout": 5,
                "unhealthy_threshold": 2
              }
            ],
            "id": "arn:aws:elasticloadbalancing:us-east-1:512411987939:targetgroup/pi-infra-development-user-svc2-t/6bbd47c0f6da60e0",
            "ip_address_type": "ipv4",
            "lambda_multi_value_headers_enabled": false,
            "load_balancer_arns": [],
            "load_balancing_algorithm_type": "round_robin",
            "load_balancing_anomaly_mitigation": "off",
            "load_balancing_cross_zone_enabled": "use_load_balancer_configuration",
            "name": "pi-infra-development-user-svc2-t",
            "name_prefix": "",
            "port": 8082,
            "preserve_client_ip": null,
            "protocol": "HTTP",
            "protocol_version": "HTTP1",
            "proxy_protocol_v2": false,
            "region": "us-east-1",
            "slow_start": 0,
            "stickiness": [
              {
                "cookie_duration": 86400,
                "cookie_name": "",
                "enabled": false,
                "type": "lb_cookie"
              }
            ],
            "tags": {
              "Name": "pi-infra-development-user-svc2-tg"
            },
            "tags_all": {
              "Environment": "development",
              "ManagedBy": "terraform",
              "Name": "pi-infra-development-user-svc2-tg",
              "Project": "pi-infra",
              "Team": "MACC"
            },
            "target_control_port": 0,
            "target_failover": [
              {
                "on_deregistration": null,
                "on_unhealthy": null
              }
            ],
            "target_group_health": [
              {
                "dns_failover": [
                  {
                    "minimum_healthy_targets_count": "1",
                    "minimum_healthy_targets_percentage": "off"
                  }
                ],
                "unhealthy_state_routing": [
                  {
                    "minimum_healthy_targets_count": 1,
                    "minimum_healthy_targets_percentage": "off"
                  }
                ]
              }
            ],
            "target_health_state": [
              {
                "enable_unhealthy_connection_termination": null,
                "unhealthy_draining_interval": null
              }
            ],
            "target_type": "instance",
            "vpc_id": "vpc-031eb93780473fa5c"
          },
          "sensitive_attributes": [],
          "identity_schema_version": 0,
          "identity": {
            "arn": "arn:aws:elasticloadbalancing:us-east-1:512411987939:targetgroup/pi-infra-development-user-svc2-t/6bbd47c0f6da60e0"
          },
          "private": "bnVsbA==",
          "dependencies": [
            "module.network.aws_vpc.main"
          ]
        },
        {
          "index_key": "svc3",
          "schema_version": 0,
          "attributes": {
            "arn": "arn:aws:elasticloadbalancing:us-east-1:512411987939:targetgroup/pi-infra-development-user-svc3-t/4f7fe1af49013738",
            "arn_suffix": "targetgroup/pi-infra-development-user-svc3-t/4f7fe1af49013738",
            "connection_termination": null,
            "deregistration_delay": "300",
            "health_check": [
              {
                "enabled": true,
                "healthy_threshold": 2,
                "interval": 15,
                "matcher": "200-399",
                "path": "/health",
                "port": "traffic-port",
                "protocol": "HTTP",
                "timeout": 5,
                "unhealthy_threshold": 2
              }
            ],
            "id": "arn:aws:elasticloadbalancing:us-east-1:512411987939:targetgroup/pi-infra-development-user-svc3-t/4f7fe1af49013738",
            "ip_address_type": "ipv4",
            "lambda_multi_value_headers_enabled": false,
            "load_balancer_arns": [],
            "load_balancing_algorithm_type": "round_robin",
            "load_balancing_anomaly_mitigation": "off",
            "load_balancing_cross_zone_enabled": "use_load_balancer_configuration",
            "name": "pi-infra-development-user-svc3-t",
            "name_prefix": "",
            "port": 8083,
            "preserve_client_ip": null,
            "protocol": "HTTP",
            "protocol_version": "HTTP1",
            "proxy_protocol_v2": false,
            "region": "us-east-1",
            "slow_start": 0,
            "stickiness": [
              {
                "cookie_duration": 86400,
                "cookie_name": "",
                "enabled": false,
                "type": "lb_cookie"
              }
            ],
            "tags": {
              "Name": "pi-infra-development-user-svc3-tg"
            },
            "tags_all": {
              "Environment": "development",
              "ManagedBy": "terraform",
              "Name": "pi-infra-development-user-svc3-tg",
              "Project": "pi-infra",
              "Team": "MACC"
            },
            "target_control_port": 0,
            "target_failover": [
              {
                "on_deregistration": null,
                "on_unhealthy": null
              }
            ],
            "target_group_health": [
              {
                "dns_failover": [
                  {
                    "minimum_healthy_targets_count": "1",
                    "minimum_healthy_targets_percentage": "off"
                  }
                ],
                "unhealthy_state_routing": [
                  {
                    "minimum_healthy_targets_count": 1,
                    "minimum_healthy_targets_percentage": "off"
                  }
                ]
              }
            ],
            "target_health_state": [
              {
                "enable_unhealthy_connection_termination": null,
                "unhealthy_draining_interval": null
              }
            ],
            "target_type": "instance",
            "vpc_id": "vpc-031eb93780473fa5c"
          },
          "sensitive_attributes": [],
          "identity_schema_version": 0,
          "identity": {
            "arn": "arn:aws:elasticloadbalancing:us-east-1:512411987939:targetgroup/pi-infra-development-user-svc3-t/4f7fe1af49013738"
          },
          "private": "bnVsbA==",
          "dependencies": [
            "module.network.aws_vpc.main"
          ]
        }
      ]
    },
    {
      "module": "module.api_gateway",
      "mode": "managed",
      "type": "aws_apigatewayv2_api",
      "name": "http",
      "provider": "provider[\"registry.terraform.io/hashicorp/aws\"]",
      "instances": [
        {
          "schema_version": 0,
          "attributes": {
            "api_endpoint": "https://scdm2lwhh5.execute-api.us-east-1.amazonaws.com",
            "api_key_selection_expression": "$request.header.x-api-key",
            "arn": "arn:aws:apigateway:us-east-1::/apis/scdm2lwhh5",
            "body": null,
            "cors_configuration": [],
            "credentials_arn": null,
            "description": "",
            "disable_execute_api_endpoint": false,
            "execution_arn": "arn:aws:execute-api:us-east-1:512411987939:scdm2lwhh5",
            "fail_on_warnings": null,
            "id": "scdm2lwhh5",
            "ip_address_type": "ipv4",
            "name": "pi-infra-development-user-http-api",
            "protocol_type": "HTTP",
            "region": "us-east-1",
            "route_key": null,
            "route_selection_expression": "$request.method $request.path",
            "tags": {
              "Name": "pi-infra-development-user-http-api"
            },
            "tags_all": {
              "Environment": "development",
              "ManagedBy": "terraform",
              "Name": "pi-infra-development-user-http-api",
              "Project": "pi-infra",
              "Team": "MACC"
            },
            "target": null,
            "version": ""
          },
          "sensitive_attributes": [],
          "identity_schema_version": 0,
          "private": "bnVsbA=="
        }
      ]
    },
    {
      "module": "module.api_gateway",
      "mode": "managed",
      "type": "aws_apigatewayv2_integration",
      "name": "alb",
      "provider": "provider[\"registry.terraform.io/hashicorp/aws\"]",
      "instances": [
        {
          "schema_version": 0,
          "attributes": {
            "api_id": "scdm2lwhh5",
            "connection_id": "z2h9r5",
            "connection_type": "VPC_LINK",
            "content_handling_strategy": "",
            "credentials_arn": "",
            "description": "",
            "id": "6sqbq4f",
            "integration_method": "ANY",
            "integration_response_selection_expression": "",
            "integration_subtype": "",
            "integration_type": "HTTP_PROXY",
            "integration_uri": "arn:aws:elasticloadbalancing:us-east-1:512411987939:listener/app/pi-infra-development-user-alb/d25cc88e1a3de43c/cb791609881fde00",
            "passthrough_behavior": "",
            "payload_format_version": "1.0",
            "region": "us-east-1",
            "request_parameters": null,
            "request_templates": null,
            "response_parameters": [],
            "template_selection_expression": "",
            "timeout_milliseconds": 30000,
            "tls_config": []
          },
          "sensitive_attributes": [],
          "identity_schema_version": 0,
          "private": "bnVsbA==",
          "dependencies": [
            "data.aws_availability_zones.available",
            "module.alb.aws_lb.internal",
            "module.alb.aws_lb_listener.http",
            "module.api_gateway.aws_apigatewayv2_api.http",
            "module.api_gateway.aws_apigatewayv2_vpc_link.link",
            "module.network.aws_subnet.private_az1",
            "module.network.aws_subnet.private_az2",
            "module.network.aws_vpc.main",
            "module.security_groups.aws_security_group.alb"
          ]
        }
      ]
    },
    {
      "module": "module.api_gateway",
      "mode": "managed",
      "type": "aws_apigatewayv2_route",
      "name": "default",
      "provider": "provider[\"registry.terraform.io/hashicorp/aws\"]",
      "instances": [
        {
          "schema_version": 0,
          "attributes": {
            "api_id": "scdm2lwhh5",
            "api_key_required": false,
            "authorization_scopes": null,
            "authorization_type": "NONE",
            "authorizer_id": "",
            "id": "rydr4sb",
            "model_selection_expression": "",
            "operation_name": "",
            "region": "us-east-1",
            "request_models": null,
            "request_parameter": [],
            "route_key": "ANY /{proxy+}",
            "route_response_selection_expression": "",
            "target": "integrations/6sqbq4f"
          },
          "sensitive_attributes": [],
          "identity_schema_version": 0,
          "private": "bnVsbA==",
          "dependencies": [
            "data.aws_availability_zones.available",
            "module.alb.aws_lb.internal",
            "module.alb.aws_lb_listener.http",
            "module.api_gateway.aws_apigatewayv2_api.http",
            "module.api_gateway.aws_apigatewayv2_integration.alb",
            "module.api_gateway.aws_apigatewayv2_vpc_link.link",
            "module.network.aws_subnet.private_az1",
            "module.network.aws_subnet.private_az2",
            "module.network.aws_vpc.main",
            "module.security_groups.aws_security_group.alb"
          ]
        }
      ]
    },
    {
      "module": "module.api_gateway",
      "mode": "managed",
      "type": "aws_apigatewayv2_route",
      "name": "svc",
      "provider": "provider[\"registry.terraform.io/hashicorp/aws\"]",
      "instances": [
        {
          "index_key": "svc1",
          "schema_version": 0,
          "attributes": {
            "api_id": "scdm2lwhh5",
            "api_key_required": false,
            "authorization_scopes": null,
            "authorization_type": "NONE",
            "authorizer_id": "",
            "id": "s5qngbd",
            "model_selection_expression": "",
            "operation_name": "",
            "region": "us-east-1",
            "request_models": null,
            "request_parameter": [],
            "route_key": "ANY /svc1/{proxy+}",
            "route_response_selection_expression": "",
            "target": "integrations/6sqbq4f"
          },
          "sensitive_attributes": [],
          "identity_schema_version": 0,
          "private": "bnVsbA==",
          "dependencies": [
            "data.aws_availability_zones.available",
            "module.alb.aws_lb.internal",
            "module.alb.aws_lb_listener.http",
            "module.api_gateway.aws_apigatewayv2_api.http",
            "module.api_gateway.aws_apigatewayv2_integration.alb",
            "module.api_gateway.aws_apigatewayv2_vpc_link.link",
            "module.network.aws_subnet.private_az1",
            "module.network.aws_subnet.private_az2",
            "module.network.aws_vpc.main",
            "module.security_groups.aws_security_group.alb"
          ]
        },
        {
          "index_key": "svc2",
          "schema_version": 0,
          "attributes": {
            "api_id": "scdm2lwhh5",
            "api_key_required": false,
            "authorization_scopes": null,
            "authorization_type": "NONE",
            "authorizer_id": "",
            "id": "it964ir",
            "model_selection_expression": "",
            "operation_name": "",
            "region": "us-east-1",
            "request_models": null,
            "request_parameter": [],
            "route_key": "ANY /svc2/{proxy+}",
            "route_response_selection_expression": "",
            "target": "integrations/6sqbq4f"
          },
          "sensitive_attributes": [],
          "identity_schema_version": 0,
          "private": "bnVsbA==",
          "dependencies": [
            "data.aws_availability_zones.available",
            "module.alb.aws_lb.internal",
            "module.alb.aws_lb_listener.http",
            "module.api_gateway.aws_apigatewayv2_api.http",
            "module.api_gateway.aws_apigatewayv2_integration.alb",
            "module.api_gateway.aws_apigatewayv2_vpc_link.link",
            "module.network.aws_subnet.private_az1",
            "module.network.aws_subnet.private_az2",
            "module.network.aws_vpc.main",
            "module.security_groups.aws_security_group.alb"
          ]
        },
        {
          "index_key": "svc3",
          "schema_version": 0,
          "attributes": {
            "api_id": "scdm2lwhh5",
            "api_key_required": false,
            "authorization_scopes": null,
            "authorization_type": "NONE",
            "authorizer_id": "",
            "id": "u4ppyc3",
            "model_selection_expression": "",
            "operation_name": "",
            "region": "us-east-1",
            "request_models": null,
            "request_parameter": [],
            "route_key": "ANY /svc3/{proxy+}",
            "route_response_selection_expression": "",
            "target": "integrations/6sqbq4f"
          },
          "sensitive_attributes": [],
          "identity_schema_version": 0,
          "private": "bnVsbA==",
          "dependencies": [
            "data.aws_availability_zones.available",
            "module.alb.aws_lb.internal",
            "module.alb.aws_lb_listener.http",
            "module.api_gateway.aws_apigatewayv2_api.http",
            "module.api_gateway.aws_apigatewayv2_integration.alb",
            "module.api_gateway.aws_apigatewayv2_vpc_link.link",
            "module.network.aws_subnet.private_az1",
            "module.network.aws_subnet.private_az2",
            "module.network.aws_vpc.main",
            "module.security_groups.aws_security_group.alb"
          ]
        }
      ]
    },
    {
      "module": "module.api_gateway",
      "mode": "managed",
      "type": "aws_apigatewayv2_stage",
      "name": "default",
      "provider": "provider[\"registry.terraform.io/hashicorp/aws\"]",
      "instances": [
        {
          "schema_version": 0,
          "attributes": {
            "access_log_settings": [],
            "api_id": "scdm2lwhh5",
            "arn": "arn:aws:apigateway:us-east-1::/apis/scdm2lwhh5/stages/$default",
            "auto_deploy": true,
            "client_certificate_id": "",
            "default_route_settings": [
              {
                "data_trace_enabled": false,
                "detailed_metrics_enabled": false,
                "logging_level": "",
                "throttling_burst_limit": 0,
                "throttling_rate_limit": 0
              }
            ],
            "deployment_id": "",
            "description": "",
            "execution_arn": "arn:aws:execute-api:us-east-1:512411987939:scdm2lwhh5/$default",
            "id": "$default",
            "invoke_url": "https://scdm2lwhh5.execute-api.us-east-1.amazonaws.com/",
            "name": "$default",
            "region": "us-east-1",
            "route_settings": [],
            "stage_variables": null,
            "tags": null,
            "tags_all": {
              "Environment": "development",
              "ManagedBy": "terraform",
              "Project": "pi-infra",
              "Team": "MACC"
            }
          },
          "sensitive_attributes": [],
          "identity_schema_version": 0,
          "private": "bnVsbA==",
          "dependencies": [
            "module.api_gateway.aws_apigatewayv2_api.http"
          ]
        }
      ]
    },
    {
      "module": "module.api_gateway",
      "mode": "managed",
      "type": "aws_apigatewayv2_vpc_link",
      "name": "link",
      "provider": "provider[\"registry.terraform.io/hashicorp/aws\"]",
      "instances": [
        {
          "schema_version": 0,
          "attributes": {
            "arn": "arn:aws:apigateway:us-east-1::/vpclinks/z2h9r5",
            "id": "z2h9r5",
            "name": "pi-infra-development-user-vpc-link",
            "region": "us-east-1",
            "security_group_ids": [
              "sg-0ab865321af0aa6ce"
            ],
            "subnet_ids": [
              "subnet-0f9e9d649171944d6",
              "subnet-0fa71f72e6e7bfc25"
            ],
            "tags": {
              "Name": "pi-infra-development-user-vpc-link"
            },
            "tags_all": {
              "Environment": "development",
              "ManagedBy": "terraform",
              "Name": "pi-infra-development-user-vpc-link",
              "Project": "pi-infra",
              "Team": "MACC"
            }
          },
          "sensitive_attributes": [],
          "identity_schema_version": 0,
          "private": "bnVsbA==",
          "dependencies": [
            "data.aws_availability_zones.available",
            "module.network.aws_subnet.private_az1",
            "module.network.aws_subnet.private_az2",
            "module.network.aws_vpc.main",
            "module.security_groups.aws_security_group.alb"
          ]
        }
      ]
    },
    {
      "module": "module.microservices",
      "mode": "managed",
      "type": "aws_autoscaling_group",
      "name": "ms",
      "provider": "provider[\"registry.terraform.io/hashicorp/aws\"]",
      "instances": [
        {
          "index_key": "svc1",
          "schema_version": 1,
          "attributes": {
            "arn": "arn:aws:autoscaling:us-east-1:512411987939:autoScalingGroup:5721678d-38a1-4101-a0f7-dfdd3fef9aca:autoScalingGroupName/pi-infra-development-user-svc1-asg",
            "availability_zone_distribution": [
              {
                "capacity_distribution_strategy": "balanced-best-effort"
              }
            ],
            "availability_zones": [
              "us-east-1a",
              "us-east-1b"
            ],
            "capacity_rebalance": false,
            "capacity_reservation_specification": [
              {
                "capacity_reservation_preference": "default",
                "capacity_reservation_target": []
              }
            ],
            "context": "",
            "default_cooldown": 300,
            "default_instance_warmup": 0,
            "desired_capacity": 2,
            "desired_capacity_type": "",
            "enabled_metrics": null,
            "force_delete": false,
            "force_delete_warm_pool": false,
            "health_check_grace_period": 60,
            "health_check_type": "ELB",
            "id": "pi-infra-development-user-svc1-asg",
            "ignore_failed_scaling_activities": false,
            "initial_lifecycle_hook": [],
            "instance_maintenance_policy": [],
            "instance_refresh": [],
            "launch_configuration": "",
            "launch_template": [
              {
                "id": "lt-0b1b97bccc3e79f7a",
                "name": "pi-infra-development-user-svc1-lt-2026010612585488350000000b",
                "version": "$Latest"
              }
            ],
            "load_balancers": [],
            "max_instance_lifetime": 0,
            "max_size": 4,
            "metrics_granularity": "1Minute",
            "min_elb_capacity": null,
            "min_size": 2,
            "mixed_instances_policy": [],
            "name": "pi-infra-development-user-svc1-asg",
            "name_prefix": "",
            "placement_group": "",
            "predicted_capacity": 0,
            "protect_from_scale_in": false,
            "region": "us-east-1",
            "service_linked_role_arn": "arn:aws:iam::512411987939:role/aws-service-role/autoscaling.amazonaws.com/AWSServiceRoleForAutoScaling",
            "suspended_processes": null,
            "tag": [
              {
                "key": "Name",
                "propagate_at_launch": true,
                "value": "pi-infra-development-user-svc1"
              }
            ],
            "target_group_arns": [
              "arn:aws:elasticloadbalancing:us-east-1:512411987939:targetgroup/pi-infra-development-user-svc1-t/be9e65c1ad5ecd4d"
            ],
            "termination_policies": null,
            "timeouts": null,
            "traffic_source": [
              {
                "identifier": "arn:aws:elasticloadbalancing:us-east-1:512411987939:targetgroup/pi-infra-development-user-svc1-t/be9e65c1ad5ecd4d",
                "type": "elbv2"
              }
            ],
            "vpc_zone_identifier": [
              "subnet-0f9e9d649171944d6",
              "subnet-0fa71f72e6e7bfc25"
            ],
            "wait_for_capacity_timeout": "10m",
            "wait_for_elb_capacity": null,
            "warm_pool": [],
            "warm_pool_size": 0
          },
          "sensitive_attributes": [],
          "identity_schema_version": 0,
          "private": "eyJlMmJmYjczMC1lY2FhLTExZTYtOGY4OC0zNDM2M2JjN2M0YzAiOnsiZGVsZXRlIjo2MDAwMDAwMDAwMDAsInVwZGF0ZSI6NjAwMDAwMDAwMDAwfSwic2NoZW1hX3ZlcnNpb24iOiIxIn0=",
          "dependencies": [
            "data.aws_ami.ubuntu",
            "data.aws_availability_zones.available",
            "module.alb.aws_lb_target_group.ms",
            "module.microservices.aws_launch_template.ms",
            "module.network.aws_subnet.private_az1",
            "module.network.aws_subnet.private_az2",
            "module.network.aws_vpc.main",
            "module.security_groups.aws_security_group.microservices"
          ]
        },
        {
          "index_key": "svc2",
          "schema_version": 1,
          "attributes": {
            "arn": "arn:aws:autoscaling:us-east-1:512411987939:autoScalingGroup:b8149300-1b15-474a-9360-3de339b98d1a:autoScalingGroupName/pi-infra-development-user-svc2-asg",
            "availability_zone_distribution": [
              {
                "capacity_distribution_strategy": "balanced-best-effort"
              }
            ],
            "availability_zones": [
              "us-east-1a",
              "us-east-1b"
            ],
            "capacity_rebalance": false,
            "capacity_reservation_specification": [
              {
                "capacity_reservation_preference": "default",
                "capacity_reservation_target": []
              }
            ],
            "context": "",
            "default_cooldown": 300,
            "default_instance_warmup": 0,
            "desired_capacity": 2,
            "desired_capacity_type": "",
            "enabled_metrics": null,
            "force_delete": false,
            "force_delete_warm_pool": false,
            "health_check_grace_period": 60,
            "health_check_type": "ELB",
            "id": "pi-infra-development-user-svc2-asg",
            "ignore_failed_scaling_activities": false,
            "initial_lifecycle_hook": [],
            "instance_maintenance_policy": [],
            "instance_refresh": [],
            "launch_configuration": "",
            "launch_template": [
              {
                "id": "lt-0e123947e63ed84b7",
                "name": "pi-infra-development-user-svc2-lt-20260106125854822000000009",
                "version": "$Latest"
              }
            ],
            "load_balancers": [],
            "max_instance_lifetime": 0,
            "max_size": 4,
            "metrics_granularity": "1Minute",
            "min_elb_capacity": null,
            "min_size": 2,
            "mixed_instances_policy": [],
            "name": "pi-infra-development-user-svc2-asg",
            "name_prefix": "",
            "placement_group": "",
            "predicted_capacity": 0,
            "protect_from_scale_in": false,
            "region": "us-east-1",
            "service_linked_role_arn": "arn:aws:iam::512411987939:role/aws-service-role/autoscaling.amazonaws.com/AWSServiceRoleForAutoScaling",
            "suspended_processes": null,
            "tag": [
              {
                "key": "Name",
                "propagate_at_launch": true,
                "value": "pi-infra-development-user-svc2"
              }
            ],
            "target_group_arns": [
              "arn:aws:elasticloadbalancing:us-east-1:512411987939:targetgroup/pi-infra-development-user-svc2-t/6bbd47c0f6da60e0"
            ],
            "termination_policies": null,
            "timeouts": null,
            "traffic_source": [
              {
                "identifier": "arn:aws:elasticloadbalancing:us-east-1:512411987939:targetgroup/pi-infra-development-user-svc2-t/6bbd47c0f6da60e0",
                "type": "elbv2"
              }
            ],
            "vpc_zone_identifier": [
              "subnet-0f9e9d649171944d6",
              "subnet-0fa71f72e6e7bfc25"
            ],
            "wait_for_capacity_timeout": "10m",
            "wait_for_elb_capacity": null,
            "warm_pool": [],
            "warm_pool_size": 0
          },
          "sensitive_attributes": [],
          "identity_schema_version": 0,
          "private": "eyJlMmJmYjczMC1lY2FhLTExZTYtOGY4OC0zNDM2M2JjN2M0YzAiOnsiZGVsZXRlIjo2MDAwMDAwMDAwMDAsInVwZGF0ZSI6NjAwMDAwMDAwMDAwfSwic2NoZW1hX3ZlcnNpb24iOiIxIn0=",
          "dependencies": [
            "data.aws_ami.ubuntu",
            "data.aws_availability_zones.available",
            "module.alb.aws_lb_target_group.ms",
            "module.microservices.aws_launch_template.ms",
            "module.network.aws_subnet.private_az1",
            "module.network.aws_subnet.private_az2",
            "module.network.aws_vpc.main",
            "module.security_groups.aws_security_group.microservices"
          ]
        },
        {
          "index_key": "svc3",
          "schema_version": 1,
          "attributes": {
            "arn": "arn:aws:autoscaling:us-east-1:512411987939:autoScalingGroup:45ba0148-fefa-48d4-9b2b-0ae72603a96d:autoScalingGroupName/pi-infra-development-user-svc3-asg",
            "availability_zone_distribution": [
              {
                "capacity_distribution_strategy": "balanced-best-effort"
              }
            ],
            "availability_zones": [
              "us-east-1a",
              "us-east-1b"
            ],
            "capacity_rebalance": false,
            "capacity_reservation_specification": [
              {
                "capacity_reservation_preference": "default",
                "capacity_reservation_target": []
              }
            ],
            "context": "",
            "default_cooldown": 300,
            "default_instance_warmup": 0,
            "desired_capacity": 2,
            "desired_capacity_type": "",
            "enabled_metrics": null,
            "force_delete": false,
            "force_delete_warm_pool": false,
            "health_check_grace_period": 60,
            "health_check_type": "ELB",
            "id": "pi-infra-development-user-svc3-asg",
            "ignore_failed_scaling_activities": false,
            "initial_lifecycle_hook": [],
            "instance_maintenance_policy": [],
            "instance_refresh": [],
            "launch_configuration": "",
            "launch_template": [
              {
                "id": "lt-0d63ad0d1f53b6ef1",
                "name": "pi-infra-development-user-svc3-lt-20260106125854808200000007",
                "version": "$Latest"
              }
            ],
            "load_balancers": [],
            "max_instance_lifetime": 0,
            "max_size": 4,
            "metrics_granularity": "1Minute",
            "min_elb_capacity": null,
            "min_size": 2,
            "mixed_instances_policy": [],
            "name": "pi-infra-development-user-svc3-asg",
            "name_prefix": "",
            "placement_group": "",
            "predicted_capacity": 0,
            "protect_from_scale_in": false,
            "region": "us-east-1",
            "service_linked_role_arn": "arn:aws:iam::512411987939:role/aws-service-role/autoscaling.amazonaws.com/AWSServiceRoleForAutoScaling",
            "suspended_processes": null,
            "tag": [
              {
                "key": "Name",
                "propagate_at_launch": true,
                "value": "pi-infra-development-user-svc3"
              }
            ],
            "target_group_arns": [
              "arn:aws:elasticloadbalancing:us-east-1:512411987939:targetgroup/pi-infra-development-user-svc3-t/4f7fe1af49013738"
            ],
            "termination_policies": null,
            "timeouts": null,
            "traffic_source": [
              {
                "identifier": "arn:aws:elasticloadbalancing:us-east-1:512411987939:targetgroup/pi-infra-development-user-svc3-t/4f7fe1af49013738",
                "type": "elbv2"
              }
            ],
            "vpc_zone_identifier": [
              "subnet-0f9e9d649171944d6",
              "subnet-0fa71f72e6e7bfc25"
            ],
            "wait_for_capacity_timeout": "10m",
            "wait_for_elb_capacity": null,
            "warm_pool": [],
            "warm_pool_size": 0
          },
          "sensitive_attributes": [],
          "identity_schema_version": 0,
          "private": "eyJlMmJmYjczMC1lY2FhLTExZTYtOGY4OC0zNDM2M2JjN2M0YzAiOnsiZGVsZXRlIjo2MDAwMDAwMDAwMDAsInVwZGF0ZSI6NjAwMDAwMDAwMDAwfSwic2NoZW1hX3ZlcnNpb24iOiIxIn0=",
          "dependencies": [
            "data.aws_ami.ubuntu",
            "data.aws_availability_zones.available",
            "module.alb.aws_lb_target_group.ms",
            "module.microservices.aws_launch_template.ms",
            "module.network.aws_subnet.private_az1",
            "module.network.aws_subnet.private_az2",
            "module.network.aws_vpc.main",
            "module.security_groups.aws_security_group.microservices"
          ]
        }
      ]
    },
    {
      "module": "module.microservices",
      "mode": "managed",
      "type": "aws_autoscaling_policy",
      "name": "cpu_target",
      "provider": "provider[\"registry.terraform.io/hashicorp/aws\"]",
      "instances": [
        {
          "index_key": "svc1",
          "schema_version": 0,
          "attributes": {
            "adjustment_type": "",
            "arn": "arn:aws:autoscaling:us-east-1:512411987939:scalingPolicy:8f0702b3-944f-4a38-9a59-7c6397d520ef:autoScalingGroupName/pi-infra-development-user-svc1-asg:policyName/pi-infra-development-user-svc1-cpu-target",
            "autoscaling_group_name": "pi-infra-development-user-svc1-asg",
            "cooldown": 0,
            "enabled": true,
            "estimated_instance_warmup": 0,
            "id": "pi-infra-development-user-svc1-cpu-target",
            "metric_aggregation_type": "",
            "min_adjustment_magnitude": 0,
            "name": "pi-infra-development-user-svc1-cpu-target",
            "policy_type": "TargetTrackingScaling",
            "predictive_scaling_configuration": [],
            "region": "us-east-1",
            "scaling_adjustment": 0,
            "step_adjustment": [],
            "target_tracking_configuration": [
              {
                "customized_metric_specification": [],
                "disable_scale_in": false,
                "predefined_metric_specification": [
                  {
                    "predefined_metric_type": "ASGAverageCPUUtilization",
                    "resource_label": ""
                  }
                ],
                "target_value": 60
              }
            ]
          },
          "sensitive_attributes": [],
          "identity_schema_version": 0,
          "private": "bnVsbA==",
          "dependencies": [
            "data.aws_ami.ubuntu",
            "data.aws_availability_zones.available",
            "module.alb.aws_lb_target_group.ms",
            "module.microservices.aws_autoscaling_group.ms",
            "module.microservices.aws_launch_template.ms",
            "module.network.aws_subnet.private_az1",
            "module.network.aws_subnet.private_az2",
            "module.network.aws_vpc.main",
            "module.security_groups.aws_security_group.microservices"
          ]
        },
        {
          "index_key": "svc2",
          "schema_version": 0,
          "attributes": {
            "adjustment_type": "",
            "arn": "arn:aws:autoscaling:us-east-1:512411987939:scalingPolicy:54b07e48-02d8-42a2-a5fd-476ec8703cb4:autoScalingGroupName/pi-infra-development-user-svc2-asg:policyName/pi-infra-development-user-svc2-cpu-target",
            "autoscaling_group_name": "pi-infra-development-user-svc2-asg",
            "cooldown": 0,
            "enabled": true,
            "estimated_instance_warmup": 0,
            "id": "pi-infra-development-user-svc2-cpu-target",
            "metric_aggregation_type": "",
            "min_adjustment_magnitude": 0,
            "name": "pi-infra-development-user-svc2-cpu-target",
            "policy_type": "TargetTrackingScaling",
            "predictive_scaling_configuration": [],
            "region": "us-east-1",
            "scaling_adjustment": 0,
            "step_adjustment": [],
            "target_tracking_configuration": [
              {
                "customized_metric_specification": [],
                "disable_scale_in": false,
                "predefined_metric_specification": [
                  {
                    "predefined_metric_type": "ASGAverageCPUUtilization",
                    "resource_label": ""
                  }
                ],
                "target_value": 60
              }
            ]
          },
          "sensitive_attributes": [],
          "identity_schema_version": 0,
          "private": "bnVsbA==",
          "dependencies": [
            "data.aws_ami.ubuntu",
            "data.aws_availability_zones.available",
            "module.alb.aws_lb_target_group.ms",
            "module.microservices.aws_autoscaling_group.ms",
            "module.microservices.aws_launch_template.ms",
            "module.network.aws_subnet.private_az1",
            "module.network.aws_subnet.private_az2",
            "module.network.aws_vpc.main",
            "module.security_groups.aws_security_group.microservices"
          ]
        },
        {
          "index_key": "svc3",
          "schema_version": 0,
          "attributes": {
            "adjustment_type": "",
            "arn": "arn:aws:autoscaling:us-east-1:512411987939:scalingPolicy:a6fef869-d02d-4870-b6bf-cd4472e246d1:autoScalingGroupName/pi-infra-development-user-svc3-asg:policyName/pi-infra-development-user-svc3-cpu-target",
            "autoscaling_group_name": "pi-infra-development-user-svc3-asg",
            "cooldown": 0,
            "enabled": true,
            "estimated_instance_warmup": 0,
            "id": "pi-infra-development-user-svc3-cpu-target",
            "metric_aggregation_type": "",
            "min_adjustment_magnitude": 0,
            "name": "pi-infra-development-user-svc3-cpu-target",
            "policy_type": "TargetTrackingScaling",
            "predictive_scaling_configuration": [],
            "region": "us-east-1",
            "scaling_adjustment": 0,
            "step_adjustment": [],
            "target_tracking_configuration": [
              {
                "customized_metric_specification": [],
                "disable_scale_in": false,
                "predefined_metric_specification": [
                  {
                    "predefined_metric_type": "ASGAverageCPUUtilization",
                    "resource_label": ""
                  }
                ],
                "target_value": 60
              }
            ]
          },
          "sensitive_attributes": [],
          "identity_schema_version": 0,
          "private": "bnVsbA==",
          "dependencies": [
            "data.aws_ami.ubuntu",
            "data.aws_availability_zones.available",
            "module.alb.aws_lb_target_group.ms",
            "module.microservices.aws_autoscaling_group.ms",
            "module.microservices.aws_launch_template.ms",
            "module.network.aws_subnet.private_az1",
            "module.network.aws_subnet.private_az2",
            "module.network.aws_vpc.main",
            "module.security_groups.aws_security_group.microservices"
          ]
        }
      ]
    },
    {
      "module": "module.microservices",
      "mode": "managed",
      "type": "aws_launch_template",
      "name": "ms",
      "provider": "provider[\"registry.terraform.io/hashicorp/aws\"]",
      "instances": [
        {
          "index_key": "svc1",
          "schema_version": 1,
          "attributes": {
            "arn": "arn:aws:ec2:us-east-1:512411987939:launch-template/lt-0b1b97bccc3e79f7a",
            "block_device_mappings": [],
            "capacity_reservation_specification": [],
            "cpu_options": [],
            "credit_specification": [],
            "default_version": 1,
            "description": "",
            "disable_api_stop": false,
            "disable_api_termination": false,
            "ebs_optimized": "",
            "enclave_options": [],
            "hibernation_options": [],
            "iam_instance_profile": [],
            "id": "lt-0b1b97bccc3e79f7a",
            "image_id": "ami-0030e4319cbf4dbf2",
            "instance_initiated_shutdown_behavior": "",
            "instance_market_options": [],
            "instance_requirements": [],
            "instance_type": "t2.micro",
            "kernel_id": "",
            "key_name": "vockey",
            "latest_version": 1,
            "license_specification": [],
            "maintenance_options": [],
            "metadata_options": [],
            "monitoring": [],
            "name": "pi-infra-development-user-svc1-lt-2026010612585488350000000b",
            "name_prefix": "pi-infra-development-user-svc1-lt-",
            "network_interfaces": [],
            "placement": [],
            "private_dns_name_options": [],
            "ram_disk_id": "",
            "region": "us-east-1",
            "security_group_names": null,
            "tag_specifications": [
              {
                "resource_type": "instance",
                "tags": {
                  "Name": "pi-infra-development-user-svc1",
                  "Role": "microservice",
                  "Svc": "svc1"
                }
              }
            ],
            "tags": null,
            "tags_all": {
              "Environment": "development",
              "ManagedBy": "terraform",
              "Project": "pi-infra",
              "Team": "MACC"
            },
            "update_default_version": null,
            "user_data": "IyEvYmluL2Jhc2gNCnNldCAtZQ0KDQphcHQtZ2V0IHVwZGF0ZSAteQ0KYXB0LWdldCBpbnN0YWxsIC15IHB5dGhvbjMNCg0KY2F0ID4vdXNyL2xvY2FsL2Jpbi9zdmMxLnB5IDw8J1BZJw0KZnJvbSBodHRwLnNlcnZlciBpbXBvcnQgQmFzZUhUVFBSZXF1ZXN0SGFuZGxlciwgSFRUUFNlcnZlcg0KaW1wb3J0IG9zDQppbXBvcnQgc29ja2V0DQoNCk5BTUUgPSBvcy5lbnZpcm9uLmdldCgiU1ZDX05BTUUiLCAic3ZjIikNClBPUlQgPSBpbnQob3MuZW52aXJvbi5nZXQoIlNWQ19QT1JUIiwgIjgwODAiKSkNCkhPU1ROQU1FID0gc29ja2V0LmdldGhvc3RuYW1lKCkNCklQID0gc29ja2V0LmdldGhvc3RieW5hbWUoSE9TVE5BTUUpDQoNCmNsYXNzIEgoQmFzZUhUVFBSZXF1ZXN0SGFuZGxlcik6DQogICAgZGVmIGRvX0dFVChzZWxmKToNCiAgICAgICAgc2VsZi5zZW5kX3Jlc3BvbnNlKDIwMCkNCiAgICAgICAgc2VsZi5zZW5kX2hlYWRlcigiQ29udGVudC1UeXBlIiwgInRleHQvcGxhaW4iKQ0KICAgICAgICBzZWxmLmVuZF9oZWFkZXJzKCkNCg0KICAgICAgICBib2R5ID0gZiIiIg0Kc2VydmljZT17TkFNRX0NCmhvc3RuYW1lPXtIT1NUTkFNRX0NCmlwPXtJUH0NCnBvcnQ9e1BPUlR9DQpwYXRoPXtzZWxmLnBhdGh9DQoiIiINCiAgICAgICAgc2VsZi53ZmlsZS53cml0ZShib2R5LmVuY29kZSgpKQ0KDQogICAgZGVmIGxvZ19tZXNzYWdlKHNlbGYsIGZvcm1hdCwgKmFyZ3MpOg0KICAgICAgICByZXR1cm4NCg0KaWYgX19uYW1lX18gPT0gIl9fbWFpbl9fIjoNCiAgICBodHRwZCA9IEhUVFBTZXJ2ZXIoKCIwLjAuMC4wIiwgUE9SVCksIEgpDQogICAgaHR0cGQuc2VydmVfZm9yZXZlcigpDQpQWQ0KDQpjYXQgPi9ldGMvc3lzdGVtZC9zeXN0ZW0vc3ZjMS5zZXJ2aWNlIDw8U0VSVklDRQ0KW1VuaXRdDQpEZXNjcmlwdGlvbj1zdmMxIHNpbXBsZSBzZXJ2aWNlDQpBZnRlcj1uZXR3b3JrLnRhcmdldA0KDQpbU2VydmljZV0NCkVudmlyb25tZW50PVNWQ19OQU1FPXN2YzENCkVudmlyb25tZW50PVNWQ19QT1JUPTgwODENCkV4ZWNTdGFydD0vdXNyL2Jpbi9weXRob24zIC91c3IvbG9jYWwvYmluL3N2YzEucHkNClJlc3RhcnQ9YWx3YXlzDQoNCltJbnN0YWxsXQ0KV2FudGVkQnk9bXVsdGktdXNlci50YXJnZXQNClNFUlZJQ0UNCg0Kc3lzdGVtY3RsIGRhZW1vbi1yZWxvYWQNCnN5c3RlbWN0bCBlbmFibGUgc3ZjMQ0Kc3lzdGVtY3RsIHN0YXJ0IHN2YzENCg==",
            "vpc_security_group_ids": [
              "sg-0912bcd7ea6faff7c"
            ]
          },
          "sensitive_attributes": [],
          "identity_schema_version": 0,
          "private": "eyJzY2hlbWFfdmVyc2lvbiI6IjEifQ==",
          "dependencies": [
            "data.aws_ami.ubuntu",
            "module.network.aws_vpc.main",
            "module.security_groups.aws_security_group.microservices"
          ]
        },
        {
          "index_key": "svc2",
          "schema_version": 1,
          "attributes": {
            "arn": "arn:aws:ec2:us-east-1:512411987939:launch-template/lt-0e123947e63ed84b7",
            "block_device_mappings": [],
            "capacity_reservation_specification": [],
            "cpu_options": [],
            "credit_specification": [],
            "default_version": 1,
            "description": "",
            "disable_api_stop": false,
            "disable_api_termination": false,
            "ebs_optimized": "",
            "enclave_options": [],
            "hibernation_options": [],
            "iam_instance_profile": [],
            "id": "lt-0e123947e63ed84b7",
            "image_id": "ami-0030e4319cbf4dbf2",
            "instance_initiated_shutdown_behavior": "",
            "instance_market_options": [],
            "instance_requirements": [],
            "instance_type": "t2.micro",
            "kernel_id": "",
            "key_name": "vockey",
            "latest_version": 1,
            "license_specification": [],
            "maintenance_options": [],
            "metadata_options": [],
            "monitoring": [],
            "name": "pi-infra-development-user-svc2-lt-20260106125854822000000009",
            "name_prefix": "pi-infra-development-user-svc2-lt-",
            "network_interfaces": [],
            "placement": [],
            "private_dns_name_options": [],
            "ram_disk_id": "",
            "region": "us-east-1",
            "security_group_names": null,
            "tag_specifications": [
              {
                "resource_type": "instance",
                "tags": {
                  "Name": "pi-infra-development-user-svc2",
                  "Role": "microservice",
                  "Svc": "svc2"
                }
              }
            ],
            "tags": null,
            "tags_all": {
              "Environment": "development",
              "ManagedBy": "terraform",
              "Project": "pi-infra",
              "Team": "MACC"
            },
            "update_default_version": null,
            "user_data": "IyEvYmluL2Jhc2gNCnNldCAtZQ0KDQphcHQtZ2V0IHVwZGF0ZSAteQ0KYXB0LWdldCBpbnN0YWxsIC15IHB5dGhvbjMNCg0KY2F0ID4vdXNyL2xvY2FsL2Jpbi9zdmMyLnB5IDw8J1BZJw0KZnJvbSBodHRwLnNlcnZlciBpbXBvcnQgQmFzZUhUVFBSZXF1ZXN0SGFuZGxlciwgSFRUUFNlcnZlcg0KaW1wb3J0IG9zDQppbXBvcnQgc29ja2V0DQoNCk5BTUUgPSBvcy5lbnZpcm9uLmdldCgiU1ZDX05BTUUiLCAic3ZjIikNClBPUlQgPSBpbnQob3MuZW52aXJvbi5nZXQoIlNWQ19QT1JUIiwgIjgwODAiKSkNCkhPU1ROQU1FID0gc29ja2V0LmdldGhvc3RuYW1lKCkNCklQID0gc29ja2V0LmdldGhvc3RieW5hbWUoSE9TVE5BTUUpDQoNCmNsYXNzIEgoQmFzZUhUVFBSZXF1ZXN0SGFuZGxlcik6DQogICAgZGVmIGRvX0dFVChzZWxmKToNCiAgICAgICAgc2VsZi5zZW5kX3Jlc3BvbnNlKDIwMCkNCiAgICAgICAgc2VsZi5zZW5kX2hlYWRlcigiQ29udGVudC1UeXBlIiwgInRleHQvcGxhaW4iKQ0KICAgICAgICBzZWxmLmVuZF9oZWFkZXJzKCkNCg0KICAgICAgICBib2R5ID0gZiIiIg0Kc2VydmljZT17TkFNRX0NCmhvc3RuYW1lPXtIT1NUTkFNRX0NCmlwPXtJUH0NCnBvcnQ9e1BPUlR9DQpwYXRoPXtzZWxmLnBhdGh9DQoiIiINCiAgICAgICAgc2VsZi53ZmlsZS53cml0ZShib2R5LmVuY29kZSgpKQ0KDQogICAgZGVmIGxvZ19tZXNzYWdlKHNlbGYsIGZvcm1hdCwgKmFyZ3MpOg0KICAgICAgICByZXR1cm4NCg0KaWYgX19uYW1lX18gPT0gIl9fbWFpbl9fIjoNCiAgICBodHRwZCA9IEhUVFBTZXJ2ZXIoKCIwLjAuMC4wIiwgUE9SVCksIEgpDQogICAgaHR0cGQuc2VydmVfZm9yZXZlcigpDQpQWQ0KDQpjYXQgPi9ldGMvc3lzdGVtZC9zeXN0ZW0vc3ZjMi5zZXJ2aWNlIDw8U0VSVklDRQ0KW1VuaXRdDQpEZXNjcmlwdGlvbj1zdmMyIHNpbXBsZSBzZXJ2aWNlDQpBZnRlcj1uZXR3b3JrLnRhcmdldA0KDQpbU2VydmljZV0NCkVudmlyb25tZW50PVNWQ19OQU1FPXN2YzINCkVudmlyb25tZW50PVNWQ19QT1JUPTgwODINCkV4ZWNTdGFydD0vdXNyL2Jpbi9weXRob24zIC91c3IvbG9jYWwvYmluL3N2YzIucHkNClJlc3RhcnQ9YWx3YXlzDQoNCltJbnN0YWxsXQ0KV2FudGVkQnk9bXVsdGktdXNlci50YXJnZXQNClNFUlZJQ0UNCg0Kc3lzdGVtY3RsIGRhZW1vbi1yZWxvYWQNCnN5c3RlbWN0bCBlbmFibGUgc3ZjMg0Kc3lzdGVtY3RsIHN0YXJ0IHN2YzINCg==",
            "vpc_security_group_ids": [
              "sg-0912bcd7ea6faff7c"
            ]
          },
          "sensitive_attributes": [],
          "identity_schema_version": 0,
          "private": "eyJzY2hlbWFfdmVyc2lvbiI6IjEifQ==",
          "dependencies": [
            "data.aws_ami.ubuntu",
            "module.network.aws_vpc.main",
            "module.security_groups.aws_security_group.microservices"
          ]
        },
        {
          "index_key": "svc3",
          "schema_version": 1,
          "attributes": {
            "arn": "arn:aws:ec2:us-east-1:512411987939:launch-template/lt-0d63ad0d1f53b6ef1",
            "block_device_mappings": [],
            "capacity_reservation_specification": [],
            "cpu_options": [],
            "credit_specification": [],
            "default_version": 1,
            "description": "",
            "disable_api_stop": false,
            "disable_api_termination": false,
            "ebs_optimized": "",
            "enclave_options": [],
            "hibernation_options": [],
            "iam_instance_profile": [],
            "id": "lt-0d63ad0d1f53b6ef1",
            "image_id": "ami-0030e4319cbf4dbf2",
            "instance_initiated_shutdown_behavior": "",
            "instance_market_options": [],
            "instance_requirements": [],
            "instance_type": "t2.micro",
            "kernel_id": "",
            "key_name": "vockey",
            "latest_version": 1,
            "license_specification": [],
            "maintenance_options": [],
            "metadata_options": [],
            "monitoring": [],
            "name": "pi-infra-development-user-svc3-lt-20260106125854808200000007",
            "name_prefix": "pi-infra-development-user-svc3-lt-",
            "network_interfaces": [],
            "placement": [],
            "private_dns_name_options": [],
            "ram_disk_id": "",
            "region": "us-east-1",
            "security_group_names": null,
            "tag_specifications": [
              {
                "resource_type": "instance",
                "tags": {
                  "Name": "pi-infra-development-user-svc3",
                  "Role": "microservice",
                  "Svc": "svc3"
                }
              }
            ],
            "tags": null,
            "tags_all": {
              "Environment": "development",
              "ManagedBy": "terraform",
              "Project": "pi-infra",
              "Team": "MACC"
            },
            "update_default_version": null,
            "user_data": "IyEvYmluL2Jhc2gNCnNldCAtZQ0KDQphcHQtZ2V0IHVwZGF0ZSAteQ0KYXB0LWdldCBpbnN0YWxsIC15IHB5dGhvbjMNCg0KY2F0ID4vdXNyL2xvY2FsL2Jpbi9zdmMzLnB5IDw8J1BZJw0KZnJvbSBodHRwLnNlcnZlciBpbXBvcnQgQmFzZUhUVFBSZXF1ZXN0SGFuZGxlciwgSFRUUFNlcnZlcg0KaW1wb3J0IG9zDQppbXBvcnQgc29ja2V0DQoNCk5BTUUgPSBvcy5lbnZpcm9uLmdldCgiU1ZDX05BTUUiLCAic3ZjIikNClBPUlQgPSBpbnQob3MuZW52aXJvbi5nZXQoIlNWQ19QT1JUIiwgIjgwODAiKSkNCkhPU1ROQU1FID0gc29ja2V0LmdldGhvc3RuYW1lKCkNCklQID0gc29ja2V0LmdldGhvc3RieW5hbWUoSE9TVE5BTUUpDQoNCmNsYXNzIEgoQmFzZUhUVFBSZXF1ZXN0SGFuZGxlcik6DQogICAgZGVmIGRvX0dFVChzZWxmKToNCiAgICAgICAgc2VsZi5zZW5kX3Jlc3BvbnNlKDIwMCkNCiAgICAgICAgc2VsZi5zZW5kX2hlYWRlcigiQ29udGVudC1UeXBlIiwgInRleHQvcGxhaW4iKQ0KICAgICAgICBzZWxmLmVuZF9oZWFkZXJzKCkNCg0KICAgICAgICBib2R5ID0gZiIiIg0Kc2VydmljZT17TkFNRX0NCmhvc3RuYW1lPXtIT1NUTkFNRX0NCmlwPXtJUH0NCnBvcnQ9e1BPUlR9DQpwYXRoPXtzZWxmLnBhdGh9DQoiIiINCiAgICAgICAgc2VsZi53ZmlsZS53cml0ZShib2R5LmVuY29kZSgpKQ0KDQogICAgZGVmIGxvZ19tZXNzYWdlKHNlbGYsIGZvcm1hdCwgKmFyZ3MpOg0KICAgICAgICByZXR1cm4NCg0KaWYgX19uYW1lX18gPT0gIl9fbWFpbl9fIjoNCiAgICBodHRwZCA9IEhUVFBTZXJ2ZXIoKCIwLjAuMC4wIiwgUE9SVCksIEgpDQogICAgaHR0cGQuc2VydmVfZm9yZXZlcigpDQpQWQ0KDQpjYXQgPi9ldGMvc3lzdGVtZC9zeXN0ZW0vc3ZjMy5zZXJ2aWNlIDw8U0VSVklDRQ0KW1VuaXRdDQpEZXNjcmlwdGlvbj1zdmMzIHNpbXBsZSBzZXJ2aWNlDQpBZnRlcj1uZXR3b3JrLnRhcmdldA0KDQpbU2VydmljZV0NCkVudmlyb25tZW50PVNWQ19OQU1FPXN2YzMNCkVudmlyb25tZW50PVNWQ19QT1JUPTgwODMNCkV4ZWNTdGFydD0vdXNyL2Jpbi9weXRob24zIC91c3IvbG9jYWwvYmluL3N2YzMucHkNClJlc3RhcnQ9YWx3YXlzDQoNCltJbnN0YWxsXQ0KV2FudGVkQnk9bXVsdGktdXNlci50YXJnZXQNClNFUlZJQ0UNCg0Kc3lzdGVtY3RsIGRhZW1vbi1yZWxvYWQNCnN5c3RlbWN0bCBlbmFibGUgc3ZjMw0Kc3lzdGVtY3RsIHN0YXJ0IHN2YzMNCg==",
            "vpc_security_group_ids": [
              "sg-0912bcd7ea6faff7c"
            ]
          },
          "sensitive_attributes": [],
          "identity_schema_version": 0,
          "private": "eyJzY2hlbWFfdmVyc2lvbiI6IjEifQ==",
          "dependencies": [
            "data.aws_ami.ubuntu",
            "module.network.aws_vpc.main",
            "module.security_groups.aws_security_group.microservices"
          ]
        }
      ]
    },
    {
      "module": "module.nat_bastion",
      "mode": "managed",
      "type": "aws_eip",
      "name": "nat_bastion",
      "provider": "provider[\"registry.terraform.io/hashicorp/aws\"]",
      "instances": [
        {
          "schema_version": 0,
          "attributes": {
            "address": null,
            "allocation_id": "eipalloc-025ef5dea026c69b2",
            "arn": "arn:aws:ec2:us-east-1:512411987939:elastic-ip/eipalloc-025ef5dea026c69b2",
            "associate_with_private_ip": null,
            "association_id": "",
            "carrier_ip": "",
            "customer_owned_ip": "",
            "customer_owned_ipv4_pool": "",
            "domain": "vpc",
            "id": "eipalloc-025ef5dea026c69b2",
            "instance": "",
            "ipam_pool_id": null,
            "network_border_group": "us-east-1",
            "network_interface": "",
            "private_dns": null,
            "private_ip": "",
            "ptr_record": "",
            "public_dns": "ec2-18-205-93-0.compute-1.amazonaws.com",
            "public_ip": "18.205.93.0",
            "public_ipv4_pool": "amazon",
            "region": "us-east-1",
            "tags": {
              "Name": "pi-infra-development-user-nat-bastion-eip"
            },
            "tags_all": {
              "Environment": "development",
              "ManagedBy": "terraform",
              "Name": "pi-infra-development-user-nat-bastion-eip",
              "Project": "pi-infra",
              "Team": "MACC"
            },
            "timeouts": null
          },
          "sensitive_attributes": [],
          "identity_schema_version": 0,
          "private": "eyJlMmJmYjczMC1lY2FhLTExZTYtOGY4OC0zNDM2M2JjN2M0YzAiOnsiZGVsZXRlIjoxODAwMDAwMDAwMDAsInJlYWQiOjkwMDAwMDAwMDAwMCwidXBkYXRlIjozMDAwMDAwMDAwMDB9fQ=="
        }
      ]
    },
    {
      "module": "module.nat_bastion",
      "mode": "managed",
      "type": "aws_eip_association",
      "name": "nat_bastion",
      "provider": "provider[\"registry.terraform.io/hashicorp/aws\"]",
      "instances": [
        {
          "schema_version": 0,
          "attributes": {
            "allocation_id": "eipalloc-025ef5dea026c69b2",
            "allow_reassociation": null,
            "id": "eipassoc-0b8be496cc8917af2",
            "instance_id": "i-0d1b77e8aa599e57f",
            "network_interface_id": "eni-0b8861b5eb1843022",
            "private_ip_address": "10.0.1.151",
            "public_ip": "18.205.93.0",
            "region": "us-east-1"
          },
          "sensitive_attributes": [],
          "identity_schema_version": 0,
          "private": "bnVsbA==",
          "dependencies": [
            "data.aws_ami.debian_12",
            "data.aws_availability_zones.available",
            "module.nat_bastion.aws_eip.nat_bastion",
            "module.nat_bastion.aws_instance.nat_bastion",
            "module.network.aws_subnet.public_az1",
            "module.network.aws_vpc.main",
            "module.security_groups.aws_security_group.nat_bastion"
          ]
        }
      ]
    },
    {
      "module": "module.nat_bastion",
      "mode": "managed",
      "type": "aws_instance",
      "name": "nat_bastion",
      "provider": "provider[\"registry.terraform.io/hashicorp/aws\"]",
      "instances": [
        {
          "schema_version": 2,
          "attributes": {
            "ami": "ami-0c526ffa455aee359",
            "arn": "arn:aws:ec2:us-east-1:512411987939:instance/i-0d1b77e8aa599e57f",
            "associate_public_ip_address": true,
            "availability_zone": "us-east-1a",
            "capacity_reservation_specification": [
              {
                "capacity_reservation_preference": "open",
                "capacity_reservation_target": []
              }
            ],
            "cpu_options": [
              {
                "amd_sev_snp": "",
                "core_count": 1,
                "threads_per_core": 1
              }
            ],
            "credit_specification": [
              {
                "cpu_credits": "standard"
              }
            ],
            "disable_api_stop": false,
            "disable_api_termination": false,
            "ebs_block_device": [],
            "ebs_optimized": false,
            "enable_primary_ipv6": null,
            "enclave_options": [
              {
                "enabled": false
              }
            ],
            "ephemeral_block_device": [],
            "force_destroy": false,
            "get_password_data": false,
            "hibernation": false,
            "host_id": "",
            "host_resource_group_arn": null,
            "iam_instance_profile": "",
            "id": "i-0d1b77e8aa599e57f",
            "instance_initiated_shutdown_behavior": "stop",
            "instance_lifecycle": "",
            "instance_market_options": [],
            "instance_state": "running",
            "instance_type": "t2.micro",
            "ipv6_address_count": 0,
            "ipv6_addresses": [],
            "key_name": "vockey",
            "launch_template": [],
            "maintenance_options": [
              {
                "auto_recovery": "default"
              }
            ],
            "metadata_options": [
              {
                "http_endpoint": "enabled",
                "http_protocol_ipv6": "disabled",
                "http_put_response_hop_limit": 1,
                "http_tokens": "optional",
                "instance_metadata_tags": "disabled"
              }
            ],
            "monitoring": false,
            "network_interface": [],
            "outpost_arn": "",
            "password_data": "",
            "placement_group": "",
            "placement_group_id": "",
            "placement_partition_number": 0,
            "primary_network_interface": [
              {
                "delete_on_termination": true,
                "network_interface_id": "eni-0b8861b5eb1843022"
              }
            ],
            "primary_network_interface_id": "eni-0b8861b5eb1843022",
            "private_dns": "ip-10-0-1-151.ec2.internal",
            "private_dns_name_options": [
              {
                "enable_resource_name_dns_a_record": false,
                "enable_resource_name_dns_aaaa_record": false,
                "hostname_type": "ip-name"
              }
            ],
            "private_ip": "10.0.1.151",
            "public_dns": "ec2-3-94-76-35.compute-1.amazonaws.com",
            "public_ip": "3.94.76.35",
            "region": "us-east-1",
            "root_block_device": [
              {
                "delete_on_termination": true,
                "device_name": "/dev/xvda",
                "encrypted": false,
                "iops": 3000,
                "kms_key_id": "",
                "tags": {
                  "Environment": "development",
                  "ManagedBy": "terraform",
                  "Project": "pi-infra",
                  "Team": "MACC"
                },
                "tags_all": {
                  "Environment": "development",
                  "ManagedBy": "terraform",
                  "Project": "pi-infra",
                  "Team": "MACC"
                },
                "throughput": 125,
                "volume_id": "vol-029091a9ba6affdf7",
                "volume_size": 8,
                "volume_type": "gp3"
              }
            ],
            "secondary_private_ips": [],
            "security_groups": [],
            "source_dest_check": false,
            "spot_instance_request_id": "",
            "subnet_id": "subnet-0bf10205822fc29a4",
            "tags": {
              "Name": "pi-infra-development-user-nat-bastion"
            },
            "tags_all": {
              "Environment": "development",
              "ManagedBy": "terraform",
              "Name": "pi-infra-development-user-nat-bastion",
              "Project": "pi-infra",
              "Team": "MACC"
            },
            "tenancy": "default",
            "timeouts": null,
            "user_data": "    #!/bin/bash\r\n    set -e\r\n\r\n    apt-get update -y\r\n    apt-get install -y python3\r\n",
            "user_data_base64": null,
            "user_data_replace_on_change": false,
            "volume_tags": null,
            "vpc_security_group_ids": [
              "sg-09c85a9ad0d602038"
            ]
          },
          "sensitive_attributes": [],
          "identity_schema_version": 0,
          "identity": {
            "account_id": "512411987939",
            "id": "i-0d1b77e8aa599e57f",
            "region": "us-east-1"
          },
          "private": "eyJlMmJmYjczMC1lY2FhLTExZTYtOGY4OC0zNDM2M2JjN2M0YzAiOnsiY3JlYXRlIjo2MDAwMDAwMDAwMDAsImRlbGV0ZSI6MTIwMDAwMDAwMDAwMCwicmVhZCI6OTAwMDAwMDAwMDAwLCJ1cGRhdGUiOjYwMDAwMDAwMDAwMH0sInNjaGVtYV92ZXJzaW9uIjoiMiJ9",
          "dependencies": [
            "data.aws_ami.debian_12",
            "data.aws_availability_zones.available",
            "module.network.aws_subnet.public_az1",
            "module.network.aws_vpc.main",
            "module.security_groups.aws_security_group.nat_bastion"
          ]
        }
      ]
    },
    {
      "module": "module.nat_bastion",
      "mode": "managed",
      "type": "aws_route",
      "name": "private_default_via_nat_instance",
      "provider": "provider[\"registry.terraform.io/hashicorp/aws\"]",
      "instances": [
        {
          "schema_version": 0,
          "attributes": {
            "carrier_gateway_id": "",
            "core_network_arn": "",
            "destination_cidr_block": "0.0.0.0/0",
            "destination_ipv6_cidr_block": "",
            "destination_prefix_list_id": "",
            "egress_only_gateway_id": "",
            "gateway_id": "",
            "id": "r-rtb-09d0ed3b588f028c91080289494",
            "instance_id": "i-0d1b77e8aa599e57f",
            "instance_owner_id": "512411987939",
            "local_gateway_id": "",
            "nat_gateway_id": "",
            "network_interface_id": "eni-0b8861b5eb1843022",
            "origin": "CreateRoute",
            "region": "us-east-1",
            "route_table_id": "rtb-09d0ed3b588f028c9",
            "state": "active",
            "timeouts": null,
            "transit_gateway_id": "",
            "vpc_endpoint_id": "",
            "vpc_peering_connection_id": ""
          },
          "sensitive_attributes": [],
          "identity_schema_version": 0,
          "identity": {
            "account_id": "512411987939",
            "destination_cidr_block": "0.0.0.0/0",
            "destination_ipv6_cidr_block": null,
            "destination_prefix_list_id": null,
            "region": "us-east-1",
            "route_table_id": "rtb-09d0ed3b588f028c9"
          },
          "private": "eyJlMmJmYjczMC1lY2FhLTExZTYtOGY4OC0zNDM2M2JjN2M0YzAiOnsiY3JlYXRlIjozMDAwMDAwMDAwMDAsImRlbGV0ZSI6MzAwMDAwMDAwMDAwLCJ1cGRhdGUiOjEyMDAwMDAwMDAwMH19",
          "dependencies": [
            "data.aws_ami.debian_12",
            "data.aws_availability_zones.available",
            "module.nat_bastion.aws_instance.nat_bastion",
            "module.network.aws_route_table.private",
            "module.network.aws_subnet.public_az1",
            "module.network.aws_vpc.main",
            "module.security_groups.aws_security_group.nat_bastion"
          ]
        }
      ]
    },
    {
      "module": "module.network",
      "mode": "managed",
      "type": "aws_internet_gateway",
      "name": "igw",
      "provider": "provider[\"registry.terraform.io/hashicorp/aws\"]",
      "instances": [
        {
          "schema_version": 0,
          "attributes": {
            "arn": "arn:aws:ec2:us-east-1:512411987939:internet-gateway/igw-027736c620dec15fc",
            "id": "igw-027736c620dec15fc",
            "owner_id": "512411987939",
            "region": "us-east-1",
            "tags": {
              "Name": "pi-infra-development-user-igw"
            },
            "tags_all": {
              "Environment": "development",
              "ManagedBy": "terraform",
              "Name": "pi-infra-development-user-igw",
              "Project": "pi-infra",
              "Team": "MACC"
            },
            "timeouts": null,
            "vpc_id": "vpc-031eb93780473fa5c"
          },
          "sensitive_attributes": [],
          "identity_schema_version": 0,
          "private": "eyJlMmJmYjczMC1lY2FhLTExZTYtOGY4OC0zNDM2M2JjN2M0YzAiOnsiY3JlYXRlIjoxMjAwMDAwMDAwMDAwLCJkZWxldGUiOjEyMDAwMDAwMDAwMDAsInVwZGF0ZSI6MTIwMDAwMDAwMDAwMH19",
          "dependencies": [
            "module.network.aws_vpc.main"
          ]
        }
      ]
    },
    {
      "module": "module.network",
      "mode": "managed",
      "type": "aws_route",
      "name": "public_default",
      "provider": "provider[\"registry.terraform.io/hashicorp/aws\"]",
      "instances": [
        {
          "schema_version": 0,
          "attributes": {
            "carrier_gateway_id": "",
            "core_network_arn": "",
            "destination_cidr_block": "0.0.0.0/0",
            "destination_ipv6_cidr_block": "",
            "destination_prefix_list_id": "",
            "egress_only_gateway_id": "",
            "gateway_id": "igw-027736c620dec15fc",
            "id": "r-rtb-02c3dae6c6023fc891080289494",
            "instance_id": "",
            "instance_owner_id": "",
            "local_gateway_id": "",
            "nat_gateway_id": "",
            "network_interface_id": "",
            "origin": "CreateRoute",
            "region": "us-east-1",
            "route_table_id": "rtb-02c3dae6c6023fc89",
            "state": "active",
            "timeouts": null,
            "transit_gateway_id": "",
            "vpc_endpoint_id": "",
            "vpc_peering_connection_id": ""
          },
          "sensitive_attributes": [],
          "identity_schema_version": 0,
          "identity": {
            "account_id": "512411987939",
            "destination_cidr_block": "0.0.0.0/0",
            "destination_ipv6_cidr_block": null,
            "destination_prefix_list_id": null,
            "region": "us-east-1",
            "route_table_id": "rtb-02c3dae6c6023fc89"
          },
          "private": "eyJlMmJmYjczMC1lY2FhLTExZTYtOGY4OC0zNDM2M2JjN2M0YzAiOnsiY3JlYXRlIjozMDAwMDAwMDAwMDAsImRlbGV0ZSI6MzAwMDAwMDAwMDAwLCJ1cGRhdGUiOjEyMDAwMDAwMDAwMH19",
          "dependencies": [
            "module.network.aws_internet_gateway.igw",
            "module.network.aws_route_table.public",
            "module.network.aws_vpc.main"
          ]
        }
      ]
    },
    {
      "module": "module.network",
      "mode": "managed",
      "type": "aws_route_table",
      "name": "private",
      "provider": "provider[\"registry.terraform.io/hashicorp/aws\"]",
      "instances": [
        {
          "schema_version": 0,
          "attributes": {
            "arn": "arn:aws:ec2:us-east-1:512411987939:route-table/rtb-09d0ed3b588f028c9",
            "id": "rtb-09d0ed3b588f028c9",
            "owner_id": "512411987939",
            "propagating_vgws": [],
            "region": "us-east-1",
            "route": [],
            "tags": {
              "Name": "pi-infra-development-user-rt-private"
            },
            "tags_all": {
              "Environment": "development",
              "ManagedBy": "terraform",
              "Name": "pi-infra-development-user-rt-private",
              "Project": "pi-infra",
              "Team": "MACC"
            },
            "timeouts": null,
            "vpc_id": "vpc-031eb93780473fa5c"
          },
          "sensitive_attributes": [],
          "identity_schema_version": 0,
          "identity": {
            "account_id": "512411987939",
            "id": "rtb-09d0ed3b588f028c9",
            "region": "us-east-1"
          },
          "private": "eyJlMmJmYjczMC1lY2FhLTExZTYtOGY4OC0zNDM2M2JjN2M0YzAiOnsiY3JlYXRlIjozMDAwMDAwMDAwMDAsImRlbGV0ZSI6MzAwMDAwMDAwMDAwLCJ1cGRhdGUiOjEyMDAwMDAwMDAwMH19",
          "dependencies": [
            "module.network.aws_vpc.main"
          ]
        }
      ]
    },
    {
      "module": "module.network",
      "mode": "managed",
      "type": "aws_route_table",
      "name": "public",
      "provider": "provider[\"registry.terraform.io/hashicorp/aws\"]",
      "instances": [
        {
          "schema_version": 0,
          "attributes": {
            "arn": "arn:aws:ec2:us-east-1:512411987939:route-table/rtb-02c3dae6c6023fc89",
            "id": "rtb-02c3dae6c6023fc89",
            "owner_id": "512411987939",
            "propagating_vgws": [],
            "region": "us-east-1",
            "route": [],
            "tags": {
              "Name": "pi-infra-development-user-rt-public"
            },
            "tags_all": {
              "Environment": "development",
              "ManagedBy": "terraform",
              "Name": "pi-infra-development-user-rt-public",
              "Project": "pi-infra",
              "Team": "MACC"
            },
            "timeouts": null,
            "vpc_id": "vpc-031eb93780473fa5c"
          },
          "sensitive_attributes": [],
          "identity_schema_version": 0,
          "identity": {
            "account_id": "512411987939",
            "id": "rtb-02c3dae6c6023fc89",
            "region": "us-east-1"
          },
          "private": "eyJlMmJmYjczMC1lY2FhLTExZTYtOGY4OC0zNDM2M2JjN2M0YzAiOnsiY3JlYXRlIjozMDAwMDAwMDAwMDAsImRlbGV0ZSI6MzAwMDAwMDAwMDAwLCJ1cGRhdGUiOjEyMDAwMDAwMDAwMH19",
          "dependencies": [
            "module.network.aws_vpc.main"
          ]
        }
      ]
    },
    {
      "module": "module.network",
      "mode": "managed",
      "type": "aws_route_table_association",
      "name": "private_az1_assoc",
      "provider": "provider[\"registry.terraform.io/hashicorp/aws\"]",
      "instances": [
        {
          "schema_version": 0,
          "attributes": {
            "gateway_id": "",
            "id": "rtbassoc-0b38cb9291bd7357a",
            "region": "us-east-1",
            "route_table_id": "rtb-09d0ed3b588f028c9",
            "subnet_id": "subnet-0fa71f72e6e7bfc25",
            "timeouts": null
          },
          "sensitive_attributes": [],
          "identity_schema_version": 0,
          "private": "eyJlMmJmYjczMC1lY2FhLTExZTYtOGY4OC0zNDM2M2JjN2M0YzAiOnsiY3JlYXRlIjozMDAwMDAwMDAwMDAsImRlbGV0ZSI6MzAwMDAwMDAwMDAwLCJ1cGRhdGUiOjEyMDAwMDAwMDAwMH19",
          "dependencies": [
            "data.aws_availability_zones.available",
            "module.network.aws_route_table.private",
            "module.network.aws_subnet.private_az1",
            "module.network.aws_vpc.main"
          ]
        }
      ]
    },
    {
      "module": "module.network",
      "mode": "managed",
      "type": "aws_route_table_association",
      "name": "private_az2_assoc",
      "provider": "provider[\"registry.terraform.io/hashicorp/aws\"]",
      "instances": [
        {
          "schema_version": 0,
          "attributes": {
            "gateway_id": "",
            "id": "rtbassoc-077dafd813fcce48f",
            "region": "us-east-1",
            "route_table_id": "rtb-09d0ed3b588f028c9",
            "subnet_id": "subnet-0f9e9d649171944d6",
            "timeouts": null
          },
          "sensitive_attributes": [],
          "identity_schema_version": 0,
          "private": "eyJlMmJmYjczMC1lY2FhLTExZTYtOGY4OC0zNDM2M2JjN2M0YzAiOnsiY3JlYXRlIjozMDAwMDAwMDAwMDAsImRlbGV0ZSI6MzAwMDAwMDAwMDAwLCJ1cGRhdGUiOjEyMDAwMDAwMDAwMH19",
          "dependencies": [
            "data.aws_availability_zones.available",
            "module.network.aws_route_table.private",
            "module.network.aws_subnet.private_az2",
            "module.network.aws_vpc.main"
          ]
        }
      ]
    },
    {
      "module": "module.network",
      "mode": "managed",
      "type": "aws_route_table_association",
      "name": "public_assoc",
      "provider": "provider[\"registry.terraform.io/hashicorp/aws\"]",
      "instances": [
        {
          "schema_version": 0,
          "attributes": {
            "gateway_id": "",
            "id": "rtbassoc-004e4f1473c80c82b",
            "region": "us-east-1",
            "route_table_id": "rtb-02c3dae6c6023fc89",
            "subnet_id": "subnet-0bf10205822fc29a4",
            "timeouts": null
          },
          "sensitive_attributes": [],
          "identity_schema_version": 0,
          "private": "eyJlMmJmYjczMC1lY2FhLTExZTYtOGY4OC0zNDM2M2JjN2M0YzAiOnsiY3JlYXRlIjozMDAwMDAwMDAwMDAsImRlbGV0ZSI6MzAwMDAwMDAwMDAwLCJ1cGRhdGUiOjEyMDAwMDAwMDAwMH19",
          "dependencies": [
            "data.aws_availability_zones.available",
            "module.network.aws_route_table.public",
            "module.network.aws_subnet.public_az1",
            "module.network.aws_vpc.main"
          ]
        }
      ]
    },
    {
      "module": "module.network",
      "mode": "managed",
      "type": "aws_subnet",
      "name": "private_az1",
      "provider": "provider[\"registry.terraform.io/hashicorp/aws\"]",
      "instances": [
        {
          "schema_version": 1,
          "attributes": {
            "arn": "arn:aws:ec2:us-east-1:512411987939:subnet/subnet-0fa71f72e6e7bfc25",
            "assign_ipv6_address_on_creation": false,
            "availability_zone": "us-east-1a",
            "availability_zone_id": "use1-az6",
            "cidr_block": "10.0.10.0/24",
            "customer_owned_ipv4_pool": "",
            "enable_dns64": false,
            "enable_lni_at_device_index": 0,
            "enable_resource_name_dns_a_record_on_launch": false,
            "enable_resource_name_dns_aaaa_record_on_launch": false,
            "id": "subnet-0fa71f72e6e7bfc25",
            "ipv6_cidr_block": "",
            "ipv6_cidr_block_association_id": "",
            "ipv6_native": false,
            "map_customer_owned_ip_on_launch": false,
            "map_public_ip_on_launch": false,
            "outpost_arn": "",
            "owner_id": "512411987939",
            "private_dns_hostname_type_on_launch": "ip-name",
            "region": "us-east-1",
            "tags": {
              "Name": "pi-infra-development-user-private-az1",
              "Tier": "private"
            },
            "tags_all": {
              "Environment": "development",
              "ManagedBy": "terraform",
              "Name": "pi-infra-development-user-private-az1",
              "Project": "pi-infra",
              "Team": "MACC",
              "Tier": "private"
            },
            "timeouts": null,
            "vpc_id": "vpc-031eb93780473fa5c"
          },
          "sensitive_attributes": [],
          "identity_schema_version": 0,
          "identity": {
            "account_id": "512411987939",
            "id": "subnet-0fa71f72e6e7bfc25",
            "region": "us-east-1"
          },
          "private": "eyJlMmJmYjczMC1lY2FhLTExZTYtOGY4OC0zNDM2M2JjN2M0YzAiOnsiY3JlYXRlIjo2MDAwMDAwMDAwMDAsImRlbGV0ZSI6MTIwMDAwMDAwMDAwMH0sInNjaGVtYV92ZXJzaW9uIjoiMSJ9",
          "dependencies": [
            "data.aws_availability_zones.available",
            "module.network.aws_vpc.main"
          ]
        }
      ]
    },
    {
      "module": "module.network",
      "mode": "managed",
      "type": "aws_subnet",
      "name": "private_az2",
      "provider": "provider[\"registry.terraform.io/hashicorp/aws\"]",
      "instances": [
        {
          "schema_version": 1,
          "attributes": {
            "arn": "arn:aws:ec2:us-east-1:512411987939:subnet/subnet-0f9e9d649171944d6",
            "assign_ipv6_address_on_creation": false,
            "availability_zone": "us-east-1b",
            "availability_zone_id": "use1-az1",
            "cidr_block": "10.0.11.0/24",
            "customer_owned_ipv4_pool": "",
            "enable_dns64": false,
            "enable_lni_at_device_index": 0,
            "enable_resource_name_dns_a_record_on_launch": false,
            "enable_resource_name_dns_aaaa_record_on_launch": false,
            "id": "subnet-0f9e9d649171944d6",
            "ipv6_cidr_block": "",
            "ipv6_cidr_block_association_id": "",
            "ipv6_native": false,
            "map_customer_owned_ip_on_launch": false,
            "map_public_ip_on_launch": false,
            "outpost_arn": "",
            "owner_id": "512411987939",
            "private_dns_hostname_type_on_launch": "ip-name",
            "region": "us-east-1",
            "tags": {
              "Name": "pi-infra-development-user-private-az2",
              "Tier": "private"
            },
            "tags_all": {
              "Environment": "development",
              "ManagedBy": "terraform",
              "Name": "pi-infra-development-user-private-az2",
              "Project": "pi-infra",
              "Team": "MACC",
              "Tier": "private"
            },
            "timeouts": null,
            "vpc_id": "vpc-031eb93780473fa5c"
          },
          "sensitive_attributes": [],
          "identity_schema_version": 0,
          "identity": {
            "account_id": "512411987939",
            "id": "subnet-0f9e9d649171944d6",
            "region": "us-east-1"
          },
          "private": "eyJlMmJmYjczMC1lY2FhLTExZTYtOGY4OC0zNDM2M2JjN2M0YzAiOnsiY3JlYXRlIjo2MDAwMDAwMDAwMDAsImRlbGV0ZSI6MTIwMDAwMDAwMDAwMH0sInNjaGVtYV92ZXJzaW9uIjoiMSJ9",
          "dependencies": [
            "data.aws_availability_zones.available",
            "module.network.aws_vpc.main"
          ]
        }
      ]
    },
    {
      "module": "module.network",
      "mode": "managed",
      "type": "aws_subnet",
      "name": "public_az1",
      "provider": "provider[\"registry.terraform.io/hashicorp/aws\"]",
      "instances": [
        {
          "schema_version": 1,
          "attributes": {
            "arn": "arn:aws:ec2:us-east-1:512411987939:subnet/subnet-0bf10205822fc29a4",
            "assign_ipv6_address_on_creation": false,
            "availability_zone": "us-east-1a",
            "availability_zone_id": "use1-az6",
            "cidr_block": "10.0.1.0/24",
            "customer_owned_ipv4_pool": "",
            "enable_dns64": false,
            "enable_lni_at_device_index": 0,
            "enable_resource_name_dns_a_record_on_launch": false,
            "enable_resource_name_dns_aaaa_record_on_launch": false,
            "id": "subnet-0bf10205822fc29a4",
            "ipv6_cidr_block": "",
            "ipv6_cidr_block_association_id": "",
            "ipv6_native": false,
            "map_customer_owned_ip_on_launch": false,
            "map_public_ip_on_launch": true,
            "outpost_arn": "",
            "owner_id": "512411987939",
            "private_dns_hostname_type_on_launch": "ip-name",
            "region": "us-east-1",
            "tags": {
              "Name": "pi-infra-development-user-public-az1",
              "Tier": "public"
            },
            "tags_all": {
              "Environment": "development",
              "ManagedBy": "terraform",
              "Name": "pi-infra-development-user-public-az1",
              "Project": "pi-infra",
              "Team": "MACC",
              "Tier": "public"
            },
            "timeouts": null,
            "vpc_id": "vpc-031eb93780473fa5c"
          },
          "sensitive_attributes": [],
          "identity_schema_version": 0,
          "identity": {
            "account_id": "512411987939",
            "id": "subnet-0bf10205822fc29a4",
            "region": "us-east-1"
          },
          "private": "eyJlMmJmYjczMC1lY2FhLTExZTYtOGY4OC0zNDM2M2JjN2M0YzAiOnsiY3JlYXRlIjo2MDAwMDAwMDAwMDAsImRlbGV0ZSI6MTIwMDAwMDAwMDAwMH0sInNjaGVtYV92ZXJzaW9uIjoiMSJ9",
          "dependencies": [
            "data.aws_availability_zones.available",
            "module.network.aws_vpc.main"
          ]
        }
      ]
    },
    {
      "module": "module.network",
      "mode": "managed",
      "type": "aws_vpc",
      "name": "main",
      "provider": "provider[\"registry.terraform.io/hashicorp/aws\"]",
      "instances": [
        {
          "schema_version": 1,
          "attributes": {
            "arn": "arn:aws:ec2:us-east-1:512411987939:vpc/vpc-031eb93780473fa5c",
            "assign_generated_ipv6_cidr_block": false,
            "cidr_block": "10.0.0.0/16",
            "default_network_acl_id": "acl-0d042908cb925c80c",
            "default_route_table_id": "rtb-00c09e47ab26fb190",
            "default_security_group_id": "sg-0ef5722cab3889aa0",
            "dhcp_options_id": "dopt-0070c6c47f80ee899",
            "enable_dns_hostnames": true,
            "enable_dns_support": true,
            "enable_network_address_usage_metrics": false,
            "id": "vpc-031eb93780473fa5c",
            "instance_tenancy": "default",
            "ipv4_ipam_pool_id": null,
            "ipv4_netmask_length": null,
            "ipv6_association_id": "",
            "ipv6_cidr_block": "",
            "ipv6_cidr_block_network_border_group": "",
            "ipv6_ipam_pool_id": "",
            "ipv6_netmask_length": 0,
            "main_route_table_id": "rtb-00c09e47ab26fb190",
            "owner_id": "512411987939",
            "region": "us-east-1",
            "tags": {
              "Name": "pi-infra-development-user-vpc"
            },
            "tags_all": {
              "Environment": "development",
              "ManagedBy": "terraform",
              "Name": "pi-infra-development-user-vpc",
              "Project": "pi-infra",
              "Team": "MACC"
            }
          },
          "sensitive_attributes": [],
          "identity_schema_version": 0,
          "identity": {
            "account_id": "512411987939",
            "id": "vpc-031eb93780473fa5c",
            "region": "us-east-1"
          },
          "private": "eyJzY2hlbWFfdmVyc2lvbiI6IjEifQ=="
        }
      ]
    },
    {
      "module": "module.rds",
      "mode": "managed",
      "type": "aws_db_subnet_group",
      "name": "rds",
      "provider": "provider[\"registry.terraform.io/hashicorp/aws\"]",
      "instances": [
        {
          "schema_version": 0,
          "attributes": {
            "arn": "arn:aws:rds:us-east-1:512411987939:subgrp:pi-infra-development-user-rds-subnets",
            "description": "Managed by Terraform",
            "id": "pi-infra-development-user-rds-subnets",
            "name": "pi-infra-development-user-rds-subnets",
            "name_prefix": "",
            "region": "us-east-1",
            "subnet_ids": [
              "subnet-0f9e9d649171944d6",
              "subnet-0fa71f72e6e7bfc25"
            ],
            "supported_network_types": [
              "IPV4"
            ],
            "tags": {
              "Name": "pi-infra-development-user-rds-subnets"
            },
            "tags_all": {
              "Environment": "development",
              "ManagedBy": "terraform",
              "Name": "pi-infra-development-user-rds-subnets",
              "Project": "pi-infra",
              "Team": "MACC"
            },
            "vpc_id": "vpc-031eb93780473fa5c"
          },
          "sensitive_attributes": [],
          "identity_schema_version": 0,
          "private": "bnVsbA==",
          "dependencies": [
            "data.aws_availability_zones.available",
            "module.network.aws_subnet.private_az1",
            "module.network.aws_subnet.private_az2",
            "module.network.aws_vpc.main"
          ]
        }
      ]
    },
    {
      "module": "module.rds",
      "mode": "managed",
      "type": "aws_rds_cluster",
      "name": "aurora",
      "provider": "provider[\"registry.terraform.io/hashicorp/aws\"]",
      "instances": [
        {
          "schema_version": 1,
          "attributes": {
            "allocated_storage": 1,
            "allow_major_version_upgrade": null,
            "apply_immediately": null,
            "arn": "arn:aws:rds:us-east-1:512411987939:cluster:pi-infra-development-user-aurora",
            "availability_zones": [
              "us-east-1a",
              "us-east-1b",
              "us-east-1c"
            ],
            "backtrack_window": 0,
            "backup_retention_period": 1,
            "ca_certificate_identifier": null,
            "ca_certificate_valid_till": null,
            "cluster_identifier": "pi-infra-development-user-aurora",
            "cluster_identifier_prefix": "",
            "cluster_members": [],
            "cluster_resource_id": "cluster-H5TOS7BHI4KMAXPK5TPAWCUT3Y",
            "cluster_scalability_type": "",
            "copy_tags_to_snapshot": false,
            "database_insights_mode": "standard",
            "database_name": "appdb",
            "db_cluster_instance_class": "",
            "db_cluster_parameter_group_name": "default.aurora-mysql8.0",
            "db_instance_parameter_group_name": null,
            "db_subnet_group_name": "pi-infra-development-user-rds-subnets",
            "db_system_id": "",
            "delete_automated_backups": true,
            "deletion_protection": false,
            "domain": "",
            "domain_iam_role_name": "",
            "enable_global_write_forwarding": false,
            "enable_http_endpoint": false,
            "enable_local_write_forwarding": false,
            "enabled_cloudwatch_logs_exports": null,
            "endpoint": "pi-infra-development-user-aurora.cluster-czzma5cly3ut.us-east-1.rds.amazonaws.com",
            "engine": "aurora-mysql",
            "engine_lifecycle_support": "open-source-rds-extended-support",
            "engine_mode": "provisioned",
            "engine_version": "8.0.mysql_aurora.3.08.2",
            "engine_version_actual": "8.0.mysql_aurora.3.08.2",
            "final_snapshot_identifier": null,
            "global_cluster_identifier": "",
            "hosted_zone_id": "Z2R2ITUGPM61AM",
            "iam_database_authentication_enabled": false,
            "iam_roles": [],
            "id": "pi-infra-development-user-aurora",
            "iops": 0,
            "kms_key_id": "",
            "manage_master_user_password": null,
            "master_password": "wpenat23",
            "master_password_wo": null,
            "master_password_wo_version": null,
            "master_user_secret": [],
            "master_user_secret_kms_key_id": null,
            "master_username": "admin",
            "monitoring_interval": 0,
            "monitoring_role_arn": "",
            "network_type": "IPV4",
            "performance_insights_enabled": false,
            "performance_insights_kms_key_id": "",
            "performance_insights_retention_period": 0,
            "port": 3306,
            "preferred_backup_window": "07:45-08:15",
            "preferred_maintenance_window": "sun:06:59-sun:07:29",
            "reader_endpoint": "pi-infra-development-user-aurora.cluster-ro-czzma5cly3ut.us-east-1.rds.amazonaws.com",
            "region": "us-east-1",
            "replication_source_identifier": "",
            "restore_to_point_in_time": [],
            "s3_import": [],
            "scaling_configuration": [],
            "serverlessv2_scaling_configuration": [],
            "skip_final_snapshot": true,
            "snapshot_identifier": null,
            "source_region": null,
            "storage_encrypted": false,
            "storage_type": "",
            "tags": {
              "Name": "pi-infra-development-user-aurora"
            },
            "tags_all": {
              "Environment": "development",
              "ManagedBy": "terraform",
              "Name": "pi-infra-development-user-aurora",
              "Project": "pi-infra",
              "Team": "MACC"
            },
            "timeouts": null,
            "upgrade_rollout_order": "second",
            "vpc_security_group_ids": [
              "sg-0d8ec550c71fa6640"
            ]
          },
          "sensitive_attributes": [
            [
              {
                "type": "get_attr",
                "value": "master_password"
              }
            ],
            [
              {
                "type": "get_attr",
                "value": "master_password_wo"
              }
            ]
          ],
          "identity_schema_version": 0,
          "private": "eyJlMmJmYjczMC1lY2FhLTExZTYtOGY4OC0zNDM2M2JjN2M0YzAiOnsiY3JlYXRlIjo3MjAwMDAwMDAwMDAwLCJkZWxldGUiOjcyMDAwMDAwMDAwMDAsInVwZGF0ZSI6NzIwMDAwMDAwMDAwMH0sInNjaGVtYV92ZXJzaW9uIjoiMSJ9",
          "dependencies": [
            "data.aws_availability_zones.available",
            "module.network.aws_subnet.private_az1",
            "module.network.aws_subnet.private_az2",
            "module.network.aws_vpc.main",
            "module.rds.aws_db_subnet_group.rds",
            "module.security_groups.aws_security_group.rds"
          ]
        }
      ]
    },
    {
      "module": "module.rds",
      "mode": "managed",
      "type": "aws_rds_cluster_instance",
      "name": "aurora_instances",
      "provider": "provider[\"registry.terraform.io/hashicorp/aws\"]",
      "instances": [
        {
          "index_key": 0,
          "schema_version": 0,
          "attributes": {
            "apply_immediately": null,
            "arn": "arn:aws:rds:us-east-1:512411987939:db:pi-infra-development-user-aurora-0",
            "auto_minor_version_upgrade": true,
            "availability_zone": "us-east-1a",
            "ca_cert_identifier": "rds-ca-rsa2048-g1",
            "cluster_identifier": "pi-infra-development-user-aurora",
            "copy_tags_to_snapshot": false,
            "custom_iam_instance_profile": "",
            "db_parameter_group_name": "default.aurora-mysql8.0",
            "db_subnet_group_name": "pi-infra-development-user-rds-subnets",
            "dbi_resource_id": "db-ISXON5FP3YCLCQSC6IVPZ7VX6U",
            "endpoint": "pi-infra-development-user-aurora-0.czzma5cly3ut.us-east-1.rds.amazonaws.com",
            "engine": "aurora-mysql",
            "engine_version": "8.0.mysql_aurora.3.08.2",
            "engine_version_actual": "8.0.mysql_aurora.3.08.2",
            "force_destroy": false,
            "id": "pi-infra-development-user-aurora-0",
            "identifier": "pi-infra-development-user-aurora-0",
            "identifier_prefix": "",
            "instance_class": "db.t3.medium",
            "kms_key_id": "",
            "monitoring_interval": 0,
            "monitoring_role_arn": "",
            "network_type": "IPV4",
            "performance_insights_enabled": false,
            "performance_insights_kms_key_id": "",
            "performance_insights_retention_period": 0,
            "port": 3306,
            "preferred_backup_window": "07:45-08:15",
            "preferred_maintenance_window": "sun:03:02-sun:03:32",
            "promotion_tier": 0,
            "publicly_accessible": false,
            "region": "us-east-1",
            "storage_encrypted": false,
            "tags": {
              "Name": "pi-infra-development-user-aurora-0"
            },
            "tags_all": {
              "Environment": "development",
              "ManagedBy": "terraform",
              "Name": "pi-infra-development-user-aurora-0",
              "Project": "pi-infra",
              "Team": "MACC"
            },
            "timeouts": null,
            "writer": true
          },
          "sensitive_attributes": [],
          "identity_schema_version": 0,
          "private": "eyJlMmJmYjczMC1lY2FhLTExZTYtOGY4OC0zNDM2M2JjN2M0YzAiOnsiY3JlYXRlIjo1NDAwMDAwMDAwMDAwLCJkZWxldGUiOjU0MDAwMDAwMDAwMDAsInVwZGF0ZSI6NTQwMDAwMDAwMDAwMH19",
          "dependencies": [
            "data.aws_availability_zones.available",
            "module.network.aws_subnet.private_az1",
            "module.network.aws_subnet.private_az2",
            "module.network.aws_vpc.main",
            "module.rds.aws_db_subnet_group.rds",
            "module.rds.aws_rds_cluster.aurora",
            "module.security_groups.aws_security_group.rds"
          ]
        },
        {
          "index_key": 1,
          "schema_version": 0,
          "attributes": {
            "apply_immediately": null,
            "arn": "arn:aws:rds:us-east-1:512411987939:db:pi-infra-development-user-aurora-1",
            "auto_minor_version_upgrade": true,
            "availability_zone": "us-east-1b",
            "ca_cert_identifier": "rds-ca-rsa2048-g1",
            "cluster_identifier": "pi-infra-development-user-aurora",
            "copy_tags_to_snapshot": false,
            "custom_iam_instance_profile": "",
            "db_parameter_group_name": "default.aurora-mysql8.0",
            "db_subnet_group_name": "pi-infra-development-user-rds-subnets",
            "dbi_resource_id": "db-5KSTVDPYUZU4FDPNCMGHN2B6HE",
            "endpoint": "pi-infra-development-user-aurora-1.czzma5cly3ut.us-east-1.rds.amazonaws.com",
            "engine": "aurora-mysql",
            "engine_version": "8.0.mysql_aurora.3.08.2",
            "engine_version_actual": "8.0.mysql_aurora.3.08.2",
            "force_destroy": false,
            "id": "pi-infra-development-user-aurora-1",
            "identifier": "pi-infra-development-user-aurora-1",
            "identifier_prefix": "",
            "instance_class": "db.t3.medium",
            "kms_key_id": "",
            "monitoring_interval": 0,
            "monitoring_role_arn": "",
            "network_type": "IPV4",
            "performance_insights_enabled": false,
            "performance_insights_kms_key_id": "",
            "performance_insights_retention_period": 0,
            "port": 3306,
            "preferred_backup_window": "07:45-08:15",
            "preferred_maintenance_window": "wed:09:27-wed:09:57",
            "promotion_tier": 0,
            "publicly_accessible": false,
            "region": "us-east-1",
            "storage_encrypted": false,
            "tags": {
              "Name": "pi-infra-development-user-aurora-1"
            },
            "tags_all": {
              "Environment": "development",
              "ManagedBy": "terraform",
              "Name": "pi-infra-development-user-aurora-1",
              "Project": "pi-infra",
              "Team": "MACC"
            },
            "timeouts": null,
            "writer": false
          },
          "sensitive_attributes": [],
          "identity_schema_version": 0,
          "private": "eyJlMmJmYjczMC1lY2FhLTExZTYtOGY4OC0zNDM2M2JjN2M0YzAiOnsiY3JlYXRlIjo1NDAwMDAwMDAwMDAwLCJkZWxldGUiOjU0MDAwMDAwMDAwMDAsInVwZGF0ZSI6NTQwMDAwMDAwMDAwMH19",
          "dependencies": [
            "data.aws_availability_zones.available",
            "module.network.aws_subnet.private_az1",
            "module.network.aws_subnet.private_az2",
            "module.network.aws_vpc.main",
            "module.rds.aws_db_subnet_group.rds",
            "module.rds.aws_rds_cluster.aurora",
            "module.security_groups.aws_security_group.rds"
          ]
        },
        {
          "index_key": 2,
          "schema_version": 0,
          "attributes": {
            "apply_immediately": null,
            "arn": "arn:aws:rds:us-east-1:512411987939:db:pi-infra-development-user-aurora-2",
            "auto_minor_version_upgrade": true,
            "availability_zone": "us-east-1a",
            "ca_cert_identifier": "rds-ca-rsa2048-g1",
            "cluster_identifier": "pi-infra-development-user-aurora",
            "copy_tags_to_snapshot": false,
            "custom_iam_instance_profile": "",
            "db_parameter_group_name": "default.aurora-mysql8.0",
            "db_subnet_group_name": "pi-infra-development-user-rds-subnets",
            "dbi_resource_id": "db-Z3XEJG3F5EZW2QRAIQCIKR4B54",
            "endpoint": "pi-infra-development-user-aurora-2.czzma5cly3ut.us-east-1.rds.amazonaws.com",
            "engine": "aurora-mysql",
            "engine_version": "8.0.mysql_aurora.3.08.2",
            "engine_version_actual": "8.0.mysql_aurora.3.08.2",
            "force_destroy": false,
            "id": "pi-infra-development-user-aurora-2",
            "identifier": "pi-infra-development-user-aurora-2",
            "identifier_prefix": "",
            "instance_class": "db.t3.medium",
            "kms_key_id": "",
            "monitoring_interval": 0,
            "monitoring_role_arn": "",
            "network_type": "IPV4",
            "performance_insights_enabled": false,
            "performance_insights_kms_key_id": "",
            "performance_insights_retention_period": 0,
            "port": 3306,
            "preferred_backup_window": "07:45-08:15",
            "preferred_maintenance_window": "wed:06:29-wed:06:59",
            "promotion_tier": 0,
            "publicly_accessible": false,
            "region": "us-east-1",
            "storage_encrypted": false,
            "tags": {
              "Name": "pi-infra-development-user-aurora-2"
            },
            "tags_all": {
              "Environment": "development",
              "ManagedBy": "terraform",
              "Name": "pi-infra-development-user-aurora-2",
              "Project": "pi-infra",
              "Team": "MACC"
            },
            "timeouts": null,
            "writer": false
          },
          "sensitive_attributes": [],
          "identity_schema_version": 0,
          "private": "eyJlMmJmYjczMC1lY2FhLTExZTYtOGY4OC0zNDM2M2JjN2M0YzAiOnsiY3JlYXRlIjo1NDAwMDAwMDAwMDAwLCJkZWxldGUiOjU0MDAwMDAwMDAwMDAsInVwZGF0ZSI6NTQwMDAwMDAwMDAwMH19",
          "dependencies": [
            "data.aws_availability_zones.available",
            "module.network.aws_subnet.private_az1",
            "module.network.aws_subnet.private_az2",
            "module.network.aws_vpc.main",
            "module.rds.aws_db_subnet_group.rds",
            "module.rds.aws_rds_cluster.aurora",
            "module.security_groups.aws_security_group.rds"
          ]
        }
      ]
    },
    {
      "module": "module.security_groups",
      "mode": "managed",
      "type": "aws_security_group",
      "name": "alb",
      "provider": "provider[\"registry.terraform.io/hashicorp/aws\"]",
      "instances": [
        {
          "schema_version": 1,
          "attributes": {
            "arn": "arn:aws:ec2:us-east-1:512411987939:security-group/sg-0ab865321af0aa6ce",
            "description": "Security group for internal ALB",
            "egress": [],
            "id": "sg-0ab865321af0aa6ce",
            "ingress": [],
            "name": "pi-infra-development-user-alb-20260106125850709200000003",
            "name_prefix": "pi-infra-development-user-alb-",
            "owner_id": "512411987939",
            "region": "us-east-1",
            "revoke_rules_on_delete": false,
            "tags": {
              "Name": "pi-infra-development-user-alb-sg"
            },
            "tags_all": {
              "Environment": "development",
              "ManagedBy": "terraform",
              "Name": "pi-infra-development-user-alb-sg",
              "Project": "pi-infra",
              "Team": "MACC"
            },
            "timeouts": null,
            "vpc_id": "vpc-031eb93780473fa5c"
          },
          "sensitive_attributes": [],
          "identity_schema_version": 0,
          "identity": {
            "account_id": "512411987939",
            "id": "sg-0ab865321af0aa6ce",
            "region": "us-east-1"
          },
          "private": "eyJlMmJmYjczMC1lY2FhLTExZTYtOGY4OC0zNDM2M2JjN2M0YzAiOnsiY3JlYXRlIjo2MDAwMDAwMDAwMDAsImRlbGV0ZSI6OTAwMDAwMDAwMDAwfSwic2NoZW1hX3ZlcnNpb24iOiIxIn0=",
          "dependencies": [
            "module.network.aws_vpc.main"
          ]
        }
      ]
    },
    {
      "module": "module.security_groups",
      "mode": "managed",
      "type": "aws_security_group",
      "name": "microservices",
      "provider": "provider[\"registry.terraform.io/hashicorp/aws\"]",
      "instances": [
        {
          "schema_version": 1,
          "attributes": {
            "arn": "arn:aws:ec2:us-east-1:512411987939:security-group/sg-0912bcd7ea6faff7c",
            "description": "Security group for microservices instances",
            "egress": [],
            "id": "sg-0912bcd7ea6faff7c",
            "ingress": [],
            "name": "pi-infra-development-user-ms-20260106125850709200000005",
            "name_prefix": "pi-infra-development-user-ms-",
            "owner_id": "512411987939",
            "region": "us-east-1",
            "revoke_rules_on_delete": false,
            "tags": {
              "Name": "pi-infra-development-user-microservices-sg"
            },
            "tags_all": {
              "Environment": "development",
              "ManagedBy": "terraform",
              "Name": "pi-infra-development-user-microservices-sg",
              "Project": "pi-infra",
              "Team": "MACC"
            },
            "timeouts": null,
            "vpc_id": "vpc-031eb93780473fa5c"
          },
          "sensitive_attributes": [],
          "identity_schema_version": 0,
          "identity": {
            "account_id": "512411987939",
            "id": "sg-0912bcd7ea6faff7c",
            "region": "us-east-1"
          },
          "private": "eyJlMmJmYjczMC1lY2FhLTExZTYtOGY4OC0zNDM2M2JjN2M0YzAiOnsiY3JlYXRlIjo2MDAwMDAwMDAwMDAsImRlbGV0ZSI6OTAwMDAwMDAwMDAwfSwic2NoZW1hX3ZlcnNpb24iOiIxIn0=",
          "dependencies": [
            "module.network.aws_vpc.main"
          ]
        }
      ]
    },
    {
      "module": "module.security_groups",
      "mode": "managed",
      "type": "aws_security_group",
      "name": "nat_bastion",
      "provider": "provider[\"registry.terraform.io/hashicorp/aws\"]",
      "instances": [
        {
          "schema_version": 1,
          "attributes": {
            "arn": "arn:aws:ec2:us-east-1:512411987939:security-group/sg-09c85a9ad0d602038",
            "description": "Security group for NAT + Bastion instance in public subnet",
            "egress": [],
            "id": "sg-09c85a9ad0d602038",
            "ingress": [],
            "name": "pi-infra-development-user-nat-bastion-20260106125850709200000006",
            "name_prefix": "pi-infra-development-user-nat-bastion-",
            "owner_id": "512411987939",
            "region": "us-east-1",
            "revoke_rules_on_delete": false,
            "tags": {
              "Name": "pi-infra-development-user-nat-bastion-sg"
            },
            "tags_all": {
              "Environment": "development",
              "ManagedBy": "terraform",
              "Name": "pi-infra-development-user-nat-bastion-sg",
              "Project": "pi-infra",
              "Team": "MACC"
            },
            "timeouts": null,
            "vpc_id": "vpc-031eb93780473fa5c"
          },
          "sensitive_attributes": [],
          "identity_schema_version": 0,
          "identity": {
            "account_id": "512411987939",
            "id": "sg-09c85a9ad0d602038",
            "region": "us-east-1"
          },
          "private": "eyJlMmJmYjczMC1lY2FhLTExZTYtOGY4OC0zNDM2M2JjN2M0YzAiOnsiY3JlYXRlIjo2MDAwMDAwMDAwMDAsImRlbGV0ZSI6OTAwMDAwMDAwMDAwfSwic2NoZW1hX3ZlcnNpb24iOiIxIn0=",
          "dependencies": [
            "module.network.aws_vpc.main"
          ]
        }
      ]
    },
    {
      "module": "module.security_groups",
      "mode": "managed",
      "type": "aws_security_group",
      "name": "rds",
      "provider": "provider[\"registry.terraform.io/hashicorp/aws\"]",
      "instances": [
        {
          "schema_version": 1,
          "attributes": {
            "arn": "arn:aws:ec2:us-east-1:512411987939:security-group/sg-0d8ec550c71fa6640",
            "description": "Security group for Aurora cluster",
            "egress": [],
            "id": "sg-0d8ec550c71fa6640",
            "ingress": [],
            "name": "pi-infra-development-user-rds-20260106125850708300000002",
            "name_prefix": "pi-infra-development-user-rds-",
            "owner_id": "512411987939",
            "region": "us-east-1",
            "revoke_rules_on_delete": false,
            "tags": {
              "Name": "pi-infra-development-user-rds-sg"
            },
            "tags_all": {
              "Environment": "development",
              "ManagedBy": "terraform",
              "Name": "pi-infra-development-user-rds-sg",
              "Project": "pi-infra",
              "Team": "MACC"
            },
            "timeouts": null,
            "vpc_id": "vpc-031eb93780473fa5c"
          },
          "sensitive_attributes": [],
          "identity_schema_version": 0,
          "identity": {
            "account_id": "512411987939",
            "id": "sg-0d8ec550c71fa6640",
            "region": "us-east-1"
          },
          "private": "eyJlMmJmYjczMC1lY2FhLTExZTYtOGY4OC0zNDM2M2JjN2M0YzAiOnsiY3JlYXRlIjo2MDAwMDAwMDAwMDAsImRlbGV0ZSI6OTAwMDAwMDAwMDAwfSwic2NoZW1hX3ZlcnNpb24iOiIxIn0=",
          "dependencies": [
            "module.network.aws_vpc.main"
          ]
        }
      ]
    },
    {
      "module": "module.security_groups",
      "mode": "managed",
      "type": "aws_vpc_security_group_egress_rule",
      "name": "alb_egress",
      "provider": "provider[\"registry.terraform.io/hashicorp/aws\"]",
      "instances": [
        {
          "schema_version": 0,
          "attributes": {
            "arn": "arn:aws:ec2:us-east-1:512411987939:security-group-rule/sgr-0b8ce520f8fd02e48",
            "cidr_ipv4": "0.0.0.0/0",
            "cidr_ipv6": null,
            "description": "Allow all outbound",
            "from_port": null,
            "id": "sgr-0b8ce520f8fd02e48",
            "ip_protocol": "-1",
            "prefix_list_id": null,
            "referenced_security_group_id": null,
            "region": "us-east-1",
            "security_group_id": "sg-0ab865321af0aa6ce",
            "security_group_rule_id": "sgr-0b8ce520f8fd02e48",
            "tags": null,
            "tags_all": {
              "Environment": "development",
              "ManagedBy": "terraform",
              "Project": "pi-infra",
              "Team": "MACC"
            },
            "to_port": null
          },
          "sensitive_attributes": [],
          "identity_schema_version": 0,
          "identity": {
            "account_id": "512411987939",
            "id": "sgr-0b8ce520f8fd02e48",
            "region": "us-east-1"
          },
          "dependencies": [
            "module.network.aws_vpc.main",
            "module.security_groups.aws_security_group.alb"
          ]
        }
      ]
    },
    {
      "module": "module.security_groups",
      "mode": "managed",
      "type": "aws_vpc_security_group_egress_rule",
      "name": "ms_egress",
      "provider": "provider[\"registry.terraform.io/hashicorp/aws\"]",
      "instances": [
        {
          "schema_version": 0,
          "attributes": {
            "arn": "arn:aws:ec2:us-east-1:512411987939:security-group-rule/sgr-0e29a61722ebeba29",
            "cidr_ipv4": "0.0.0.0/0",
            "cidr_ipv6": null,
            "description": "Allow all outbound",
            "from_port": null,
            "id": "sgr-0e29a61722ebeba29",
            "ip_protocol": "-1",
            "prefix_list_id": null,
            "referenced_security_group_id": null,
            "region": "us-east-1",
            "security_group_id": "sg-0912bcd7ea6faff7c",
            "security_group_rule_id": "sgr-0e29a61722ebeba29",
            "tags": null,
            "tags_all": {
              "Environment": "development",
              "ManagedBy": "terraform",
              "Project": "pi-infra",
              "Team": "MACC"
            },
            "to_port": null
          },
          "sensitive_attributes": [],
          "identity_schema_version": 0,
          "identity": {
            "account_id": "512411987939",
            "id": "sgr-0e29a61722ebeba29",
            "region": "us-east-1"
          },
          "dependencies": [
            "module.network.aws_vpc.main",
            "module.security_groups.aws_security_group.microservices"
          ]
        }
      ]
    },
    {
      "module": "module.security_groups",
      "mode": "managed",
      "type": "aws_vpc_security_group_egress_rule",
      "name": "nat_bastion_egress",
      "provider": "provider[\"registry.terraform.io/hashicorp/aws\"]",
      "instances": [
        {
          "schema_version": 0,
          "attributes": {
            "arn": "arn:aws:ec2:us-east-1:512411987939:security-group-rule/sgr-0e5857509ea432959",
            "cidr_ipv4": "0.0.0.0/0",
            "cidr_ipv6": null,
            "description": "Allow all outbound traffic",
            "from_port": null,
            "id": "sgr-0e5857509ea432959",
            "ip_protocol": "-1",
            "prefix_list_id": null,
            "referenced_security_group_id": null,
            "region": "us-east-1",
            "security_group_id": "sg-09c85a9ad0d602038",
            "security_group_rule_id": "sgr-0e5857509ea432959",
            "tags": null,
            "tags_all": {
              "Environment": "development",
              "ManagedBy": "terraform",
              "Project": "pi-infra",
              "Team": "MACC"
            },
            "to_port": null
          },
          "sensitive_attributes": [],
          "identity_schema_version": 0,
          "identity": {
            "account_id": "512411987939",
            "id": "sgr-0e5857509ea432959",
            "region": "us-east-1"
          },
          "dependencies": [
            "module.network.aws_vpc.main",
            "module.security_groups.aws_security_group.nat_bastion"
          ]
        }
      ]
    },
    {
      "module": "module.security_groups",
      "mode": "managed",
      "type": "aws_vpc_security_group_egress_rule",
      "name": "rds_egress",
      "provider": "provider[\"registry.terraform.io/hashicorp/aws\"]",
      "instances": [
        {
          "schema_version": 0,
          "attributes": {
            "arn": "arn:aws:ec2:us-east-1:512411987939:security-group-rule/sgr-07a89d934c4aba805",
            "cidr_ipv4": "0.0.0.0/0",
            "cidr_ipv6": null,
            "description": "Allow all outbound",
            "from_port": null,
            "id": "sgr-07a89d934c4aba805",
            "ip_protocol": "-1",
            "prefix_list_id": null,
            "referenced_security_group_id": null,
            "region": "us-east-1",
            "security_group_id": "sg-0d8ec550c71fa6640",
            "security_group_rule_id": "sgr-07a89d934c4aba805",
            "tags": null,
            "tags_all": {
              "Environment": "development",
              "ManagedBy": "terraform",
              "Project": "pi-infra",
              "Team": "MACC"
            },
            "to_port": null
          },
          "sensitive_attributes": [],
          "identity_schema_version": 0,
          "identity": {
            "account_id": "512411987939",
            "id": "sgr-07a89d934c4aba805",
            "region": "us-east-1"
          },
          "dependencies": [
            "module.network.aws_vpc.main",
            "module.security_groups.aws_security_group.rds"
          ]
        }
      ]
    },
    {
      "module": "module.security_groups",
      "mode": "managed",
      "type": "aws_vpc_security_group_ingress_rule",
      "name": "alb_http_from_vpc",
      "provider": "provider[\"registry.terraform.io/hashicorp/aws\"]",
      "instances": [
        {
          "schema_version": 0,
          "attributes": {
            "arn": "arn:aws:ec2:us-east-1:512411987939:security-group-rule/sgr-0e25cd2d7ef64675a",
            "cidr_ipv4": "10.0.0.0/16",
            "cidr_ipv6": null,
            "description": "HTTP from VPC (API GW VPC Link)",
            "from_port": 80,
            "id": "sgr-0e25cd2d7ef64675a",
            "ip_protocol": "tcp",
            "prefix_list_id": null,
            "referenced_security_group_id": null,
            "region": "us-east-1",
            "security_group_id": "sg-0ab865321af0aa6ce",
            "security_group_rule_id": "sgr-0e25cd2d7ef64675a",
            "tags": {
              "Name": "HTTP-VPC"
            },
            "tags_all": {
              "Environment": "development",
              "ManagedBy": "terraform",
              "Name": "HTTP-VPC",
              "Project": "pi-infra",
              "Team": "MACC"
            },
            "to_port": 80
          },
          "sensitive_attributes": [],
          "identity_schema_version": 0,
          "identity": {
            "account_id": "512411987939",
            "id": "sgr-0e25cd2d7ef64675a",
            "region": "us-east-1"
          },
          "dependencies": [
            "module.network.aws_vpc.main",
            "module.security_groups.aws_security_group.alb"
          ]
        }
      ]
    },
    {
      "module": "module.security_groups",
      "mode": "managed",
      "type": "aws_vpc_security_group_ingress_rule",
      "name": "ms_from_alb_ports",
      "provider": "provider[\"registry.terraform.io/hashicorp/aws\"]",
      "instances": [
        {
          "index_key": "svc1",
          "schema_version": 0,
          "attributes": {
            "arn": "arn:aws:ec2:us-east-1:512411987939:security-group-rule/sgr-09428ea5422f39155",
            "cidr_ipv4": null,
            "cidr_ipv6": null,
            "description": "App port svc1 from ALB",
            "from_port": 8081,
            "id": "sgr-09428ea5422f39155",
            "ip_protocol": "tcp",
            "prefix_list_id": null,
            "referenced_security_group_id": "sg-0ab865321af0aa6ce",
            "region": "us-east-1",
            "security_group_id": "sg-0912bcd7ea6faff7c",
            "security_group_rule_id": "sgr-09428ea5422f39155",
            "tags": {
              "Name": "APP-svc1"
            },
            "tags_all": {
              "Environment": "development",
              "ManagedBy": "terraform",
              "Name": "APP-svc1",
              "Project": "pi-infra",
              "Team": "MACC"
            },
            "to_port": 8081
          },
          "sensitive_attributes": [],
          "identity_schema_version": 0,
          "identity": {
            "account_id": "512411987939",
            "id": "sgr-09428ea5422f39155",
            "region": "us-east-1"
          },
          "dependencies": [
            "module.network.aws_vpc.main",
            "module.security_groups.aws_security_group.alb",
            "module.security_groups.aws_security_group.microservices"
          ]
        },
        {
          "index_key": "svc2",
          "schema_version": 0,
          "attributes": {
            "arn": "arn:aws:ec2:us-east-1:512411987939:security-group-rule/sgr-055a4b65aa137e6a7",
            "cidr_ipv4": null,
            "cidr_ipv6": null,
            "description": "App port svc2 from ALB",
            "from_port": 8082,
            "id": "sgr-055a4b65aa137e6a7",
            "ip_protocol": "tcp",
            "prefix_list_id": null,
            "referenced_security_group_id": "sg-0ab865321af0aa6ce",
            "region": "us-east-1",
            "security_group_id": "sg-0912bcd7ea6faff7c",
            "security_group_rule_id": "sgr-055a4b65aa137e6a7",
            "tags": {
              "Name": "APP-svc2"
            },
            "tags_all": {
              "Environment": "development",
              "ManagedBy": "terraform",
              "Name": "APP-svc2",
              "Project": "pi-infra",
              "Team": "MACC"
            },
            "to_port": 8082
          },
          "sensitive_attributes": [],
          "identity_schema_version": 0,
          "identity": {
            "account_id": "512411987939",
            "id": "sgr-055a4b65aa137e6a7",
            "region": "us-east-1"
          },
          "dependencies": [
            "module.network.aws_vpc.main",
            "module.security_groups.aws_security_group.alb",
            "module.security_groups.aws_security_group.microservices"
          ]
        },
        {
          "index_key": "svc3",
          "schema_version": 0,
          "attributes": {
            "arn": "arn:aws:ec2:us-east-1:512411987939:security-group-rule/sgr-09f79dcb3228bdd8d",
            "cidr_ipv4": null,
            "cidr_ipv6": null,
            "description": "App port svc3 from ALB",
            "from_port": 8083,
            "id": "sgr-09f79dcb3228bdd8d",
            "ip_protocol": "tcp",
            "prefix_list_id": null,
            "referenced_security_group_id": "sg-0ab865321af0aa6ce",
            "region": "us-east-1",
            "security_group_id": "sg-0912bcd7ea6faff7c",
            "security_group_rule_id": "sgr-09f79dcb3228bdd8d",
            "tags": {
              "Name": "APP-svc3"
            },
            "tags_all": {
              "Environment": "development",
              "ManagedBy": "terraform",
              "Name": "APP-svc3",
              "Project": "pi-infra",
              "Team": "MACC"
            },
            "to_port": 8083
          },
          "sensitive_attributes": [],
          "identity_schema_version": 0,
          "identity": {
            "account_id": "512411987939",
            "id": "sgr-09f79dcb3228bdd8d",
            "region": "us-east-1"
          },
          "dependencies": [
            "module.network.aws_vpc.main",
            "module.security_groups.aws_security_group.alb",
            "module.security_groups.aws_security_group.microservices"
          ]
        }
      ]
    },
    {
      "module": "module.security_groups",
      "mode": "managed",
      "type": "aws_vpc_security_group_ingress_rule",
      "name": "ms_ssh_from_bastion",
      "provider": "provider[\"registry.terraform.io/hashicorp/aws\"]",
      "instances": [
        {
          "schema_version": 0,
          "attributes": {
            "arn": "arn:aws:ec2:us-east-1:512411987939:security-group-rule/sgr-0ddbeaff4888d7b73",
            "cidr_ipv4": null,
            "cidr_ipv6": null,
            "description": "SSH from NAT/Bastion",
            "from_port": 22,
            "id": "sgr-0ddbeaff4888d7b73",
            "ip_protocol": "tcp",
            "prefix_list_id": null,
            "referenced_security_group_id": "sg-09c85a9ad0d602038",
            "region": "us-east-1",
            "security_group_id": "sg-0912bcd7ea6faff7c",
            "security_group_rule_id": "sgr-0ddbeaff4888d7b73",
            "tags": {
              "Name": "SSH-FROM-BASTION"
            },
            "tags_all": {
              "Environment": "development",
              "ManagedBy": "terraform",
              "Name": "SSH-FROM-BASTION",
              "Project": "pi-infra",
              "Team": "MACC"
            },
            "to_port": 22
          },
          "sensitive_attributes": [],
          "identity_schema_version": 0,
          "identity": {
            "account_id": "512411987939",
            "id": "sgr-0ddbeaff4888d7b73",
            "region": "us-east-1"
          },
          "dependencies": [
            "module.network.aws_vpc.main",
            "module.security_groups.aws_security_group.microservices",
            "module.security_groups.aws_security_group.nat_bastion"
          ]
        }
      ]
    },
    {
      "module": "module.security_groups",
      "mode": "managed",
      "type": "aws_vpc_security_group_ingress_rule",
      "name": "nat_bastion_ssh",
      "provider": "provider[\"registry.terraform.io/hashicorp/aws\"]",
      "instances": [
        {
          "schema_version": 0,
          "attributes": {
            "arn": "arn:aws:ec2:us-east-1:512411987939:security-group-rule/sgr-05e8c5c6dd95e0b8e",
            "cidr_ipv4": "0.0.0.0/0",
            "cidr_ipv6": null,
            "description": null,
            "from_port": 22,
            "id": "sgr-05e8c5c6dd95e0b8e",
            "ip_protocol": "tcp",
            "prefix_list_id": null,
            "referenced_security_group_id": null,
            "region": "us-east-1",
            "security_group_id": "sg-09c85a9ad0d602038",
            "security_group_rule_id": "sgr-05e8c5c6dd95e0b8e",
            "tags": {
              "Name": "SSH"
            },
            "tags_all": {
              "Environment": "development",
              "ManagedBy": "terraform",
              "Name": "SSH",
              "Project": "pi-infra",
              "Team": "MACC"
            },
            "to_port": 22
          },
          "sensitive_attributes": [],
          "identity_schema_version": 0,
          "identity": {
            "account_id": "512411987939",
            "id": "sgr-05e8c5c6dd95e0b8e",
            "region": "us-east-1"
          },
          "dependencies": [
            "module.network.aws_vpc.main",
            "module.security_groups.aws_security_group.nat_bastion"
          ]
        }
      ]
    },
    {
      "module": "module.security_groups",
      "mode": "managed",
      "type": "aws_vpc_security_group_ingress_rule",
      "name": "nat_from_vpc_all",
      "provider": "provider[\"registry.terraform.io/hashicorp/aws\"]",
      "instances": [
        {
          "schema_version": 0,
          "attributes": {
            "arn": "arn:aws:ec2:us-east-1:512411987939:security-group-rule/sgr-0fcf5e72cdb470a15",
            "cidr_ipv4": "10.0.0.0/16",
            "cidr_ipv6": null,
            "description": "All traffic from VPC",
            "from_port": null,
            "id": "sgr-0fcf5e72cdb470a15",
            "ip_protocol": "-1",
            "prefix_list_id": null,
            "referenced_security_group_id": null,
            "region": "us-east-1",
            "security_group_id": "sg-09c85a9ad0d602038",
            "security_group_rule_id": "sgr-0fcf5e72cdb470a15",
            "tags": {
              "Name": "VPC-ALL"
            },
            "tags_all": {
              "Environment": "development",
              "ManagedBy": "terraform",
              "Name": "VPC-ALL",
              "Project": "pi-infra",
              "Team": "MACC"
            },
            "to_port": null
          },
          "sensitive_attributes": [],
          "identity_schema_version": 0,
          "identity": {
            "account_id": "512411987939",
            "id": "sgr-0fcf5e72cdb470a15",
            "region": "us-east-1"
          },
          "dependencies": [
            "module.network.aws_vpc.main",
            "module.security_groups.aws_security_group.nat_bastion"
          ]
        }
      ]
    },
    {
      "module": "module.security_groups",
      "mode": "managed",
      "type": "aws_vpc_security_group_ingress_rule",
      "name": "rds_from_ms",
      "provider": "provider[\"registry.terraform.io/hashicorp/aws\"]",
      "instances": [
        {
          "schema_version": 0,
          "attributes": {
            "arn": "arn:aws:ec2:us-east-1:512411987939:security-group-rule/sgr-0e2ddceb2d1dbdbb4",
            "cidr_ipv4": null,
            "cidr_ipv6": null,
            "description": "MySQL from microservices",
            "from_port": 3306,
            "id": "sgr-0e2ddceb2d1dbdbb4",
            "ip_protocol": "tcp",
            "prefix_list_id": null,
            "referenced_security_group_id": "sg-0912bcd7ea6faff7c",
            "region": "us-east-1",
            "security_group_id": "sg-0d8ec550c71fa6640",
            "security_group_rule_id": "sgr-0e2ddceb2d1dbdbb4",
            "tags": {
              "Name": "MYSQL-FROM-MS"
            },
            "tags_all": {
              "Environment": "development",
              "ManagedBy": "terraform",
              "Name": "MYSQL-FROM-MS",
              "Project": "pi-infra",
              "Team": "MACC"
            },
            "to_port": 3306
          },
          "sensitive_attributes": [],
          "identity_schema_version": 0,
          "identity": {
            "account_id": "512411987939",
            "id": "sgr-0e2ddceb2d1dbdbb4",
            "region": "us-east-1"
          },
          "dependencies": [
            "module.network.aws_vpc.main",
            "module.security_groups.aws_security_group.microservices",
            "module.security_groups.aws_security_group.rds"
          ]
        }
      ]
    }
  ],
  "check_results": null
}
